
Microsoft Visual Studio Solution File, Format Version 11.00
# Visual Studio 2010
Project("{FAE04EC0-301F-11D3-BF4B-00C04F79EFBC}") = "Unity.Timeline", "Unity.Timeline.csproj", "{83b9bcc3-6d08-295c-152d-cab52d90ac5d}"
EndProject
Project("{FAE04EC0-301F-11D3-BF4B-00C04F79EFBC}") = "Unity.InputSystem", "Unity.InputSystem.csproj", "{65fdd1d1-9a9c-f881-ee32-bc0efd473ba8}"
EndProject
Project("{FAE04EC0-301F-11D3-BF4B-00C04F79EFBC}") = "Unity.RenderPipelines.GPUDriven.Runtime", "Unity.RenderPipelines.GPUDriven.Runtime.csproj", "{c3a621c3-5909-ec1e-268b-bcf6139de70b}"
EndProject
Project("{FAE04EC0-301F-11D3-BF4B-00C04F79EFBC}") = "Unity.PlasticSCM.Editor", "Unity.PlasticSCM.Editor.csproj", "{cb04311a-5511-a68e-75e5-8c711312b826}"
EndProject
Project("{FAE04EC0-301F-11D3-BF4B-00C04F79EFBC}") = "Unity.AppUI", "Unity.AppUI.csproj", "{c096bcc6-e411-6615-e896-e53487603fc3}"
EndProject
Project("{FAE04EC0-301F-11D3-BF4B-00C04F79EFBC}") = "Unity.Multiplayer.Playmode.WorkflowUI.Editor", "Unity.Multiplayer.Playmode.WorkflowUI.Editor.csproj", "{5dc26014-a708-5529-3c4a-eb1918041abf}"
EndProject
Project("{FAE04EC0-301F-11D3-BF4B-00C04F79EFBC}") = "Unity.Services.Core.Internal", "Unity.Services.Core.Internal.csproj", "{fd8f78d2-463c-c1cf-8309-9061e6867bb5}"
EndProject
Project("{FAE04EC0-301F-11D3-BF4B-00C04F79EFBC}") = "Unity.Localization", "Unity.Localization.csproj", "{a0ad4b8c-eb0d-95f2-ac83-3a3262f6bf01}"
EndProject
Project("{FAE04EC0-301F-11D3-BF4B-00C04F79EFBC}") = "Unity.Services.Authentication.PlayerAccounts", "Unity.Services.Authentication.PlayerAccounts.csproj", "{c2ff33a5-e068-bbf6-355a-197cdd74ae0f}"
EndProject
Project("{FAE04EC0-301F-11D3-BF4B-00C04F79EFBC}") = "Unity.Services.CloudSave", "Unity.Services.CloudSave.csproj", "{fbf643fa-d35e-4845-be96-5bc561cdca07}"
EndProject
Project("{FAE04EC0-301F-11D3-BF4B-00C04F79EFBC}") = "Unity.ShaderGraph.Editor", "Unity.ShaderGraph.Editor.csproj", "{6d4761e4-fa8a-78b8-6048-db8f3c99f339}"
EndProject
Project("{FAE04EC0-301F-11D3-BF4B-00C04F79EFBC}") = "Assembly-CSharp", "Assembly-CSharp.csproj", "{3904c694-0e9c-b332-c755-396d8da2a5fa}"
EndProject
Project("{FAE04EC0-301F-11D3-BF4B-00C04F79EFBC}") = "Unity.RenderPipelines.Core.Runtime", "Unity.RenderPipelines.Core.Runtime.csproj", "{d722f769-c15b-0965-9231-82cd7f1726a2}"
EndProject
Project("{FAE04EC0-301F-11D3-BF4B-00C04F79EFBC}") = "Unity.ScriptableBuildPipeline.Editor", "Unity.ScriptableBuildPipeline.Editor.csproj", "{77b2acee-c8a0-da42-608e-6104d2472eb0}"
EndProject
Project("{FAE04EC0-301F-11D3-BF4B-00C04F79EFBC}") = "Unity.Mathematics", "Unity.Mathematics.csproj", "{a673016d-0d60-1634-b5b2-642c025ffba4}"
EndProject
Project("{FAE04EC0-301F-11D3-BF4B-00C04F79EFBC}") = "Unity.Timeline.Editor", "Unity.Timeline.Editor.csproj", "{92af2064-7a72-81cc-ba91-6dc7f4abee55}"
EndProject
Project("{FAE04EC0-301F-11D3-BF4B-00C04F79EFBC}") = "Unity.Cinemachine.Editor", "Unity.Cinemachine.Editor.csproj", "{283449dd-2df6-5794-01f8-25fce0807700}"
EndProject
Project("{FAE04EC0-301F-11D3-BF4B-00C04F79EFBC}") = "Unity.Multiplayer.Center.Editor", "Unity.Multiplayer.Center.Editor.csproj", "{01bc7498-50ce-e536-6043-6362d0bb92eb}"
EndProject
Project("{FAE04EC0-301F-11D3-BF4B-00C04F79EFBC}") = "Unity.RenderPipelines.Core.Editor", "Unity.RenderPipelines.Core.Editor.csproj", "{4d8d14f2-789d-fc00-88d4-99edf79d3221}"
EndProject
Project("{FAE04EC0-301F-11D3-BF4B-00C04F79EFBC}") = "UnityEngine.UI", "UnityEngine.UI.csproj", "{92fdb5b1-5c96-63e1-30a9-3d1834cada8a}"
EndProject
Project("{FAE04EC0-301F-11D3-BF4B-00C04F79EFBC}") = "Unity.Addressables.Editor", "Unity.Addressables.Editor.csproj", "{9020d704-9b60-def2-de1a-4ca9b37ea012}"
EndProject
Project("{FAE04EC0-301F-11D3-BF4B-00C04F79EFBC}") = "Unity.Collections", "Unity.Collections.csproj", "{926e2f48-fda1-3afa-4217-5e1c5ff05d2c}"
EndProject
Project("{FAE04EC0-301F-11D3-BF4B-00C04F79EFBC}") = "Unity.VisualScripting.Core.Editor", "Unity.VisualScripting.Core.Editor.csproj", "{3a473248-bcaf-32bf-d9c8-acaf0ce7da26}"
EndProject
Project("{FAE04EC0-301F-11D3-BF4B-00C04F79EFBC}") = "Unity.RenderPipelines.Universal.Editor", "Unity.RenderPipelines.Universal.Editor.csproj", "{66b3fd07-14c8-3f26-d0fa-85f33cd3e8e7}"
EndProject
Project("{FAE04EC0-301F-11D3-BF4B-00C04F79EFBC}") = "Unity.RenderPipelines.Universal.2D.Runtime", "Unity.RenderPipelines.Universal.2D.Runtime.csproj", "{5d852701-3286-d0d9-aec0-2486201c1932}"
EndProject
Project("{FAE04EC0-301F-11D3-BF4B-00C04F79EFBC}") = "Unity.PerformanceTesting.Editor", "Unity.PerformanceTesting.Editor.csproj", "{b71cee7c-b57a-c837-e324-ccd5c2ac2aef}"
EndProject
Project("{FAE04EC0-301F-11D3-BF4B-00C04F79EFBC}") = "Unity.Localization.Editor", "Unity.Localization.Editor.csproj", "{06b4982d-13eb-bc76-7eee-6d27a31a0481}"
EndProject
Project("{FAE04EC0-301F-11D3-BF4B-00C04F79EFBC}") = "UnityEngine.TestRunner", "UnityEngine.TestRunner.csproj", "{8ac5dae2-9e87-2c6d-15b9-c120b65d415e}"
EndProject
Project("{FAE04EC0-301F-11D3-BF4B-00C04F79EFBC}") = "Unity.Splines", "Unity.Splines.csproj", "{02867e3f-143b-20a6-a1b5-08e0c21e14de}"
EndProject
Project("{FAE04EC0-301F-11D3-BF4B-00C04F79EFBC}") = "Unity.AppUI.Redux", "Unity.AppUI.Redux.csproj", "{81ead20c-de1f-7106-396f-a890fb32351c}"
EndProject
Project("{FAE04EC0-301F-11D3-BF4B-00C04F79EFBC}") = "Unity.Burst", "Unity.Burst.csproj", "{e1934a4e-00b4-7a25-e0a0-5697b8a2d580}"
EndProject
Project("{FAE04EC0-301F-11D3-BF4B-00C04F79EFBC}") = "Unity.Services.Core.Environments.Editor", "Unity.Services.Core.Environments.Editor.csproj", "{5dd2ed06-ae7b-5de9-1f7f-96bdbbde1f96}"
EndProject
Project("{FAE04EC0-301F-11D3-BF4B-00C04F79EFBC}") = "Fusion.Unity.Editor", "Fusion.Unity.Editor.csproj", "{b33f5604-edd5-d800-cfa6-a8cd4f7c56d8}"
EndProject
Project("{FAE04EC0-301F-11D3-BF4B-00C04F79EFBC}") = "Unity.Multiplayer.PlayMode.Scenarios.Editor", "Unity.Multiplayer.PlayMode.Scenarios.Editor.csproj", "{4b3de327-7a76-3e47-81f1-38adc2c882da}"
EndProject
Project("{FAE04EC0-301F-11D3-BF4B-00C04F79EFBC}") = "Unity.VisualScripting.Flow.Editor", "Unity.VisualScripting.Flow.Editor.csproj", "{6153833d-6689-5f65-e202-ce4e7c7c8d82}"
EndProject
Project("{FAE04EC0-301F-11D3-BF4B-00C04F79EFBC}") = "Boxophobic.Utils.Scripts", "Boxophobic.Utils.Scripts.csproj", "{139dbfd3-da4a-3c58-4953-ac0bcd5a3ab3}"
EndProject
Project("{FAE04EC0-301F-11D3-BF4B-00C04F79EFBC}") = "Coffee.UIParticle", "Coffee.UIParticle.csproj", "{4f15e222-941e-3c65-36b9-35168fee8329}"
EndProject
Project("{FAE04EC0-301F-11D3-BF4B-00C04F79EFBC}") = "Unity.Services.Authentication", "Unity.Services.Authentication.csproj", "{94413f14-c0b6-2432-feda-0677c37e64eb}"
EndProject
Project("{FAE04EC0-301F-11D3-BF4B-00C04F79EFBC}") = "Unity.VisualStudio.Editor", "Unity.VisualStudio.Editor.csproj", "{890ece46-2cf9-443c-0e44-7036c45ee569}"
EndProject
Project("{FAE04EC0-301F-11D3-BF4B-00C04F79EFBC}") = "PPv2URPConverters", "PPv2URPConverters.csproj", "{cb719db5-19ee-641c-c491-5a9421375a89}"
EndProject
Project("{FAE04EC0-301F-11D3-BF4B-00C04F79EFBC}") = "Boxophobic.Utils.Editor", "Boxophobic.Utils.Editor.csproj", "{c68b71d6-79ce-b2d7-c85e-31226e464176}"
EndProject
Project("{FAE04EC0-301F-11D3-BF4B-00C04F79EFBC}") = "Unity.Services.Authentication.Editor", "Unity.Services.Authentication.Editor.csproj", "{bf692b52-06a3-628c-0c99-b64b91dfe779}"
EndProject
Project("{FAE04EC0-301F-11D3-BF4B-00C04F79EFBC}") = "Unity.Searcher.Editor", "Unity.Searcher.Editor.csproj", "{e1124565-75b0-443a-6e24-4f9b27e85686}"
EndProject
Project("{FAE04EC0-301F-11D3-BF4B-00C04F79EFBC}") = "Unity.ResourceManager", "Unity.ResourceManager.csproj", "{65793cee-44df-fa56-c5b8-7c1299931b62}"
EndProject
Project("{FAE04EC0-301F-11D3-BF4B-00C04F79EFBC}") = "UnityEditor.TestRunner", "UnityEditor.TestRunner.csproj", "{2bd1be3e-845e-86cb-0dab-6981064b769c}"
EndProject
Project("{FAE04EC0-301F-11D3-BF4B-00C04F79EFBC}") = "Unity.VisualScripting.Core", "Unity.VisualScripting.Core.csproj", "{7d5ce312-d4ac-936f-5eef-4d366184e431}"
EndProject
Project("{FAE04EC0-301F-11D3-BF4B-00C04F79EFBC}") = "Unity.RenderPipelines.Universal.Runtime", "Unity.RenderPipelines.Universal.Runtime.csproj", "{e87cbadf-bd23-8d86-9b48-fd3429fbe2d1}"
EndProject
Project("{FAE04EC0-301F-11D3-BF4B-00C04F79EFBC}") = "Unity.VisualScripting.State.Editor", "Unity.VisualScripting.State.Editor.csproj", "{72e0a2c6-4e25-1632-7d33-7c428bbaf8ab}"
EndProject
Project("{FAE04EC0-301F-11D3-BF4B-00C04F79EFBC}") = "Unity.Multiplayer.Playmode.VirtualProjects.Editor", "Unity.Multiplayer.Playmode.VirtualProjects.Editor.csproj", "{30d043c0-c69d-bcad-7b2d-fb3993c3ebaf}"
EndProject
Project("{FAE04EC0-301F-11D3-BF4B-00C04F79EFBC}") = "Unity.Services.Core.Editor", "Unity.Services.Core.Editor.csproj", "{fa78c7b9-3ca2-cd92-5c0f-0f46be8f3a4f}"
EndProject
Project("{FAE04EC0-301F-11D3-BF4B-00C04F79EFBC}") = "Unity.TestTools.CodeCoverage.Editor", "Unity.TestTools.CodeCoverage.Editor.csproj", "{2cea3062-fd4a-681a-0346-005a56aeec75}"
EndProject
Project("{FAE04EC0-301F-11D3-BF4B-00C04F79EFBC}") = "Unity.Burst.CodeGen", "Unity.Burst.CodeGen.csproj", "{23df1c8a-db59-2ffd-cde0-a133305b57c9}"
EndProject
Project("{FAE04EC0-301F-11D3-BF4B-00C04F79EFBC}") = "Unity.Cinemachine", "Unity.Cinemachine.csproj", "{36299fcb-b054-25c6-cdbe-93311ef7a4e1}"
EndProject
Project("{FAE04EC0-301F-11D3-BF4B-00C04F79EFBC}") = "Unity.Addressables.DocExampleCode.Editor.Tests", "Unity.Addressables.DocExampleCode.Editor.Tests.csproj", "{a513e50f-178a-cbd7-1bed-1df07194b9a2}"
EndProject
Project("{FAE04EC0-301F-11D3-BF4B-00C04F79EFBC}") = "Unity.Services.Core", "Unity.Services.Core.csproj", "{31f937e5-4691-4c77-0ac6-f9ed8c6e9d0c}"
EndProject
Project("{FAE04EC0-301F-11D3-BF4B-00C04F79EFBC}") = "Unity.Postprocessing.Editor", "Unity.Postprocessing.Editor.csproj", "{3bdc7ef3-8193-7e98-29b6-24d57231fa31}"
EndProject
Project("{FAE04EC0-301F-11D3-BF4B-00C04F79EFBC}") = "Unity.VisualScripting.Flow", "Unity.VisualScripting.Flow.csproj", "{497a536d-454b-1f0a-b1cd-4c2ea43f5088}"
EndProject
Project("{FAE04EC0-301F-11D3-BF4B-00C04F79EFBC}") = "Unity.Splines.Editor", "Unity.Splines.Editor.csproj", "{970b2d79-6ee6-df80-e59a-f4773c217e30}"
EndProject
Project("{FAE04EC0-301F-11D3-BF4B-00C04F79EFBC}") = "PlayFabEditorExtensions", "PlayFabEditorExtensions.csproj", "{65f9fd94-4576-ca2f-6e5a-dddf9c05e20d}"
EndProject
Project("{FAE04EC0-301F-11D3-BF4B-00C04F79EFBC}") = "Unity.PerformanceTesting", "Unity.PerformanceTesting.csproj", "{f3340e82-b022-0208-0793-f61dc43b2018}"
EndProject
Project("{FAE04EC0-301F-11D3-BF4B-00C04F79EFBC}") = "PlayFab", "PlayFab.csproj", "{762c1b67-b642-441b-382a-b9d05b2968ea}"
EndProject
Project("{FAE04EC0-301F-11D3-BF4B-00C04F79EFBC}") = "Unity.TestTools.CodeCoverage.Editor.OpenCover.Model", "Unity.TestTools.CodeCoverage.Editor.OpenCover.Model.csproj", "{4959f82b-366e-ab6f-2735-847265171e45}"
EndProject
Project("{FAE04EC0-301F-11D3-BF4B-00C04F79EFBC}") = "Unity.Multiplayer.Playmode.Common.Editor", "Unity.Multiplayer.Playmode.Common.Editor.csproj", "{bf3e3166-bf9d-6447-b2cd-4d6ffc5c8c3e}"
EndProject
Project("{FAE04EC0-301F-11D3-BF4B-00C04F79EFBC}") = "Unity.InternalAPIEngineBridge.013", "Unity.InternalAPIEngineBridge.013.csproj", "{0f8fb077-f698-e390-a72b-9d99372774c2}"
EndProject
Project("{FAE04EC0-301F-11D3-BF4B-00C04F79EFBC}") = "Unity.Multiplayer.PlayMode.Analytics.Editor", "Unity.Multiplayer.PlayMode.Analytics.Editor.csproj", "{80f9b81d-e3fb-e750-de0a-514ce742bd94}"
EndProject
Project("{FAE04EC0-301F-11D3-BF4B-00C04F79EFBC}") = "Unity.TextMeshPro", "Unity.TextMeshPro.csproj", "{b63bc242-3fd9-fc83-854a-955fff533540}"
EndProject
Project("{FAE04EC0-301F-11D3-BF4B-00C04F79EFBC}") = "Fusion.Addons.Physics", "Fusion.Addons.Physics.csproj", "{ec0f03b5-45cd-d534-81dc-aaa5fcf42a38}"
EndProject
Project("{FAE04EC0-301F-11D3-BF4B-00C04F79EFBC}") = "Unity.TextMeshPro.Editor", "Unity.TextMeshPro.Editor.csproj", "{68ac58d2-51ec-0daf-bf22-851c6bd7e3bc}"
EndProject
Project("{FAE04EC0-301F-11D3-BF4B-00C04F79EFBC}") = "Unity.Rendering.LightTransport.Runtime", "Unity.Rendering.LightTransport.Runtime.csproj", "{9edecace-d58f-8e0d-0b69-455fab1bc674}"
EndProject
Project("{FAE04EC0-301F-11D3-BF4B-00C04F79EFBC}") = "Unity.Burst.Editor", "Unity.Burst.Editor.csproj", "{7d110ccd-75e2-99c3-b23d-c31e8d2c02f7}"
EndProject
Project("{FAE04EC0-301F-11D3-BF4B-00C04F79EFBC}") = "Unity.Multiplayer.Playmode.Workflow.Editor", "Unity.Multiplayer.Playmode.Workflow.Editor.csproj", "{9cc44be2-db0b-ecf0-7e20-0e73158366ff}"
EndProject
Project("{FAE04EC0-301F-11D3-BF4B-00C04F79EFBC}") = "Unity.TestTools.CodeCoverage.Editor.OpenCover.Mono.Reflection", "Unity.TestTools.CodeCoverage.Editor.OpenCover.Mono.Reflection.csproj", "{b06d234d-c292-658b-4cae-49d88d37e9b9}"
EndProject
Project("{FAE04EC0-301F-11D3-BF4B-00C04F79EFBC}") = "Unity.Rider.Editor", "Unity.Rider.Editor.csproj", "{0730c6dc-3bd6-3e4e-0b1a-212a48b555a1}"
EndProject
Project("{FAE04EC0-301F-11D3-BF4B-00C04F79EFBC}") = "Unity.VisualScripting.State", "Unity.VisualScripting.State.csproj", "{4362b0fd-f15f-053f-1de6-265838aaec2c}"
EndProject
Project("{FAE04EC0-301F-11D3-BF4B-00C04F79EFBC}") = "Unity.Performance.Profile-Analyzer.Editor", "Unity.Performance.Profile-Analyzer.Editor.csproj", "{3f109e09-92dc-3192-2b7c-d0b77348f961}"
EndProject
Project("{FAE04EC0-301F-11D3-BF4B-00C04F79EFBC}") = "UnityEditor.UI", "UnityEditor.UI.csproj", "{e9014021-2c37-ee95-b30e-94755456d3d5}"
EndProject
Project("{FAE04EC0-301F-11D3-BF4B-00C04F79EFBC}") = "LeanTouch", "LeanTouch.csproj", "{246470a0-84ed-c511-371f-a937890ea5df}"
EndProject
Project("{FAE04EC0-301F-11D3-BF4B-00C04F79EFBC}") = "Unity.Postprocessing.Runtime", "Unity.Postprocessing.Runtime.csproj", "{c6d74aad-c56b-4374-54c2-ebcec37829b4}"
EndProject
Project("{FAE04EC0-301F-11D3-BF4B-00C04F79EFBC}") = "Assembly-CSharp-Editor", "Assembly-CSharp-Editor.csproj", "{2668a755-eccb-7bd0-6131-cdccd7a99a26}"
EndProject
Project("{FAE04EC0-301F-11D3-BF4B-00C04F79EFBC}") = "CFXRRuntime", "CFXRRuntime.csproj", "{d935cbf1-fd6f-1dbb-f660-16ef5af0ddca}"
EndProject
Project("{FAE04EC0-301F-11D3-BF4B-00C04F79EFBC}") = "Unity.Services.Authentication.PlayerAccounts.Editor", "Unity.Services.Authentication.PlayerAccounts.Editor.csproj", "{9e7d96b6-40bb-da0b-c37f-34162e4b93f4}"
EndProject
Project("{FAE04EC0-301F-11D3-BF4B-00C04F79EFBC}") = "Unity.2D.Sprite.Editor", "Unity.2D.Sprite.Editor.csproj", "{e1dbc252-686b-6c68-b853-40e96dc2cb2b}"
EndProject
Project("{FAE04EC0-301F-11D3-BF4B-00C04F79EFBC}") = "Unity.InternalAPIEditorBridge.013", "Unity.InternalAPIEditorBridge.013.csproj", "{1cf98202-e851-113c-ed23-0a8e06eebbcf}"
EndProject
Project("{FAE04EC0-301F-11D3-BF4B-00C04F79EFBC}") = "CFXRDemo", "CFXRDemo.csproj", "{6bc38d09-ea2b-1ab5-0fca-46d17491a194}"
EndProject
Project("{FAE04EC0-301F-11D3-BF4B-00C04F79EFBC}") = "Unity.AppUI.MVVM", "Unity.AppUI.MVVM.csproj", "{93a31538-94a6-543e-37ea-81da56419fd9}"
EndProject
Project("{FAE04EC0-301F-11D3-BF4B-00C04F79EFBC}") = "Unity.Services.Core.Configuration.Editor", "Unity.Services.Core.Configuration.Editor.csproj", "{f74d5c01-682a-2c0f-2d1a-d97f37d1ddfa}"
EndProject
Project("{FAE04EC0-301F-11D3-BF4B-00C04F79EFBC}") = "CFXREditor", "CFXREditor.csproj", "{b7045e53-3042-b9ef-cc9a-3214f5420c16}"
EndProject
Project("{FAE04EC0-301F-11D3-BF4B-00C04F79EFBC}") = "Unity.Services.Core.Configuration", "Unity.Services.Core.Configuration.csproj", "{ce939174-a08a-987c-55b9-c27650456985}"
EndProject
Project("{FAE04EC0-301F-11D3-BF4B-00C04F79EFBC}") = "Unity.Multiplayer.Center.Common", "Unity.Multiplayer.Center.Common.csproj", "{72a90d30-d32f-6593-f9da-4e078e229d6c}"
EndProject
Project("{FAE04EC0-301F-11D3-BF4B-00C04F79EFBC}") = "Assembly-CSharp-firstpass", "Assembly-CSharp-firstpass.csproj", "{3f8fc950-51f3-a04b-6e58-e74786e42b36}"
EndProject
Project("{FAE04EC0-301F-11D3-BF4B-00C04F79EFBC}") = "Unity.Services.Core.Environments.Internal", "Unity.Services.Core.Environments.Internal.csproj", "{528a37f6-5630-c40c-b195-b02cbb10394f}"
EndProject
Project("{FAE04EC0-301F-11D3-BF4B-00C04F79EFBC}") = "Unity.AppUI.Navigation", "Unity.AppUI.Navigation.csproj", "{bf6f3cd4-ec93-4012-6bb5-a0e79f1c70a4}"
EndProject
Project("{FAE04EC0-301F-11D3-BF4B-00C04F79EFBC}") = "Unity.InputSystem.ForUI", "Unity.InputSystem.ForUI.csproj", "{7c922afd-5398-0e7a-6199-ef1a8867f51a}"
EndProject
Project("{FAE04EC0-301F-11D3-BF4B-00C04F79EFBC}") = "Fusion.Unity", "Fusion.Unity.csproj", "{1d9909ec-bc2b-8209-d507-30f4f03adc5f}"
EndProject
Project("{FAE04EC0-301F-11D3-BF4B-00C04F79EFBC}") = "LeanCommon", "LeanCommon.csproj", "{fc5cb49b-07f9-802c-8ed8-3c5a78ff81ac}"
EndProject
Project("{FAE04EC0-301F-11D3-BF4B-00C04F79EFBC}") = "Unity.Services.Core.Scheduler", "Unity.Services.Core.Scheduler.csproj", "{a074b1ec-7970-e85c-b09b-42aae9ea7fa7}"
EndProject
Project("{FAE04EC0-301F-11D3-BF4B-00C04F79EFBC}") = "Unity.Collections.CodeGen", "Unity.Collections.CodeGen.csproj", "{68cd409e-781e-0f3e-edc1-e81a50653505}"
EndProject
Project("{FAE04EC0-301F-11D3-BF4B-00C04F79EFBC}") = "Unity.Services.Core.Telemetry", "Unity.Services.Core.Telemetry.csproj", "{0025756a-2521-abfc-5c23-ec9bfef5c39d}"
EndProject
Project("{FAE04EC0-301F-11D3-BF4B-00C04F79EFBC}") = "Unity.Addressables", "Unity.Addressables.csproj", "{d8feb84a-d9e6-faed-55e3-583d9dc3e887}"
EndProject
Project("{FAE04EC0-301F-11D3-BF4B-00C04F79EFBC}") = "Unity.Services.Core.Components", "Unity.Services.Core.Components.csproj", "{3a9cc5e5-f2aa-c061-1311-013bc8d3f578}"
EndProject
Project("{FAE04EC0-301F-11D3-BF4B-00C04F79EFBC}") = "Unity.Mathematics.Editor", "Unity.Mathematics.Editor.csproj", "{8843cd4f-c032-94e5-18b5-40d3f14aed6e}"
EndProject
Project("{FAE04EC0-301F-11D3-BF4B-00C04F79EFBC}") = "Unity.VisualScripting.SettingsProvider.Editor", "Unity.VisualScripting.SettingsProvider.Editor.csproj", "{49cbea29-62f5-c7cc-99c0-5d46d5cc9057}"
EndProject
Project("{FAE04EC0-301F-11D3-BF4B-00C04F79EFBC}") = "Coffee.UIParticle.Editor", "Coffee.UIParticle.Editor.csproj", "{428b735f-0c6e-c465-3fff-76de95622563}"
EndProject
Project("{FAE04EC0-301F-11D3-BF4B-00C04F79EFBC}") = "Unity.Multiplayer.PlayMode.Configurations.Editor", "Unity.Multiplayer.PlayMode.Configurations.Editor.csproj", "{cb3c2e04-79fb-f6a2-8d1c-8d2f75719586}"
EndProject
Project("{FAE04EC0-301F-11D3-BF4B-00C04F79EFBC}") = "Unity.Services.Core.Threading", "Unity.Services.Core.Threading.csproj", "{025de41e-896d-0b93-09da-5a76b5bfa044}"
EndProject
Project("{FAE04EC0-301F-11D3-BF4B-00C04F79EFBC}") = "ParrelSync", "ParrelSync.csproj", "{750ac5f8-31dc-f3d4-160b-5f41dc9c8d15}"
EndProject
Project("{FAE04EC0-301F-11D3-BF4B-00C04F79EFBC}") = "Unity.AppUI.Editor", "Unity.AppUI.Editor.csproj", "{9e612e12-2d75-e0f0-4b5f-512d8191b82c}"
EndProject
Project("{FAE04EC0-301F-11D3-BF4B-00C04F79EFBC}") = "Unity.Settings.Editor", "Unity.Settings.Editor.csproj", "{301db64d-74bd-d269-4e57-2611543a82f2}"
EndProject
Project("{FAE04EC0-301F-11D3-BF4B-00C04F79EFBC}") = "Unity.InputSystem.TestFramework", "Unity.InputSystem.TestFramework.csproj", "{cc44b16f-deab-3fde-37ca-6a7ad186e2c9}"
EndProject
Project("{FAE04EC0-301F-11D3-BF4B-00C04F79EFBC}") = "Unity.CollabProxy.Editor", "Unity.CollabProxy.Editor.csproj", "{38168d37-467e-1859-8bfc-13a6fa5b8585}"
EndProject
Project("{FAE04EC0-301F-11D3-BF4B-00C04F79EFBC}") = "Unity.ShaderGraph.Utilities", "Unity.ShaderGraph.Utilities.csproj", "{78ab1956-aeaf-e773-b88c-aeaad70d6589}"
EndProject
Project("{FAE04EC0-301F-11D3-BF4B-00C04F79EFBC}") = "Unity.VisualScripting.Shared.Editor", "Unity.VisualScripting.Shared.Editor.csproj", "{657dca97-64b8-d76f-0e2a-7fe811868f50}"
EndProject
Project("{FAE04EC0-301F-11D3-BF4B-00C04F79EFBC}") = "KinoBloom.Runtime", "KinoBloom.Runtime.csproj", "{23f3b824-2d7b-d7a3-cc2b-27b8eaa19724}"
EndProject
Project("{FAE04EC0-301F-11D3-BF4B-00C04F79EFBC}") = "Unity.Profiling.Core", "Unity.Profiling.Core.csproj", "{f0ce071c-c8aa-74b5-2f13-f4917aee426e}"
EndProject
Project("{FAE04EC0-301F-11D3-BF4B-00C04F79EFBC}") = "Unity.Toolchain.Win-x86_64-Linux-x86_64", "Unity.Toolchain.Win-x86_64-Linux-x86_64.csproj", "{fe4079a6-2f6c-1672-a5e8-275b0a0995c2}"
EndProject
Project("{FAE04EC0-301F-11D3-BF4B-00C04F79EFBC}") = "Unity.Services.Core.Device", "Unity.Services.Core.Device.csproj", "{27c5f01a-6279-5987-b47c-2c2e4a699f38}"
EndProject
Project("{FAE04EC0-301F-11D3-BF4B-00C04F79EFBC}") = "PhotonChat", "PhotonChat.csproj", "{1a168c09-2d0c-b2fd-97f9-97036481a038}"
EndProject
Project("{FAE04EC0-301F-11D3-BF4B-00C04F79EFBC}") = "Unity.AppUI.Undo", "Unity.AppUI.Undo.csproj", "{d3b57b60-f6d9-3e89-bb5f-329282b07380}"
EndProject
Project("{FAE04EC0-301F-11D3-BF4B-00C04F79EFBC}") = "Unity.Services.Core.Analytics", "Unity.Services.Core.Analytics.csproj", "{cf49bbb7-c512-16ec-17b9-ec7fb4de2d38}"
EndProject
Project("{FAE04EC0-301F-11D3-BF4B-00C04F79EFBC}") = "Unity.EditorCoroutines.Editor", "Unity.EditorCoroutines.Editor.csproj", "{37f79332-70e7-7654-6ba2-27ee54614b4f}"
EndProject
Project("{FAE04EC0-301F-11D3-BF4B-00C04F79EFBC}") = "Unity.InternalAPIEditorBridge.022", "Unity.InternalAPIEditorBridge.022.csproj", "{6d9e5585-8876-bec4-a712-9e56abbc8da6}"
EndProject
Project("{FAE04EC0-301F-11D3-BF4B-00C04F79EFBC}") = "Unity.Multiplayer.Playmode", "Unity.Multiplayer.Playmode.csproj", "{3e24e00d-926a-d1de-b5a7-84629d408b11}"
EndProject
Project("{FAE04EC0-301F-11D3-BF4B-00C04F79EFBC}") = "Unity.Services.CloudSave.Editor", "Unity.Services.CloudSave.Editor.csproj", "{b0eb7ff2-7358-57da-7a93-d0ad295fb4f0}"
EndProject
Project("{FAE04EC0-301F-11D3-BF4B-00C04F79EFBC}") = "CFXR.WelcomeScreen", "CFXR.WelcomeScreen.csproj", "{1475ecda-ba32-12f9-f8ac-029a0c8eff49}"
EndProject
Project("{FAE04EC0-301F-11D3-BF4B-00C04F79EFBC}") = "Unity.RenderPipeline.Universal.ShaderLibrary", "Unity.RenderPipeline.Universal.ShaderLibrary.csproj", "{f3a1449a-4608-d06c-818c-8a2c27b4fdd2}"
EndProject
Project("{FAE04EC0-301F-11D3-BF4B-00C04F79EFBC}") = "Unity.Multiplayer.PlayMode.Editor.Bridge", "Unity.Multiplayer.PlayMode.Editor.Bridge.csproj", "{1de38703-af1c-2e66-bfbb-8a8f0a88620c}"
EndProject
Project("{FAE04EC0-301F-11D3-BF4B-00C04F79EFBC}") = "PlayFabSDKEditor", "PlayFabSDKEditor.csproj", "{e0ec4565-536d-d2fd-cac6-0ecfb737b6b4}"
EndProject
Project("{FAE04EC0-301F-11D3-BF4B-00C04F79EFBC}") = "Unity.Services.Authentication.Editor.Shared", "Unity.Services.Authentication.Editor.Shared.csproj", "{d21bc0ad-d0dc-63b5-0fe2-0d437a4f9169}"
EndProject
Project("{FAE04EC0-301F-11D3-BF4B-00C04F79EFBC}") = "ToonyColorsPro.Demo.Editor", "ToonyColorsPro.Demo.Editor.csproj", "{1d38887a-dc8c-6044-93d1-710d5e4f6d6f}"
EndProject
Project("{FAE04EC0-301F-11D3-BF4B-00C04F79EFBC}") = "Unity.Services.Core.Registration", "Unity.Services.Core.Registration.csproj", "{b342a1cd-4605-4abe-19a5-b1e050d735c3}"
EndProject
Project("{FAE04EC0-301F-11D3-BF4B-00C04F79EFBC}") = "Unity.SysrootPackage.Editor", "Unity.SysrootPackage.Editor.csproj", "{71a9ae76-9a4a-2e2b-0e04-3820e21b8a69}"
EndProject
Project("{FAE04EC0-301F-11D3-BF4B-00C04F79EFBC}") = "Boxophobic.SkyboxCubemapExtended.Editor", "Boxophobic.SkyboxCubemapExtended.Editor.csproj", "{daf8b83b-3105-6bef-2e96-27d1b982d380}"
EndProject
Project("{FAE04EC0-301F-11D3-BF4B-00C04F79EFBC}") = "Fusion.Addons.Physics.Editor", "Fusion.Addons.Physics.Editor.csproj", "{bfd53290-3b95-ae43-c3b1-69823ecddcb1}"
EndProject
Project("{FAE04EC0-301F-11D3-BF4B-00C04F79EFBC}") = "Unity.Rendering.LightTransport.Editor", "Unity.Rendering.LightTransport.Editor.csproj", "{3bdbbf1e-7d7a-fea4-9a81-bcf649f6179d}"
EndProject
Project("{FAE04EC0-301F-11D3-BF4B-00C04F79EFBC}") = "Unity.InputSystem.DocCodeSamples", "Unity.InputSystem.DocCodeSamples.csproj", "{a4468e2f-06c7-257b-731b-83603b8024d2}"
EndProject
Project("{FAE04EC0-301F-11D3-BF4B-00C04F79EFBC}") = "Unity.RenderPipelines.Universal.Shaders", "Unity.RenderPipelines.Universal.Shaders.csproj", "{156ee77c-96af-5ebf-1570-f03bd9273aa7}"
EndProject
Project("{FAE04EC0-301F-11D3-BF4B-00C04F79EFBC}") = "Unity.RenderPipelines.Core.Runtime.Shared", "Unity.RenderPipelines.Core.Runtime.Shared.csproj", "{2cae689a-6327-5f9a-20a9-952e31087fd5}"
EndProject
Project("{FAE04EC0-301F-11D3-BF4B-00C04F79EFBC}") = "Unity.Sysroot.Linux_x86_64", "Unity.Sysroot.Linux_x86_64.csproj", "{18770c2d-553c-afea-96c4-41f81881b35a}"
EndProject
Project("{FAE04EC0-301F-11D3-BF4B-00C04F79EFBC}") = "Coffee.UIParticle.Tests", "Coffee.UIParticle.Tests.csproj", "{e84a4071-5dc8-bd4d-f30e-deaca3b95c17}"
EndProject
Project("{FAE04EC0-301F-11D3-BF4B-00C04F79EFBC}") = "Unity.2D.Sprite.AIIntegration.Editor", "Unity.2D.Sprite.AIIntegration.Editor.csproj", "{5769990f-cc40-7caa-10e6-26417b765b3f}"
EndProject
Project("{FAE04EC0-301F-11D3-BF4B-00C04F79EFBC}") = "Unity.AppUI.InternalAPIBridge", "Unity.AppUI.InternalAPIBridge.csproj", "{8c468960-d647-104f-ff74-15328062c6a4}"
EndProject
Project("{FAE04EC0-301F-11D3-BF4B-00C04F79EFBC}") = "Unity.AppUI.Navigation.Editor", "Unity.AppUI.Navigation.Editor.csproj", "{eb249354-f688-1235-d136-33c6cf3f228c}"
EndProject
Project("{FAE04EC0-301F-11D3-BF4B-00C04F79EFBC}") = "Unity.Services.Core.Networking", "Unity.Services.Core.Networking.csproj", "{9676f0cd-b40a-325f-3719-847fb373d245}"
EndProject
Project("{FAE04EC0-301F-11D3-BF4B-00C04F79EFBC}") = "Coffee.UIParticle.Editor.Tests", "Coffee.UIParticle.Editor.Tests.csproj", "{3f436d73-b501-29f0-7fa9-5376d79ddf39}"
EndProject
Project("{FAE04EC0-301F-11D3-BF4B-00C04F79EFBC}") = "Unity.Multiplayer.Playmode.Common.Runtime", "Unity.Multiplayer.Playmode.Common.Runtime.csproj", "{a333adae-b34c-d6fa-88b3-b3b6bab7bdcc}"
EndProject
Project("{FAE04EC0-301F-11D3-BF4B-00C04F79EFBC}") = "Unity.VisualScripting.DocCodeExamples", "Unity.VisualScripting.DocCodeExamples.csproj", "{b776dd2e-e6e7-9f4b-5219-e2ed519c76d1}"
EndProject
Project("{FAE04EC0-301F-11D3-BF4B-00C04F79EFBC}") = "Unity.ScriptableBuildPipeline", "Unity.ScriptableBuildPipeline.csproj", "{4c184a94-0df7-0a48-d073-a9d21c47a7bf}"
EndProject
Project("{FAE04EC0-301F-11D3-BF4B-00C04F79EFBC}") = "Unity.PlasticSCM.Editor.Entities", "Unity.PlasticSCM.Editor.Entities.csproj", "{1a406e1d-7454-c0ff-495a-711f2632c431}"
EndProject
Project("{FAE04EC0-301F-11D3-BF4B-00C04F79EFBC}") = "TMProDynamicDataCleaner.Editor", "TMProDynamicDataCleaner.Editor.csproj", "{cb698619-1b01-e125-9c01-55222118bffe}"
EndProject
Project("{FAE04EC0-301F-11D3-BF4B-00C04F79EFBC}") = "Facepunch Transport for Netcode for GameObjects", "Facepunch Transport for Netcode for GameObjects.csproj", "{2be26d29-5e8c-256d-8d31-80da55177cf5}"
EndProject
Project("{FAE04EC0-301F-11D3-BF4B-00C04F79EFBC}") = "Unity.Fusion.CodeGen", "Unity.Fusion.CodeGen.csproj", "{0f85193b-2c88-1da4-653a-ec988af0e78a}"
EndProject
Project("{FAE04EC0-301F-11D3-BF4B-00C04F79EFBC}") = "Unity.Services.Core.Environments", "Unity.Services.Core.Environments.csproj", "{89e4cc45-cc5e-ed86-fe16-c80710af4b8b}"
EndProject
Project("{FAE04EC0-301F-11D3-BF4B-00C04F79EFBC}") = "Unity.Collections.Editor", "Unity.Collections.Editor.csproj", "{3f168a78-4a14-2c58-d5c4-b916bba08455}"
EndProject
Project("{FAE04EC0-301F-11D3-BF4B-00C04F79EFBC}") = "Coffee.CFX_Demo_With_UIParticle", "Coffee.CFX_Demo_With_UIParticle.csproj", "{5709c6bc-db56-b5a4-58d4-aff2c9802bd7}"
EndProject
Project("{FAE04EC0-301F-11D3-BF4B-00C04F79EFBC}") = "Coffee.UIParticle.PerformanceDemo", "Coffee.UIParticle.PerformanceDemo.csproj", "{f7e32048-a909-d26e-7f3d-a5aff60e396d}"
EndProject
Project("{FAE04EC0-301F-11D3-BF4B-00C04F79EFBC}") = "Unity.RenderPipelines.Universal.Config.Runtime", "Unity.RenderPipelines.Universal.Config.Runtime.csproj", "{8f968bc4-6c99-6653-d903-559bd674d6bd}"
EndProject
Project("{FAE04EC0-301F-11D3-BF4B-00C04F79EFBC}") = "Unity.RenderPipelines.ShaderGraph.ShaderGraphLibrary", "Unity.RenderPipelines.ShaderGraph.ShaderGraphLibrary.csproj", "{61c8d533-261a-a927-e515-6d8326cd9cec}"
EndProject
Project("{FAE04EC0-301F-11D3-BF4B-00C04F79EFBC}") = "Unity.RenderPipelines.Core.ShaderLibrary", "Unity.RenderPipelines.Core.ShaderLibrary.csproj", "{e21c7928-a7e1-80af-4b48-10ceb2589abb}"
EndProject
Project("{FAE04EC0-301F-11D3-BF4B-00C04F79EFBC}") = "Unity.RenderPipelines.Core.Editor.Shared", "Unity.RenderPipelines.Core.Editor.Shared.csproj", "{73cdd5a0-1836-28fe-8425-5fc7ea3d656c}"
EndProject
Project("{FAE04EC0-301F-11D3-BF4B-00C04F79EFBC}") = "Unity.Timeline", "Unity.Timeline.Player.csproj", "{9dab8a10-dbc8-a115-b417-325029e6aa28}"
EndProject
Project("{FAE04EC0-301F-11D3-BF4B-00C04F79EFBC}") = "Unity.InputSystem", "Unity.InputSystem.Player.csproj", "{0a65eeca-c4ab-16e6-952c-51d798945701}"
EndProject
Project("{FAE04EC0-301F-11D3-BF4B-00C04F79EFBC}") = "Unity.RenderPipelines.GPUDriven.Runtime", "Unity.RenderPipelines.GPUDriven.Runtime.Player.csproj", "{5833ec0e-6cf7-94b9-6db0-ec1a3db828b3}"
EndProject
Project("{FAE04EC0-301F-11D3-BF4B-00C04F79EFBC}") = "Unity.AppUI", "Unity.AppUI.Player.csproj", "{1988346a-f34a-78d1-c6c3-31f8094c3b3b}"
EndProject
Project("{FAE04EC0-301F-11D3-BF4B-00C04F79EFBC}") = "Unity.Services.Core.Internal", "Unity.Services.Core.Internal.Player.csproj", "{53264859-afa1-631a-f829-845e78ca3fcd}"
EndProject
Project("{FAE04EC0-301F-11D3-BF4B-00C04F79EFBC}") = "Unity.Localization", "Unity.Localization.Player.csproj", "{872620d5-75d6-3b6a-ac04-2bb6dbc15c97}"
EndProject
Project("{FAE04EC0-301F-11D3-BF4B-00C04F79EFBC}") = "Unity.Services.Authentication.PlayerAccounts", "Unity.Services.Authentication.PlayerAccounts.Player.csproj", "{24a4f51e-0056-7471-e5d4-9b7705f86a43}"
EndProject
Project("{FAE04EC0-301F-11D3-BF4B-00C04F79EFBC}") = "Unity.Services.CloudSave", "Unity.Services.CloudSave.Player.csproj", "{db90d914-4e66-a7f3-c7e7-5ee8867d6c42}"
EndProject
Project("{FAE04EC0-301F-11D3-BF4B-00C04F79EFBC}") = "Assembly-CSharp", "Assembly-CSharp.Player.csproj", "{914b15e6-9a24-4139-3cf0-3a2cffbdd92c}"
EndProject
Project("{FAE04EC0-301F-11D3-BF4B-00C04F79EFBC}") = "Unity.RenderPipelines.Core.Runtime", "Unity.RenderPipelines.Core.Runtime.Player.csproj", "{146098c9-7c98-7868-4514-a0482d3ef9a5}"
EndProject
Project("{FAE04EC0-301F-11D3-BF4B-00C04F79EFBC}") = "Unity.Mathematics", "Unity.Mathematics.Player.csproj", "{d08522a3-5fbc-9f9e-6fc8-99336da4bdf3}"
EndProject
Project("{FAE04EC0-301F-11D3-BF4B-00C04F79EFBC}") = "UnityEngine.UI", "UnityEngine.UI.Player.csproj", "{7bed91fa-7f9e-a70a-a471-e131ae81eac4}"
EndProject
Project("{FAE04EC0-301F-11D3-BF4B-00C04F79EFBC}") = "Unity.Collections", "Unity.Collections.Player.csproj", "{9912ba03-8aa9-2f1e-5422-c454f8611e8d}"
EndProject
Project("{FAE04EC0-301F-11D3-BF4B-00C04F79EFBC}") = "Unity.RenderPipelines.Universal.2D.Runtime", "Unity.RenderPipelines.Universal.2D.Runtime.Player.csproj", "{7501c03f-b39b-1a7b-9590-87551c181620}"
EndProject
Project("{FAE04EC0-301F-11D3-BF4B-00C04F79EFBC}") = "UnityEngine.TestRunner", "UnityEngine.TestRunner.Player.csproj", "{283e8582-4d5e-c817-afdf-429cc7d2c3b3}"
EndProject
Project("{FAE04EC0-301F-11D3-BF4B-00C04F79EFBC}") = "Unity.Splines", "Unity.Splines.Player.csproj", "{0a7e5e42-79e9-1835-9e37-699b661a73c4}"
EndProject
Project("{FAE04EC0-301F-11D3-BF4B-00C04F79EFBC}") = "Unity.AppUI.Redux", "Unity.AppUI.Redux.Player.csproj", "{c87157e6-8e37-2872-c5c4-7f3d8701af46}"
EndProject
Project("{FAE04EC0-301F-11D3-BF4B-00C04F79EFBC}") = "Unity.Burst", "Unity.Burst.Player.csproj", "{3f0b3d30-f828-833e-a144-38f6e59fe0f6}"
EndProject
Project("{FAE04EC0-301F-11D3-BF4B-00C04F79EFBC}") = "Boxophobic.Utils.Scripts", "Boxophobic.Utils.Scripts.Player.csproj", "{ed119a23-f51f-b427-5eed-cf019114f190}"
EndProject
Project("{FAE04EC0-301F-11D3-BF4B-00C04F79EFBC}") = "Coffee.UIParticle", "Coffee.UIParticle.Player.csproj", "{fc05671a-2e68-93d8-0714-2f3e1955be01}"
EndProject
Project("{FAE04EC0-301F-11D3-BF4B-00C04F79EFBC}") = "Unity.Services.Authentication", "Unity.Services.Authentication.Player.csproj", "{92b74f35-f5b3-57a0-9d7c-d0cad397c385}"
EndProject
Project("{FAE04EC0-301F-11D3-BF4B-00C04F79EFBC}") = "Unity.ResourceManager", "Unity.ResourceManager.Player.csproj", "{625e8b77-ad7e-88f7-32e1-0440398f95e3}"
EndProject
Project("{FAE04EC0-301F-11D3-BF4B-00C04F79EFBC}") = "Unity.VisualScripting.Core", "Unity.VisualScripting.Core.Player.csproj", "{bf58a8e0-1908-2c78-d59e-eb1b7a14ec2b}"
EndProject
Project("{FAE04EC0-301F-11D3-BF4B-00C04F79EFBC}") = "Unity.RenderPipelines.Universal.Runtime", "Unity.RenderPipelines.Universal.Runtime.Player.csproj", "{c1105418-1943-ad52-cde7-763dda42b1a3}"
EndProject
Project("{FAE04EC0-301F-11D3-BF4B-00C04F79EFBC}") = "Unity.Cinemachine", "Unity.Cinemachine.Player.csproj", "{872d0cd2-b434-d379-820e-ca8cc87f27b6}"
EndProject
Project("{FAE04EC0-301F-11D3-BF4B-00C04F79EFBC}") = "Unity.Services.Core", "Unity.Services.Core.Player.csproj", "{0782f382-697c-86bc-2877-cfb667f87587}"
EndProject
Project("{FAE04EC0-301F-11D3-BF4B-00C04F79EFBC}") = "Unity.VisualScripting.Flow", "Unity.VisualScripting.Flow.Player.csproj", "{cd739fce-308a-84fa-cdd5-9cc68d2d2d9a}"
EndProject
Project("{FAE04EC0-301F-11D3-BF4B-00C04F79EFBC}") = "Unity.PerformanceTesting", "Unity.PerformanceTesting.Player.csproj", "{32a97b1d-2e35-daa3-473a-5bfd290b3da8}"
EndProject
Project("{FAE04EC0-301F-11D3-BF4B-00C04F79EFBC}") = "PlayFab", "PlayFab.Player.csproj", "{6b6d9aac-1639-2252-a4cd-69541d3e0ba2}"
EndProject
Project("{FAE04EC0-301F-11D3-BF4B-00C04F79EFBC}") = "Unity.InternalAPIEngineBridge.013", "Unity.InternalAPIEngineBridge.013.Player.csproj", "{c6d2a047-1b21-f08f-9368-d41465ec4f32}"
EndProject
Project("{FAE04EC0-301F-11D3-BF4B-00C04F79EFBC}") = "Unity.TextMeshPro", "Unity.TextMeshPro.Player.csproj", "{a48c17f6-ebb1-e1f2-7583-a9c1c93a161c}"
EndProject
Project("{FAE04EC0-301F-11D3-BF4B-00C04F79EFBC}") = "Fusion.Addons.Physics", "Fusion.Addons.Physics.Player.csproj", "{4ec4d127-c4f6-97e3-817c-51bd3ea521a2}"
EndProject
Project("{FAE04EC0-301F-11D3-BF4B-00C04F79EFBC}") = "Unity.Rendering.LightTransport.Runtime", "Unity.Rendering.LightTransport.Runtime.Player.csproj", "{f00ba14d-f292-a149-84a0-86c028e6c038}"
EndProject
Project("{FAE04EC0-301F-11D3-BF4B-00C04F79EFBC}") = "Unity.VisualScripting.State", "Unity.VisualScripting.State.Player.csproj", "{0ff76b1f-eb79-5013-0dd7-bd0bceec2d23}"
EndProject
Project("{FAE04EC0-301F-11D3-BF4B-00C04F79EFBC}") = "LeanTouch", "LeanTouch.Player.csproj", "{0379e5b6-f963-a547-f163-b5521103ca71}"
EndProject
Project("{FAE04EC0-301F-11D3-BF4B-00C04F79EFBC}") = "Unity.Postprocessing.Runtime", "Unity.Postprocessing.Runtime.Player.csproj", "{e2f008e5-dcbe-4325-27f9-a1b3c1b2a8b8}"
EndProject
Project("{FAE04EC0-301F-11D3-BF4B-00C04F79EFBC}") = "CFXRRuntime", "CFXRRuntime.Player.csproj", "{89492eee-0a29-091b-8e3b-ff55dbd9308d}"
EndProject
Project("{FAE04EC0-301F-11D3-BF4B-00C04F79EFBC}") = "CFXRDemo", "CFXRDemo.Player.csproj", "{f2f5be82-3446-e7e7-1bab-5fe4bb2d607d}"
EndProject
Project("{FAE04EC0-301F-11D3-BF4B-00C04F79EFBC}") = "Unity.AppUI.MVVM", "Unity.AppUI.MVVM.Player.csproj", "{3e2050b9-bbc2-cf31-b21e-c9f3583c2eb5}"
EndProject
Project("{FAE04EC0-301F-11D3-BF4B-00C04F79EFBC}") = "Unity.Services.Core.Configuration", "Unity.Services.Core.Configuration.Player.csproj", "{3842f89c-21ad-e035-5ab0-d72b87d71d5c}"
EndProject
Project("{FAE04EC0-301F-11D3-BF4B-00C04F79EFBC}") = "Unity.Multiplayer.Center.Common", "Unity.Multiplayer.Center.Common.Player.csproj", "{35c3cbae-41f1-ccb5-ec2e-23096032bc37}"
EndProject
Project("{FAE04EC0-301F-11D3-BF4B-00C04F79EFBC}") = "Assembly-CSharp-firstpass", "Assembly-CSharp-firstpass.Player.csproj", "{6226a302-8246-c179-93a1-bafd7b77e0bf}"
EndProject
Project("{FAE04EC0-301F-11D3-BF4B-00C04F79EFBC}") = "Unity.Services.Core.Environments.Internal", "Unity.Services.Core.Environments.Internal.Player.csproj", "{3cf9ec45-9ef1-8b7b-4bc3-5175ddf76d58}"
EndProject
Project("{FAE04EC0-301F-11D3-BF4B-00C04F79EFBC}") = "Unity.AppUI.Navigation", "Unity.AppUI.Navigation.Player.csproj", "{7ea325ce-9283-8ad8-becb-331aa1d067f5}"
EndProject
Project("{FAE04EC0-301F-11D3-BF4B-00C04F79EFBC}") = "Unity.InputSystem.ForUI", "Unity.InputSystem.ForUI.Player.csproj", "{b3c9348c-d4cd-0327-53da-f3f3762e578e}"
EndProject
Project("{FAE04EC0-301F-11D3-BF4B-00C04F79EFBC}") = "Fusion.Unity", "Fusion.Unity.Player.csproj", "{919d3587-8c8a-71a1-6f29-74a67d025209}"
EndProject
Project("{FAE04EC0-301F-11D3-BF4B-00C04F79EFBC}") = "LeanCommon", "LeanCommon.Player.csproj", "{31f52295-4127-c98b-fb6d-0689b13f72f6}"
EndProject
Project("{FAE04EC0-301F-11D3-BF4B-00C04F79EFBC}") = "Unity.Services.Core.Scheduler", "Unity.Services.Core.Scheduler.Player.csproj", "{131f0723-3353-7eac-a34b-d8391a157983}"
EndProject
Project("{FAE04EC0-301F-11D3-BF4B-00C04F79EFBC}") = "Unity.Services.Core.Telemetry", "Unity.Services.Core.Telemetry.Player.csproj", "{e84154a0-cd60-e1e4-bfab-a77ad8456ee0}"
EndProject
Project("{FAE04EC0-301F-11D3-BF4B-00C04F79EFBC}") = "Unity.Addressables", "Unity.Addressables.Player.csproj", "{3e19767f-372b-8687-7d8a-666a3e0139f0}"
EndProject
Project("{FAE04EC0-301F-11D3-BF4B-00C04F79EFBC}") = "Unity.Services.Core.Components", "Unity.Services.Core.Components.Player.csproj", "{83032e1d-e6c8-fd9a-94d9-7c6c0c464d1d}"
EndProject
Project("{FAE04EC0-301F-11D3-BF4B-00C04F79EFBC}") = "Unity.Services.Core.Threading", "Unity.Services.Core.Threading.Player.csproj", "{f7c15efe-697a-62f5-6f22-ff2ef5caab56}"
EndProject
Project("{FAE04EC0-301F-11D3-BF4B-00C04F79EFBC}") = "Unity.InputSystem.TestFramework", "Unity.InputSystem.TestFramework.Player.csproj", "{3ba98aab-4a08-b9e6-746d-3c99604134d8}"
EndProject
Project("{FAE04EC0-301F-11D3-BF4B-00C04F79EFBC}") = "KinoBloom.Runtime", "KinoBloom.Runtime.Player.csproj", "{38622ad4-0c9e-9d4e-7bd7-337d54812fb7}"
EndProject
Project("{FAE04EC0-301F-11D3-BF4B-00C04F79EFBC}") = "Unity.Profiling.Core", "Unity.Profiling.Core.Player.csproj", "{36ca215c-0798-dfbb-1282-bf341c4becee}"
EndProject
Project("{FAE04EC0-301F-11D3-BF4B-00C04F79EFBC}") = "Unity.Services.Core.Device", "Unity.Services.Core.Device.Player.csproj", "{fd79794b-97fd-e6e9-6dfe-48ce51b22892}"
EndProject
Project("{FAE04EC0-301F-11D3-BF4B-00C04F79EFBC}") = "PhotonChat", "PhotonChat.Player.csproj", "{9b859062-7dc8-8ff4-278d-2232b6dd74a9}"
EndProject
Project("{FAE04EC0-301F-11D3-BF4B-00C04F79EFBC}") = "Unity.AppUI.Undo", "Unity.AppUI.Undo.Player.csproj", "{359ccac8-f9b3-9d5d-4a9b-3849d93cb638}"
EndProject
Project("{FAE04EC0-301F-11D3-BF4B-00C04F79EFBC}") = "Unity.Services.Core.Analytics", "Unity.Services.Core.Analytics.Player.csproj", "{3ad14f89-4860-baee-0147-2a9a96a2638e}"
EndProject
Project("{FAE04EC0-301F-11D3-BF4B-00C04F79EFBC}") = "Unity.Multiplayer.Playmode", "Unity.Multiplayer.Playmode.Player.csproj", "{6239cb6a-2b17-7e21-024e-bac70b90c7fd}"
EndProject
Project("{FAE04EC0-301F-11D3-BF4B-00C04F79EFBC}") = "Unity.RenderPipeline.Universal.ShaderLibrary", "Unity.RenderPipeline.Universal.ShaderLibrary.Player.csproj", "{0fe73d0e-ed8e-9e7f-c668-c36ebbd288f1}"
EndProject
Project("{FAE04EC0-301F-11D3-BF4B-00C04F79EFBC}") = "Unity.Services.Core.Registration", "Unity.Services.Core.Registration.Player.csproj", "{196494b9-f849-eee5-e822-01dae20b4903}"
EndProject
Project("{FAE04EC0-301F-11D3-BF4B-00C04F79EFBC}") = "Unity.RenderPipelines.Universal.Shaders", "Unity.RenderPipelines.Universal.Shaders.Player.csproj", "{1198aee4-7189-937d-c3d8-ccca4b818281}"
EndProject
Project("{FAE04EC0-301F-11D3-BF4B-00C04F79EFBC}") = "Unity.RenderPipelines.Core.Runtime.Shared", "Unity.RenderPipelines.Core.Runtime.Shared.Player.csproj", "{dd60cd17-29ec-0040-359d-802cf5f07757}"
EndProject
Project("{FAE04EC0-301F-11D3-BF4B-00C04F79EFBC}") = "Coffee.UIParticle.Tests", "Coffee.UIParticle.Tests.Player.csproj", "{e93a2037-1bcc-2ec1-c0c2-7856b713e9c2}"
EndProject
Project("{FAE04EC0-301F-11D3-BF4B-00C04F79EFBC}") = "Unity.AppUI.InternalAPIBridge", "Unity.AppUI.InternalAPIBridge.Player.csproj", "{79878ffa-cb80-47da-a48a-01df0e28345d}"
EndProject
Project("{FAE04EC0-301F-11D3-BF4B-00C04F79EFBC}") = "Unity.Services.Core.Networking", "Unity.Services.Core.Networking.Player.csproj", "{af045ee8-7329-8177-82f5-4c6f99de7654}"
EndProject
Project("{FAE04EC0-301F-11D3-BF4B-00C04F79EFBC}") = "Unity.Multiplayer.Playmode.Common.Runtime", "Unity.Multiplayer.Playmode.Common.Runtime.Player.csproj", "{92dd0364-6819-4b61-98d3-c5bbf87759d9}"
EndProject
Project("{FAE04EC0-301F-11D3-BF4B-00C04F79EFBC}") = "Unity.VisualScripting.DocCodeExamples", "Unity.VisualScripting.DocCodeExamples.Player.csproj", "{67224e9d-5d52-54a0-b8dc-e794b2a18c13}"
EndProject
Project("{FAE04EC0-301F-11D3-BF4B-00C04F79EFBC}") = "Unity.ScriptableBuildPipeline", "Unity.ScriptableBuildPipeline.Player.csproj", "{698ccd28-6271-a6e1-19ea-2c7a1d316fc7}"
EndProject
Project("{FAE04EC0-301F-11D3-BF4B-00C04F79EFBC}") = "Facepunch Transport for Netcode for GameObjects", "Facepunch Transport for Netcode for GameObjects.Player.csproj", "{c1435643-f556-fd6a-0cc0-ee596f133014}"
EndProject
Project("{FAE04EC0-301F-11D3-BF4B-00C04F79EFBC}") = "Unity.Services.Core.Environments", "Unity.Services.Core.Environments.Player.csproj", "{298af359-a188-cc41-d63a-8f7c00541d62}"
EndProject
Project("{FAE04EC0-301F-11D3-BF4B-00C04F79EFBC}") = "Coffee.CFX_Demo_With_UIParticle", "Coffee.CFX_Demo_With_UIParticle.Player.csproj", "{25e13dc4-198e-9282-4cdf-774fbaf6d409}"
EndProject
Project("{FAE04EC0-301F-11D3-BF4B-00C04F79EFBC}") = "Coffee.UIParticle.PerformanceDemo", "Coffee.UIParticle.PerformanceDemo.Player.csproj", "{0d494021-5bf7-50e3-fca7-a32d1346a59c}"
EndProject
Project("{FAE04EC0-301F-11D3-BF4B-00C04F79EFBC}") = "Unity.RenderPipelines.Universal.Config.Runtime", "Unity.RenderPipelines.Universal.Config.Runtime.Player.csproj", "{217d0377-3fe8-5431-9a22-2e5a099930cf}"
EndProject
Project("{FAE04EC0-301F-11D3-BF4B-00C04F79EFBC}") = "Unity.RenderPipelines.ShaderGraph.ShaderGraphLibrary", "Unity.RenderPipelines.ShaderGraph.ShaderGraphLibrary.Player.csproj", "{1649db99-6cab-3edb-dc3a-e7b3a80569d2}"
EndProject
Project("{FAE04EC0-301F-11D3-BF4B-00C04F79EFBC}") = "Unity.RenderPipelines.Core.ShaderLibrary", "Unity.RenderPipelines.Core.ShaderLibrary.Player.csproj", "{d3aa75d5-dca9-b9a6-7d3d-4693ffbc2932}"
EndProject
Project("{FAE04EC0-301F-11D3-BF4B-00C04F79EFBC}") = "TestNewCustomAssembly", "TestNewCustomAssembly.csproj", "{3a00dc26-ac6e-b4b1-e868-cb154995359a}"
EndProject
Project("{FAE04EC0-301F-11D3-BF4B-00C04F79EFBC}") = "Unity.Mathematics.Tests", "Unity.Mathematics.Tests.csproj", "{f1b81a57-7656-677a-2257-de1cb74de3c2}"
EndProject
Project("{FAE04EC0-301F-11D3-BF4B-00C04F79EFBC}") = "Unity.Addressables.Editor.Tests", "Unity.Addressables.Editor.Tests.csproj", "{ea9197ce-e9d7-8531-5a6d-e011227e9215}"
EndProject
Project("{FAE04EC0-301F-11D3-BF4B-00C04F79EFBC}") = "Unity.Services.Authentication.Server.Tests", "Unity.Services.Authentication.Server.Tests.csproj", "{141ee981-c5a3-7d5d-8455-52f5ee969ca8}"
EndProject
Project("{FAE04EC0-301F-11D3-BF4B-00C04F79EFBC}") = "Unity.RenderPipelines.Core.Editor.Tests", "Unity.RenderPipelines.Core.Editor.Tests.csproj", "{5276fb5c-ead8-4229-8645-5f4e643dc257}"
EndProject
Project("{FAE04EC0-301F-11D3-BF4B-00C04F79EFBC}") = "Unity.Collections.Tests", "Unity.Collections.Tests.csproj", "{3643e201-4594-e52e-e6dd-bc70896e0506}"
EndProject
Project("{FAE04EC0-301F-11D3-BF4B-00C04F79EFBC}") = "Unity.RenderPipelines.Universal.Config.Editor.Tests", "Unity.RenderPipelines.Universal.Config.Editor.Tests.csproj", "{0adac1a9-ab00-7a04-ab14-6a971af244aa}"
EndProject
Project("{FAE04EC0-301F-11D3-BF4B-00C04F79EFBC}") = "Unity.RenderPipelines.Universal.Editor.Tests", "Unity.RenderPipelines.Universal.Editor.Tests.csproj", "{dc4f4eae-a7c7-445b-a87d-ee245b37cad6}"
EndProject
Project("{FAE04EC0-301F-11D3-BF4B-00C04F79EFBC}") = "PhotonWebSocket", "PhotonWebSocket.csproj", "{f8976646-995e-8056-4306-c0b3ddee4984}"
EndProject
Project("{FAE04EC0-301F-11D3-BF4B-00C04F79EFBC}") = "Unity.ResourceManager.Tests", "Unity.ResourceManager.Tests.csproj", "{d83aa302-f37e-1e1a-f391-320ac583d1e4}"
EndProject
Project("{FAE04EC0-301F-11D3-BF4B-00C04F79EFBC}") = "Unity.Collections.DocCodeSamples", "Unity.Collections.DocCodeSamples.csproj", "{776457fc-0892-2ae1-b0e2-6a5e87072384}"
EndProject
Project("{FAE04EC0-301F-11D3-BF4B-00C04F79EFBC}") = "Unity.ScriptableBuildPipeline.Editor.Tests", "Unity.ScriptableBuildPipeline.Editor.Tests.csproj", "{c130f25c-75c2-5e4e-676d-69f642a2893a}"
EndProject
Project("{FAE04EC0-301F-11D3-BF4B-00C04F79EFBC}") = "Unity.2D.Sprite.Package.EditorTests", "Unity.2D.Sprite.Package.EditorTests.csproj", "{e0810f42-d0cc-cead-135f-c9ec70e8d454}"
EndProject
Project("{FAE04EC0-301F-11D3-BF4B-00C04F79EFBC}") = "Unity.Services.Authentication.Server", "Unity.Services.Authentication.Server.csproj", "{e2907c13-a5b8-0258-11cf-20230e2584ae}"
EndProject
Project("{FAE04EC0-301F-11D3-BF4B-00C04F79EFBC}") = "Unity.AppUI.Tests", "Unity.AppUI.Tests.csproj", "{3c145189-d08c-d5ce-8c0f-cc54d2a65e7e}"
EndProject
Project("{FAE04EC0-301F-11D3-BF4B-00C04F79EFBC}") = "Unity.Searcher.EditorTests", "Unity.Searcher.EditorTests.csproj", "{0f386af9-b7df-c64c-63f6-77eeb78b9b30}"
EndProject
Project("{FAE04EC0-301F-11D3-BF4B-00C04F79EFBC}") = "Unity.Addressables.Runtime.Tests", "Unity.Addressables.Runtime.Tests.csproj", "{a340b371-f788-e3b8-5902-d3442ad7a856}"
EndProject
Project("{FAE04EC0-301F-11D3-BF4B-00C04F79EFBC}") = "Unity.Services.Authentication.PlayerAccounts.Tests", "Unity.Services.Authentication.PlayerAccounts.Tests.csproj", "{169570a2-5437-c753-aea2-eb8b8fec9122}"
EndProject
Project("{FAE04EC0-301F-11D3-BF4B-00C04F79EFBC}") = "Unity.ScriptableBuildPipelineTests.Runtime.Tests", "Unity.ScriptableBuildPipelineTests.Runtime.Tests.csproj", "{1156a06c-0b82-d6f7-2e63-8d66175f0cd4}"
EndProject
Project("{FAE04EC0-301F-11D3-BF4B-00C04F79EFBC}") = "Unity.Collections.PerformanceTests", "Unity.Collections.PerformanceTests.csproj", "{dbf5d1a6-b0be-46e6-07e1-8f4453afbead}"
EndProject
Project("{FAE04EC0-301F-11D3-BF4B-00C04F79EFBC}") = "Unity.Postprocessing.Runtime.Tests", "Unity.Postprocessing.Runtime.Tests.csproj", "{b87676fe-48af-8609-ac84-730a1b460671}"
EndProject
Project("{FAE04EC0-301F-11D3-BF4B-00C04F79EFBC}") = "Unity.TestTools.CodeCoverage.Editor.Compatibility", "Unity.TestTools.CodeCoverage.Editor.Compatibility.csproj", "{f0092b25-300d-2d6f-12bf-f6ceef3ff3a1}"
EndProject
Project("{FAE04EC0-301F-11D3-BF4B-00C04F79EFBC}") = "Unity.TextMeshPro.Editor.Tests", "Unity.TextMeshPro.Editor.Tests.csproj", "{12e045ca-34a7-898f-a1b5-c9e85d3fdf67}"
EndProject
Project("{FAE04EC0-301F-11D3-BF4B-00C04F79EFBC}") = "DocCodeExamples", "DocCodeExamples.csproj", "{ac2cbd7e-3b9e-fa47-ba79-7d343bf630d4}"
EndProject
Project("{FAE04EC0-301F-11D3-BF4B-00C04F79EFBC}") = "Unity.Localization.DocCodeSamples", "Unity.Localization.DocCodeSamples.csproj", "{0d21e1f2-5487-2b3a-4e86-42214e7d2e8e}"
EndProject
Project("{FAE04EC0-301F-11D3-BF4B-00C04F79EFBC}") = "Unity.LightTransport.Editor.Tests", "Unity.LightTransport.Editor.Tests.csproj", "{c073206b-1a33-4674-f47a-7dc26c0aa22b}"
EndProject
Project("{FAE04EC0-301F-11D3-BF4B-00C04F79EFBC}") = "Unity.Multiplayer.Center.Tests", "Unity.Multiplayer.Center.Tests.csproj", "{0a2a05d1-f148-ffb0-f347-cd82f76c61f1}"
EndProject
Project("{FAE04EC0-301F-11D3-BF4B-00C04F79EFBC}") = "Unity.RenderPipelines.Core.Runtime.Tests", "Unity.RenderPipelines.Core.Runtime.Tests.csproj", "{7ab605df-d078-9bae-0e0e-1056391a6881}"
EndProject
Project("{FAE04EC0-301F-11D3-BF4B-00C04F79EFBC}") = "TMProDynamicDataCleaner.Tests", "TMProDynamicDataCleaner.Tests.csproj", "{d0547d73-32b4-92ba-b2ba-3da70ea61ab1}"
EndProject
Project("{FAE04EC0-301F-11D3-BF4B-00C04F79EFBC}") = "Unity.Performance.Profile-Analyzer.EditorTests", "Unity.Performance.Profile-Analyzer.EditorTests.csproj", "{173a76eb-8c1b-6081-8fed-0bac9fda625b}"
EndProject
Project("{FAE04EC0-301F-11D3-BF4B-00C04F79EFBC}") = "Unity.Multiplayer.Center.Editor.Tests", "Unity.Multiplayer.Center.Editor.Tests.csproj", "{19bd36b7-c7f0-9341-3a5b-7a16cd901f8f}"
EndProject
Project("{FAE04EC0-301F-11D3-BF4B-00C04F79EFBC}") = "Unity.Services.Authentication.PlayerAccounts.EditorTests", "Unity.Services.Authentication.PlayerAccounts.EditorTests.csproj", "{52c9d975-4dfb-fdd6-573e-6a8d6db48602}"
EndProject
Project("{FAE04EC0-301F-11D3-BF4B-00C04F79EFBC}") = "Unity.Multiplayer.PlayMode.Scenarios.Debugging.Editor", "Unity.Multiplayer.PlayMode.Scenarios.Debugging.Editor.csproj", "{3236b624-fa30-b27b-946b-7e44a9c7479c}"
EndProject
Project("{FAE04EC0-301F-11D3-BF4B-00C04F79EFBC}") = "Unity.Settings.Tests", "Unity.Settings.Tests.csproj", "{9459c63c-a3ed-e737-edc2-33df72b983d5}"
EndProject
Project("{FAE04EC0-301F-11D3-BF4B-00C04F79EFBC}") = "UnityEngine.UI.Tests", "UnityEngine.UI.Tests.csproj", "{244268dc-1b0a-4451-5ddd-fe5d80575105}"
EndProject
Project("{FAE04EC0-301F-11D3-BF4B-00C04F79EFBC}") = "Unity.Sysroot.Linux_x86_64.EditorTests", "Unity.Sysroot.Linux_x86_64.EditorTests.csproj", "{d20726b3-a4b1-8fe8-d7db-5a2500556942}"
EndProject
Project("{FAE04EC0-301F-11D3-BF4B-00C04F79EFBC}") = "Unity.InputSystem.IntegrationTests", "Unity.InputSystem.IntegrationTests.csproj", "{034b6de2-ffff-1c98-7403-28036c675c89}"
EndProject
Project("{FAE04EC0-301F-11D3-BF4B-00C04F79EFBC}") = "Unity.Collections.Tests.Playmode", "Unity.Collections.Tests.Playmode.csproj", "{347d37e8-a37e-522e-5009-cf2338086176}"
EndProject
Project("{FAE04EC0-301F-11D3-BF4B-00C04F79EFBC}") = "Unity.Nuget.Mono-Cecil", "Unity.Nuget.Mono-Cecil.csproj", "{b20d54b2-4c9b-7dc1-8db4-00caa3e0f74a}"
EndProject
Project("{FAE04EC0-301F-11D3-BF4B-00C04F79EFBC}") = "Unity.Sysroot.EditorTests", "Unity.Sysroot.EditorTests.csproj", "{b516bb4a-bc98-3218-8796-c511c4f4ed2d}"
EndProject
Project("{FAE04EC0-301F-11D3-BF4B-00C04F79EFBC}") = "Unity.TextMeshPro.Tests", "Unity.TextMeshPro.Tests.csproj", "{18b409c8-0f5c-bd66-f1e2-5314ea6042ee}"
EndProject
Project("{FAE04EC0-301F-11D3-BF4B-00C04F79EFBC}") = "UnityEditor.UI.EditorTests", "UnityEditor.UI.EditorTests.csproj", "{ef9e641d-2643-b841-17af-b35d4b501076}"
EndProject
Project("{FAE04EC0-301F-11D3-BF4B-00C04F79EFBC}") = "Unity.RenderPipelines.Universal.Runtime.Tests", "Unity.RenderPipelines.Universal.Runtime.Tests.csproj", "{35c6bef4-344b-0a29-3644-afb14c454ff7}"
EndProject
Project("{FAE04EC0-301F-11D3-BF4B-00C04F79EFBC}") = "Unity.Postprocessing.Editor.Tests", "Unity.Postprocessing.Editor.Tests.csproj", "{44c18870-43b0-44d1-f063-344f8c536eac}"
EndProject
Project("{FAE04EC0-301F-11D3-BF4B-00C04F79EFBC}") = "Unity.Toolchain.Win-x86_64-Linux-x86_64.EditorTests", "Unity.Toolchain.Win-x86_64-Linux-x86_64.EditorTests.csproj", "{5220e3c5-b80e-4dda-7c2c-b5a4bd6017bc}"
EndProject
Project("{FAE04EC0-301F-11D3-BF4B-00C04F79EFBC}") = "Unity.ScriptableBuildPipeline.Tests", "Unity.ScriptableBuildPipeline.Tests.csproj", "{1972cb06-984e-ec25-ca41-4793a18ad094}"
EndProject
Project("{FAE04EC0-301F-11D3-BF4B-00C04F79EFBC}") = "Unity.AppUI.Editor.Tests", "Unity.AppUI.Editor.Tests.csproj", "{59466df8-f38a-76c7-b306-94f33c432cce}"
EndProject
Project("{FAE04EC0-301F-11D3-BF4B-00C04F79EFBC}") = "Unity.Collections.BurstCompatibilityGen", "Unity.Collections.BurstCompatibilityGen.csproj", "{6ae6bd47-ec78-2efd-7951-e5176e2e768c}"
EndProject
Project("{FAE04EC0-301F-11D3-BF4B-00C04F79EFBC}") = "Unity.ShaderGraph.Editor.Tests", "Unity.ShaderGraph.Editor.Tests.csproj", "{80d91033-20d0-628b-32b2-5aa949a29e33}"
EndProject
Global
	GlobalSection(SolutionConfigurationPlatforms) = preSolution
		Debug|Any CPU = Debug|Any CPU
	EndGlobalSection
	GlobalSection(ProjectConfigurationPlatforms) = postSolution
		{83b9bcc3-6d08-295c-152d-cab52d90ac5d}.Debug|Any CPU.ActiveCfg = Debug|Any CPU
		{83b9bcc3-6d08-295c-152d-cab52d90ac5d}.Debug|Any CPU.Build.0 = Debug|Any CPU
		{65fdd1d1-9a9c-f881-ee32-bc0efd473ba8}.Debug|Any CPU.ActiveCfg = Debug|Any CPU
		{65fdd1d1-9a9c-f881-ee32-bc0efd473ba8}.Debug|Any CPU.Build.0 = Debug|Any CPU
		{c3a621c3-5909-ec1e-268b-bcf6139de70b}.Debug|Any CPU.ActiveCfg = Debug|Any CPU
		{c3a621c3-5909-ec1e-268b-bcf6139de70b}.Debug|Any CPU.Build.0 = Debug|Any CPU
		{cb04311a-5511-a68e-75e5-8c711312b826}.Debug|Any CPU.ActiveCfg = Debug|Any CPU
		{cb04311a-5511-a68e-75e5-8c711312b826}.Debug|Any CPU.Build.0 = Debug|Any CPU
		{c096bcc6-e411-6615-e896-e53487603fc3}.Debug|Any CPU.ActiveCfg = Debug|Any CPU
		{c096bcc6-e411-6615-e896-e53487603fc3}.Debug|Any CPU.Build.0 = Debug|Any CPU
		{5dc26014-a708-5529-3c4a-eb1918041abf}.Debug|Any CPU.ActiveCfg = Debug|Any CPU
		{5dc26014-a708-5529-3c4a-eb1918041abf}.Debug|Any CPU.Build.0 = Debug|Any CPU
		{fd8f78d2-463c-c1cf-8309-9061e6867bb5}.Debug|Any CPU.ActiveCfg = Debug|Any CPU
		{fd8f78d2-463c-c1cf-8309-9061e6867bb5}.Debug|Any CPU.Build.0 = Debug|Any CPU
		{a0ad4b8c-eb0d-95f2-ac83-3a3262f6bf01}.Debug|Any CPU.ActiveCfg = Debug|Any CPU
		{a0ad4b8c-eb0d-95f2-ac83-3a3262f6bf01}.Debug|Any CPU.Build.0 = Debug|Any CPU
		{c2ff33a5-e068-bbf6-355a-197cdd74ae0f}.Debug|Any CPU.ActiveCfg = Debug|Any CPU
		{c2ff33a5-e068-bbf6-355a-197cdd74ae0f}.Debug|Any CPU.Build.0 = Debug|Any CPU
		{fbf643fa-d35e-4845-be96-5bc561cdca07}.Debug|Any CPU.ActiveCfg = Debug|Any CPU
		{fbf643fa-d35e-4845-be96-5bc561cdca07}.Debug|Any CPU.Build.0 = Debug|Any CPU
		{6d4761e4-fa8a-78b8-6048-db8f3c99f339}.Debug|Any CPU.ActiveCfg = Debug|Any CPU
		{6d4761e4-fa8a-78b8-6048-db8f3c99f339}.Debug|Any CPU.Build.0 = Debug|Any CPU
		{3904c694-0e9c-b332-c755-396d8da2a5fa}.Debug|Any CPU.ActiveCfg = Debug|Any CPU
		{3904c694-0e9c-b332-c755-396d8da2a5fa}.Debug|Any CPU.Build.0 = Debug|Any CPU
		{d722f769-c15b-0965-9231-82cd7f1726a2}.Debug|Any CPU.ActiveCfg = Debug|Any CPU
		{d722f769-c15b-0965-9231-82cd7f1726a2}.Debug|Any CPU.Build.0 = Debug|Any CPU
		{77b2acee-c8a0-da42-608e-6104d2472eb0}.Debug|Any CPU.ActiveCfg = Debug|Any CPU
		{77b2acee-c8a0-da42-608e-6104d2472eb0}.Debug|Any CPU.Build.0 = Debug|Any CPU
		{a673016d-0d60-1634-b5b2-642c025ffba4}.Debug|Any CPU.ActiveCfg = Debug|Any CPU
		{a673016d-0d60-1634-b5b2-642c025ffba4}.Debug|Any CPU.Build.0 = Debug|Any CPU
		{92af2064-7a72-81cc-ba91-6dc7f4abee55}.Debug|Any CPU.ActiveCfg = Debug|Any CPU
		{92af2064-7a72-81cc-ba91-6dc7f4abee55}.Debug|Any CPU.Build.0 = Debug|Any CPU
		{283449dd-2df6-5794-01f8-25fce0807700}.Debug|Any CPU.ActiveCfg = Debug|Any CPU
		{283449dd-2df6-5794-01f8-25fce0807700}.Debug|Any CPU.Build.0 = Debug|Any CPU
		{01bc7498-50ce-e536-6043-6362d0bb92eb}.Debug|Any CPU.ActiveCfg = Debug|Any CPU
		{01bc7498-50ce-e536-6043-6362d0bb92eb}.Debug|Any CPU.Build.0 = Debug|Any CPU
		{4d8d14f2-789d-fc00-88d4-99edf79d3221}.Debug|Any CPU.ActiveCfg = Debug|Any CPU
		{4d8d14f2-789d-fc00-88d4-99edf79d3221}.Debug|Any CPU.Build.0 = Debug|Any CPU
		{92fdb5b1-5c96-63e1-30a9-3d1834cada8a}.Debug|Any CPU.ActiveCfg = Debug|Any CPU
		{92fdb5b1-5c96-63e1-30a9-3d1834cada8a}.Debug|Any CPU.Build.0 = Debug|Any CPU
		{9020d704-9b60-def2-de1a-4ca9b37ea012}.Debug|Any CPU.ActiveCfg = Debug|Any CPU
		{9020d704-9b60-def2-de1a-4ca9b37ea012}.Debug|Any CPU.Build.0 = Debug|Any CPU
		{926e2f48-fda1-3afa-4217-5e1c5ff05d2c}.Debug|Any CPU.ActiveCfg = Debug|Any CPU
		{926e2f48-fda1-3afa-4217-5e1c5ff05d2c}.Debug|Any CPU.Build.0 = Debug|Any CPU
		{3a473248-bcaf-32bf-d9c8-acaf0ce7da26}.Debug|Any CPU.ActiveCfg = Debug|Any CPU
		{3a473248-bcaf-32bf-d9c8-acaf0ce7da26}.Debug|Any CPU.Build.0 = Debug|Any CPU
		{66b3fd07-14c8-3f26-d0fa-85f33cd3e8e7}.Debug|Any CPU.ActiveCfg = Debug|Any CPU
		{66b3fd07-14c8-3f26-d0fa-85f33cd3e8e7}.Debug|Any CPU.Build.0 = Debug|Any CPU
		{5d852701-3286-d0d9-aec0-2486201c1932}.Debug|Any CPU.ActiveCfg = Debug|Any CPU
		{5d852701-3286-d0d9-aec0-2486201c1932}.Debug|Any CPU.Build.0 = Debug|Any CPU
		{b71cee7c-b57a-c837-e324-ccd5c2ac2aef}.Debug|Any CPU.ActiveCfg = Debug|Any CPU
		{b71cee7c-b57a-c837-e324-ccd5c2ac2aef}.Debug|Any CPU.Build.0 = Debug|Any CPU
		{06b4982d-13eb-bc76-7eee-6d27a31a0481}.Debug|Any CPU.ActiveCfg = Debug|Any CPU
		{06b4982d-13eb-bc76-7eee-6d27a31a0481}.Debug|Any CPU.Build.0 = Debug|Any CPU
		{8ac5dae2-9e87-2c6d-15b9-c120b65d415e}.Debug|Any CPU.ActiveCfg = Debug|Any CPU
		{8ac5dae2-9e87-2c6d-15b9-c120b65d415e}.Debug|Any CPU.Build.0 = Debug|Any CPU
		{02867e3f-143b-20a6-a1b5-08e0c21e14de}.Debug|Any CPU.ActiveCfg = Debug|Any CPU
		{02867e3f-143b-20a6-a1b5-08e0c21e14de}.Debug|Any CPU.Build.0 = Debug|Any CPU
		{81ead20c-de1f-7106-396f-a890fb32351c}.Debug|Any CPU.ActiveCfg = Debug|Any CPU
		{81ead20c-de1f-7106-396f-a890fb32351c}.Debug|Any CPU.Build.0 = Debug|Any CPU
		{e1934a4e-00b4-7a25-e0a0-5697b8a2d580}.Debug|Any CPU.ActiveCfg = Debug|Any CPU
		{e1934a4e-00b4-7a25-e0a0-5697b8a2d580}.Debug|Any CPU.Build.0 = Debug|Any CPU
		{5dd2ed06-ae7b-5de9-1f7f-96bdbbde1f96}.Debug|Any CPU.ActiveCfg = Debug|Any CPU
		{5dd2ed06-ae7b-5de9-1f7f-96bdbbde1f96}.Debug|Any CPU.Build.0 = Debug|Any CPU
		{b33f5604-edd5-d800-cfa6-a8cd4f7c56d8}.Debug|Any CPU.ActiveCfg = Debug|Any CPU
		{b33f5604-edd5-d800-cfa6-a8cd4f7c56d8}.Debug|Any CPU.Build.0 = Debug|Any CPU
		{4b3de327-7a76-3e47-81f1-38adc2c882da}.Debug|Any CPU.ActiveCfg = Debug|Any CPU
		{4b3de327-7a76-3e47-81f1-38adc2c882da}.Debug|Any CPU.Build.0 = Debug|Any CPU
		{6153833d-6689-5f65-e202-ce4e7c7c8d82}.Debug|Any CPU.ActiveCfg = Debug|Any CPU
		{6153833d-6689-5f65-e202-ce4e7c7c8d82}.Debug|Any CPU.Build.0 = Debug|Any CPU
		{139dbfd3-da4a-3c58-4953-ac0bcd5a3ab3}.Debug|Any CPU.ActiveCfg = Debug|Any CPU
		{139dbfd3-da4a-3c58-4953-ac0bcd5a3ab3}.Debug|Any CPU.Build.0 = Debug|Any CPU
		{4f15e222-941e-3c65-36b9-35168fee8329}.Debug|Any CPU.ActiveCfg = Debug|Any CPU
		{4f15e222-941e-3c65-36b9-35168fee8329}.Debug|Any CPU.Build.0 = Debug|Any CPU
		{94413f14-c0b6-2432-feda-0677c37e64eb}.Debug|Any CPU.ActiveCfg = Debug|Any CPU
		{94413f14-c0b6-2432-feda-0677c37e64eb}.Debug|Any CPU.Build.0 = Debug|Any CPU
		{890ece46-2cf9-443c-0e44-7036c45ee569}.Debug|Any CPU.ActiveCfg = Debug|Any CPU
		{890ece46-2cf9-443c-0e44-7036c45ee569}.Debug|Any CPU.Build.0 = Debug|Any CPU
		{cb719db5-19ee-641c-c491-5a9421375a89}.Debug|Any CPU.ActiveCfg = Debug|Any CPU
		{cb719db5-19ee-641c-c491-5a9421375a89}.Debug|Any CPU.Build.0 = Debug|Any CPU
		{c68b71d6-79ce-b2d7-c85e-31226e464176}.Debug|Any CPU.ActiveCfg = Debug|Any CPU
		{c68b71d6-79ce-b2d7-c85e-31226e464176}.Debug|Any CPU.Build.0 = Debug|Any CPU
		{bf692b52-06a3-628c-0c99-b64b91dfe779}.Debug|Any CPU.ActiveCfg = Debug|Any CPU
		{bf692b52-06a3-628c-0c99-b64b91dfe779}.Debug|Any CPU.Build.0 = Debug|Any CPU
		{e1124565-75b0-443a-6e24-4f9b27e85686}.Debug|Any CPU.ActiveCfg = Debug|Any CPU
		{e1124565-75b0-443a-6e24-4f9b27e85686}.Debug|Any CPU.Build.0 = Debug|Any CPU
		{65793cee-44df-fa56-c5b8-7c1299931b62}.Debug|Any CPU.ActiveCfg = Debug|Any CPU
		{65793cee-44df-fa56-c5b8-7c1299931b62}.Debug|Any CPU.Build.0 = Debug|Any CPU
		{2bd1be3e-845e-86cb-0dab-6981064b769c}.Debug|Any CPU.ActiveCfg = Debug|Any CPU
		{2bd1be3e-845e-86cb-0dab-6981064b769c}.Debug|Any CPU.Build.0 = Debug|Any CPU
		{7d5ce312-d4ac-936f-5eef-4d366184e431}.Debug|Any CPU.ActiveCfg = Debug|Any CPU
		{7d5ce312-d4ac-936f-5eef-4d366184e431}.Debug|Any CPU.Build.0 = Debug|Any CPU
		{e87cbadf-bd23-8d86-9b48-fd3429fbe2d1}.Debug|Any CPU.ActiveCfg = Debug|Any CPU
		{e87cbadf-bd23-8d86-9b48-fd3429fbe2d1}.Debug|Any CPU.Build.0 = Debug|Any CPU
		{72e0a2c6-4e25-1632-7d33-7c428bbaf8ab}.Debug|Any CPU.ActiveCfg = Debug|Any CPU
		{72e0a2c6-4e25-1632-7d33-7c428bbaf8ab}.Debug|Any CPU.Build.0 = Debug|Any CPU
		{30d043c0-c69d-bcad-7b2d-fb3993c3ebaf}.Debug|Any CPU.ActiveCfg = Debug|Any CPU
		{30d043c0-c69d-bcad-7b2d-fb3993c3ebaf}.Debug|Any CPU.Build.0 = Debug|Any CPU
		{fa78c7b9-3ca2-cd92-5c0f-0f46be8f3a4f}.Debug|Any CPU.ActiveCfg = Debug|Any CPU
		{fa78c7b9-3ca2-cd92-5c0f-0f46be8f3a4f}.Debug|Any CPU.Build.0 = Debug|Any CPU
		{2cea3062-fd4a-681a-0346-005a56aeec75}.Debug|Any CPU.ActiveCfg = Debug|Any CPU
		{2cea3062-fd4a-681a-0346-005a56aeec75}.Debug|Any CPU.Build.0 = Debug|Any CPU
		{23df1c8a-db59-2ffd-cde0-a133305b57c9}.Debug|Any CPU.ActiveCfg = Debug|Any CPU
		{23df1c8a-db59-2ffd-cde0-a133305b57c9}.Debug|Any CPU.Build.0 = Debug|Any CPU
		{36299fcb-b054-25c6-cdbe-93311ef7a4e1}.Debug|Any CPU.ActiveCfg = Debug|Any CPU
		{36299fcb-b054-25c6-cdbe-93311ef7a4e1}.Debug|Any CPU.Build.0 = Debug|Any CPU
		{a513e50f-178a-cbd7-1bed-1df07194b9a2}.Debug|Any CPU.ActiveCfg = Debug|Any CPU
		{a513e50f-178a-cbd7-1bed-1df07194b9a2}.Debug|Any CPU.Build.0 = Debug|Any CPU
		{31f937e5-4691-4c77-0ac6-f9ed8c6e9d0c}.Debug|Any CPU.ActiveCfg = Debug|Any CPU
		{31f937e5-4691-4c77-0ac6-f9ed8c6e9d0c}.Debug|Any CPU.Build.0 = Debug|Any CPU
		{3bdc7ef3-8193-7e98-29b6-24d57231fa31}.Debug|Any CPU.ActiveCfg = Debug|Any CPU
		{3bdc7ef3-8193-7e98-29b6-24d57231fa31}.Debug|Any CPU.Build.0 = Debug|Any CPU
		{497a536d-454b-1f0a-b1cd-4c2ea43f5088}.Debug|Any CPU.ActiveCfg = Debug|Any CPU
		{497a536d-454b-1f0a-b1cd-4c2ea43f5088}.Debug|Any CPU.Build.0 = Debug|Any CPU
		{970b2d79-6ee6-df80-e59a-f4773c217e30}.Debug|Any CPU.ActiveCfg = Debug|Any CPU
		{970b2d79-6ee6-df80-e59a-f4773c217e30}.Debug|Any CPU.Build.0 = Debug|Any CPU
		{65f9fd94-4576-ca2f-6e5a-dddf9c05e20d}.Debug|Any CPU.ActiveCfg = Debug|Any CPU
		{65f9fd94-4576-ca2f-6e5a-dddf9c05e20d}.Debug|Any CPU.Build.0 = Debug|Any CPU
		{f3340e82-b022-0208-0793-f61dc43b2018}.Debug|Any CPU.ActiveCfg = Debug|Any CPU
		{f3340e82-b022-0208-0793-f61dc43b2018}.Debug|Any CPU.Build.0 = Debug|Any CPU
		{762c1b67-b642-441b-382a-b9d05b2968ea}.Debug|Any CPU.ActiveCfg = Debug|Any CPU
		{762c1b67-b642-441b-382a-b9d05b2968ea}.Debug|Any CPU.Build.0 = Debug|Any CPU
		{4959f82b-366e-ab6f-2735-847265171e45}.Debug|Any CPU.ActiveCfg = Debug|Any CPU
		{4959f82b-366e-ab6f-2735-847265171e45}.Debug|Any CPU.Build.0 = Debug|Any CPU
		{bf3e3166-bf9d-6447-b2cd-4d6ffc5c8c3e}.Debug|Any CPU.ActiveCfg = Debug|Any CPU
		{bf3e3166-bf9d-6447-b2cd-4d6ffc5c8c3e}.Debug|Any CPU.Build.0 = Debug|Any CPU
		{0f8fb077-f698-e390-a72b-9d99372774c2}.Debug|Any CPU.ActiveCfg = Debug|Any CPU
		{0f8fb077-f698-e390-a72b-9d99372774c2}.Debug|Any CPU.Build.0 = Debug|Any CPU
		{80f9b81d-e3fb-e750-de0a-514ce742bd94}.Debug|Any CPU.ActiveCfg = Debug|Any CPU
		{80f9b81d-e3fb-e750-de0a-514ce742bd94}.Debug|Any CPU.Build.0 = Debug|Any CPU
		{b63bc242-3fd9-fc83-854a-955fff533540}.Debug|Any CPU.ActiveCfg = Debug|Any CPU
		{b63bc242-3fd9-fc83-854a-955fff533540}.Debug|Any CPU.Build.0 = Debug|Any CPU
		{ec0f03b5-45cd-d534-81dc-aaa5fcf42a38}.Debug|Any CPU.ActiveCfg = Debug|Any CPU
		{ec0f03b5-45cd-d534-81dc-aaa5fcf42a38}.Debug|Any CPU.Build.0 = Debug|Any CPU
		{68ac58d2-51ec-0daf-bf22-851c6bd7e3bc}.Debug|Any CPU.ActiveCfg = Debug|Any CPU
		{68ac58d2-51ec-0daf-bf22-851c6bd7e3bc}.Debug|Any CPU.Build.0 = Debug|Any CPU
		{9edecace-d58f-8e0d-0b69-455fab1bc674}.Debug|Any CPU.ActiveCfg = Debug|Any CPU
		{9edecace-d58f-8e0d-0b69-455fab1bc674}.Debug|Any CPU.Build.0 = Debug|Any CPU
		{7d110ccd-75e2-99c3-b23d-c31e8d2c02f7}.Debug|Any CPU.ActiveCfg = Debug|Any CPU
		{7d110ccd-75e2-99c3-b23d-c31e8d2c02f7}.Debug|Any CPU.Build.0 = Debug|Any CPU
		{9cc44be2-db0b-ecf0-7e20-0e73158366ff}.Debug|Any CPU.ActiveCfg = Debug|Any CPU
		{9cc44be2-db0b-ecf0-7e20-0e73158366ff}.Debug|Any CPU.Build.0 = Debug|Any CPU
		{b06d234d-c292-658b-4cae-49d88d37e9b9}.Debug|Any CPU.ActiveCfg = Debug|Any CPU
		{b06d234d-c292-658b-4cae-49d88d37e9b9}.Debug|Any CPU.Build.0 = Debug|Any CPU
		{0730c6dc-3bd6-3e4e-0b1a-212a48b555a1}.Debug|Any CPU.ActiveCfg = Debug|Any CPU
		{0730c6dc-3bd6-3e4e-0b1a-212a48b555a1}.Debug|Any CPU.Build.0 = Debug|Any CPU
		{4362b0fd-f15f-053f-1de6-265838aaec2c}.Debug|Any CPU.ActiveCfg = Debug|Any CPU
		{4362b0fd-f15f-053f-1de6-265838aaec2c}.Debug|Any CPU.Build.0 = Debug|Any CPU
		{3f109e09-92dc-3192-2b7c-d0b77348f961}.Debug|Any CPU.ActiveCfg = Debug|Any CPU
		{3f109e09-92dc-3192-2b7c-d0b77348f961}.Debug|Any CPU.Build.0 = Debug|Any CPU
		{e9014021-2c37-ee95-b30e-94755456d3d5}.Debug|Any CPU.ActiveCfg = Debug|Any CPU
		{e9014021-2c37-ee95-b30e-94755456d3d5}.Debug|Any CPU.Build.0 = Debug|Any CPU
		{246470a0-84ed-c511-371f-a937890ea5df}.Debug|Any CPU.ActiveCfg = Debug|Any CPU
		{246470a0-84ed-c511-371f-a937890ea5df}.Debug|Any CPU.Build.0 = Debug|Any CPU
		{c6d74aad-c56b-4374-54c2-ebcec37829b4}.Debug|Any CPU.ActiveCfg = Debug|Any CPU
		{c6d74aad-c56b-4374-54c2-ebcec37829b4}.Debug|Any CPU.Build.0 = Debug|Any CPU
		{2668a755-eccb-7bd0-6131-cdccd7a99a26}.Debug|Any CPU.ActiveCfg = Debug|Any CPU
		{2668a755-eccb-7bd0-6131-cdccd7a99a26}.Debug|Any CPU.Build.0 = Debug|Any CPU
		{d935cbf1-fd6f-1dbb-f660-16ef5af0ddca}.Debug|Any CPU.ActiveCfg = Debug|Any CPU
		{d935cbf1-fd6f-1dbb-f660-16ef5af0ddca}.Debug|Any CPU.Build.0 = Debug|Any CPU
		{9e7d96b6-40bb-da0b-c37f-34162e4b93f4}.Debug|Any CPU.ActiveCfg = Debug|Any CPU
		{9e7d96b6-40bb-da0b-c37f-34162e4b93f4}.Debug|Any CPU.Build.0 = Debug|Any CPU
		{e1dbc252-686b-6c68-b853-40e96dc2cb2b}.Debug|Any CPU.ActiveCfg = Debug|Any CPU
		{e1dbc252-686b-6c68-b853-40e96dc2cb2b}.Debug|Any CPU.Build.0 = Debug|Any CPU
		{1cf98202-e851-113c-ed23-0a8e06eebbcf}.Debug|Any CPU.ActiveCfg = Debug|Any CPU
		{1cf98202-e851-113c-ed23-0a8e06eebbcf}.Debug|Any CPU.Build.0 = Debug|Any CPU
		{6bc38d09-ea2b-1ab5-0fca-46d17491a194}.Debug|Any CPU.ActiveCfg = Debug|Any CPU
		{6bc38d09-ea2b-1ab5-0fca-46d17491a194}.Debug|Any CPU.Build.0 = Debug|Any CPU
		{93a31538-94a6-543e-37ea-81da56419fd9}.Debug|Any CPU.ActiveCfg = Debug|Any CPU
		{93a31538-94a6-543e-37ea-81da56419fd9}.Debug|Any CPU.Build.0 = Debug|Any CPU
		{f74d5c01-682a-2c0f-2d1a-d97f37d1ddfa}.Debug|Any CPU.ActiveCfg = Debug|Any CPU
		{f74d5c01-682a-2c0f-2d1a-d97f37d1ddfa}.Debug|Any CPU.Build.0 = Debug|Any CPU
		{b7045e53-3042-b9ef-cc9a-3214f5420c16}.Debug|Any CPU.ActiveCfg = Debug|Any CPU
		{b7045e53-3042-b9ef-cc9a-3214f5420c16}.Debug|Any CPU.Build.0 = Debug|Any CPU
		{ce939174-a08a-987c-55b9-c27650456985}.Debug|Any CPU.ActiveCfg = Debug|Any CPU
		{ce939174-a08a-987c-55b9-c27650456985}.Debug|Any CPU.Build.0 = Debug|Any CPU
		{72a90d30-d32f-6593-f9da-4e078e229d6c}.Debug|Any CPU.ActiveCfg = Debug|Any CPU
		{72a90d30-d32f-6593-f9da-4e078e229d6c}.Debug|Any CPU.Build.0 = Debug|Any CPU
		{3f8fc950-51f3-a04b-6e58-e74786e42b36}.Debug|Any CPU.ActiveCfg = Debug|Any CPU
		{3f8fc950-51f3-a04b-6e58-e74786e42b36}.Debug|Any CPU.Build.0 = Debug|Any CPU
		{528a37f6-5630-c40c-b195-b02cbb10394f}.Debug|Any CPU.ActiveCfg = Debug|Any CPU
		{528a37f6-5630-c40c-b195-b02cbb10394f}.Debug|Any CPU.Build.0 = Debug|Any CPU
		{bf6f3cd4-ec93-4012-6bb5-a0e79f1c70a4}.Debug|Any CPU.ActiveCfg = Debug|Any CPU
		{bf6f3cd4-ec93-4012-6bb5-a0e79f1c70a4}.Debug|Any CPU.Build.0 = Debug|Any CPU
		{7c922afd-5398-0e7a-6199-ef1a8867f51a}.Debug|Any CPU.ActiveCfg = Debug|Any CPU
		{7c922afd-5398-0e7a-6199-ef1a8867f51a}.Debug|Any CPU.Build.0 = Debug|Any CPU
		{1d9909ec-bc2b-8209-d507-30f4f03adc5f}.Debug|Any CPU.ActiveCfg = Debug|Any CPU
		{1d9909ec-bc2b-8209-d507-30f4f03adc5f}.Debug|Any CPU.Build.0 = Debug|Any CPU
		{fc5cb49b-07f9-802c-8ed8-3c5a78ff81ac}.Debug|Any CPU.ActiveCfg = Debug|Any CPU
		{fc5cb49b-07f9-802c-8ed8-3c5a78ff81ac}.Debug|Any CPU.Build.0 = Debug|Any CPU
		{a074b1ec-7970-e85c-b09b-42aae9ea7fa7}.Debug|Any CPU.ActiveCfg = Debug|Any CPU
		{a074b1ec-7970-e85c-b09b-42aae9ea7fa7}.Debug|Any CPU.Build.0 = Debug|Any CPU
		{68cd409e-781e-0f3e-edc1-e81a50653505}.Debug|Any CPU.ActiveCfg = Debug|Any CPU
		{68cd409e-781e-0f3e-edc1-e81a50653505}.Debug|Any CPU.Build.0 = Debug|Any CPU
		{0025756a-2521-abfc-5c23-ec9bfef5c39d}.Debug|Any CPU.ActiveCfg = Debug|Any CPU
		{0025756a-2521-abfc-5c23-ec9bfef5c39d}.Debug|Any CPU.Build.0 = Debug|Any CPU
		{d8feb84a-d9e6-faed-55e3-583d9dc3e887}.Debug|Any CPU.ActiveCfg = Debug|Any CPU
		{d8feb84a-d9e6-faed-55e3-583d9dc3e887}.Debug|Any CPU.Build.0 = Debug|Any CPU
		{3a9cc5e5-f2aa-c061-1311-013bc8d3f578}.Debug|Any CPU.ActiveCfg = Debug|Any CPU
		{3a9cc5e5-f2aa-c061-1311-013bc8d3f578}.Debug|Any CPU.Build.0 = Debug|Any CPU
		{8843cd4f-c032-94e5-18b5-40d3f14aed6e}.Debug|Any CPU.ActiveCfg = Debug|Any CPU
		{8843cd4f-c032-94e5-18b5-40d3f14aed6e}.Debug|Any CPU.Build.0 = Debug|Any CPU
		{49cbea29-62f5-c7cc-99c0-5d46d5cc9057}.Debug|Any CPU.ActiveCfg = Debug|Any CPU
		{49cbea29-62f5-c7cc-99c0-5d46d5cc9057}.Debug|Any CPU.Build.0 = Debug|Any CPU
		{428b735f-0c6e-c465-3fff-76de95622563}.Debug|Any CPU.ActiveCfg = Debug|Any CPU
		{428b735f-0c6e-c465-3fff-76de95622563}.Debug|Any CPU.Build.0 = Debug|Any CPU
		{cb3c2e04-79fb-f6a2-8d1c-8d2f75719586}.Debug|Any CPU.ActiveCfg = Debug|Any CPU
		{cb3c2e04-79fb-f6a2-8d1c-8d2f75719586}.Debug|Any CPU.Build.0 = Debug|Any CPU
		{025de41e-896d-0b93-09da-5a76b5bfa044}.Debug|Any CPU.ActiveCfg = Debug|Any CPU
		{025de41e-896d-0b93-09da-5a76b5bfa044}.Debug|Any CPU.Build.0 = Debug|Any CPU
		{750ac5f8-31dc-f3d4-160b-5f41dc9c8d15}.Debug|Any CPU.ActiveCfg = Debug|Any CPU
		{750ac5f8-31dc-f3d4-160b-5f41dc9c8d15}.Debug|Any CPU.Build.0 = Debug|Any CPU
		{9e612e12-2d75-e0f0-4b5f-512d8191b82c}.Debug|Any CPU.ActiveCfg = Debug|Any CPU
		{9e612e12-2d75-e0f0-4b5f-512d8191b82c}.Debug|Any CPU.Build.0 = Debug|Any CPU
		{301db64d-74bd-d269-4e57-2611543a82f2}.Debug|Any CPU.ActiveCfg = Debug|Any CPU
		{301db64d-74bd-d269-4e57-2611543a82f2}.Debug|Any CPU.Build.0 = Debug|Any CPU
		{cc44b16f-deab-3fde-37ca-6a7ad186e2c9}.Debug|Any CPU.ActiveCfg = Debug|Any CPU
		{cc44b16f-deab-3fde-37ca-6a7ad186e2c9}.Debug|Any CPU.Build.0 = Debug|Any CPU
		{38168d37-467e-1859-8bfc-13a6fa5b8585}.Debug|Any CPU.ActiveCfg = Debug|Any CPU
		{38168d37-467e-1859-8bfc-13a6fa5b8585}.Debug|Any CPU.Build.0 = Debug|Any CPU
		{78ab1956-aeaf-e773-b88c-aeaad70d6589}.Debug|Any CPU.ActiveCfg = Debug|Any CPU
		{78ab1956-aeaf-e773-b88c-aeaad70d6589}.Debug|Any CPU.Build.0 = Debug|Any CPU
		{657dca97-64b8-d76f-0e2a-7fe811868f50}.Debug|Any CPU.ActiveCfg = Debug|Any CPU
		{657dca97-64b8-d76f-0e2a-7fe811868f50}.Debug|Any CPU.Build.0 = Debug|Any CPU
		{23f3b824-2d7b-d7a3-cc2b-27b8eaa19724}.Debug|Any CPU.ActiveCfg = Debug|Any CPU
		{23f3b824-2d7b-d7a3-cc2b-27b8eaa19724}.Debug|Any CPU.Build.0 = Debug|Any CPU
		{f0ce071c-c8aa-74b5-2f13-f4917aee426e}.Debug|Any CPU.ActiveCfg = Debug|Any CPU
		{f0ce071c-c8aa-74b5-2f13-f4917aee426e}.Debug|Any CPU.Build.0 = Debug|Any CPU
		{fe4079a6-2f6c-1672-a5e8-275b0a0995c2}.Debug|Any CPU.ActiveCfg = Debug|Any CPU
		{fe4079a6-2f6c-1672-a5e8-275b0a0995c2}.Debug|Any CPU.Build.0 = Debug|Any CPU
		{27c5f01a-6279-5987-b47c-2c2e4a699f38}.Debug|Any CPU.ActiveCfg = Debug|Any CPU
		{27c5f01a-6279-5987-b47c-2c2e4a699f38}.Debug|Any CPU.Build.0 = Debug|Any CPU
		{1a168c09-2d0c-b2fd-97f9-97036481a038}.Debug|Any CPU.ActiveCfg = Debug|Any CPU
		{1a168c09-2d0c-b2fd-97f9-97036481a038}.Debug|Any CPU.Build.0 = Debug|Any CPU
		{d3b57b60-f6d9-3e89-bb5f-329282b07380}.Debug|Any CPU.ActiveCfg = Debug|Any CPU
		{d3b57b60-f6d9-3e89-bb5f-329282b07380}.Debug|Any CPU.Build.0 = Debug|Any CPU
		{cf49bbb7-c512-16ec-17b9-ec7fb4de2d38}.Debug|Any CPU.ActiveCfg = Debug|Any CPU
		{cf49bbb7-c512-16ec-17b9-ec7fb4de2d38}.Debug|Any CPU.Build.0 = Debug|Any CPU
		{37f79332-70e7-7654-6ba2-27ee54614b4f}.Debug|Any CPU.ActiveCfg = Debug|Any CPU
		{37f79332-70e7-7654-6ba2-27ee54614b4f}.Debug|Any CPU.Build.0 = Debug|Any CPU
		{6d9e5585-8876-bec4-a712-9e56abbc8da6}.Debug|Any CPU.ActiveCfg = Debug|Any CPU
		{6d9e5585-8876-bec4-a712-9e56abbc8da6}.Debug|Any CPU.Build.0 = Debug|Any CPU
		{3e24e00d-926a-d1de-b5a7-84629d408b11}.Debug|Any CPU.ActiveCfg = Debug|Any CPU
		{3e24e00d-926a-d1de-b5a7-84629d408b11}.Debug|Any CPU.Build.0 = Debug|Any CPU
		{b0eb7ff2-7358-57da-7a93-d0ad295fb4f0}.Debug|Any CPU.ActiveCfg = Debug|Any CPU
		{b0eb7ff2-7358-57da-7a93-d0ad295fb4f0}.Debug|Any CPU.Build.0 = Debug|Any CPU
		{1475ecda-ba32-12f9-f8ac-029a0c8eff49}.Debug|Any CPU.ActiveCfg = Debug|Any CPU
		{1475ecda-ba32-12f9-f8ac-029a0c8eff49}.Debug|Any CPU.Build.0 = Debug|Any CPU
		{f3a1449a-4608-d06c-818c-8a2c27b4fdd2}.Debug|Any CPU.ActiveCfg = Debug|Any CPU
		{f3a1449a-4608-d06c-818c-8a2c27b4fdd2}.Debug|Any CPU.Build.0 = Debug|Any CPU
		{1de38703-af1c-2e66-bfbb-8a8f0a88620c}.Debug|Any CPU.ActiveCfg = Debug|Any CPU
		{1de38703-af1c-2e66-bfbb-8a8f0a88620c}.Debug|Any CPU.Build.0 = Debug|Any CPU
		{e0ec4565-536d-d2fd-cac6-0ecfb737b6b4}.Debug|Any CPU.ActiveCfg = Debug|Any CPU
		{e0ec4565-536d-d2fd-cac6-0ecfb737b6b4}.Debug|Any CPU.Build.0 = Debug|Any CPU
		{d21bc0ad-d0dc-63b5-0fe2-0d437a4f9169}.Debug|Any CPU.ActiveCfg = Debug|Any CPU
		{d21bc0ad-d0dc-63b5-0fe2-0d437a4f9169}.Debug|Any CPU.Build.0 = Debug|Any CPU
		{1d38887a-dc8c-6044-93d1-710d5e4f6d6f}.Debug|Any CPU.ActiveCfg = Debug|Any CPU
		{1d38887a-dc8c-6044-93d1-710d5e4f6d6f}.Debug|Any CPU.Build.0 = Debug|Any CPU
		{b342a1cd-4605-4abe-19a5-b1e050d735c3}.Debug|Any CPU.ActiveCfg = Debug|Any CPU
		{b342a1cd-4605-4abe-19a5-b1e050d735c3}.Debug|Any CPU.Build.0 = Debug|Any CPU
		{71a9ae76-9a4a-2e2b-0e04-3820e21b8a69}.Debug|Any CPU.ActiveCfg = Debug|Any CPU
		{71a9ae76-9a4a-2e2b-0e04-3820e21b8a69}.Debug|Any CPU.Build.0 = Debug|Any CPU
		{daf8b83b-3105-6bef-2e96-27d1b982d380}.Debug|Any CPU.ActiveCfg = Debug|Any CPU
		{daf8b83b-3105-6bef-2e96-27d1b982d380}.Debug|Any CPU.Build.0 = Debug|Any CPU
		{bfd53290-3b95-ae43-c3b1-69823ecddcb1}.Debug|Any CPU.ActiveCfg = Debug|Any CPU
		{bfd53290-3b95-ae43-c3b1-69823ecddcb1}.Debug|Any CPU.Build.0 = Debug|Any CPU
		{3bdbbf1e-7d7a-fea4-9a81-bcf649f6179d}.Debug|Any CPU.ActiveCfg = Debug|Any CPU
		{3bdbbf1e-7d7a-fea4-9a81-bcf649f6179d}.Debug|Any CPU.Build.0 = Debug|Any CPU
		{a4468e2f-06c7-257b-731b-83603b8024d2}.Debug|Any CPU.ActiveCfg = Debug|Any CPU
		{a4468e2f-06c7-257b-731b-83603b8024d2}.Debug|Any CPU.Build.0 = Debug|Any CPU
		{156ee77c-96af-5ebf-1570-f03bd9273aa7}.Debug|Any CPU.ActiveCfg = Debug|Any CPU
		{156ee77c-96af-5ebf-1570-f03bd9273aa7}.Debug|Any CPU.Build.0 = Debug|Any CPU
		{2cae689a-6327-5f9a-20a9-952e31087fd5}.Debug|Any CPU.ActiveCfg = Debug|Any CPU
		{2cae689a-6327-5f9a-20a9-952e31087fd5}.Debug|Any CPU.Build.0 = Debug|Any CPU
		{18770c2d-553c-afea-96c4-41f81881b35a}.Debug|Any CPU.ActiveCfg = Debug|Any CPU
		{18770c2d-553c-afea-96c4-41f81881b35a}.Debug|Any CPU.Build.0 = Debug|Any CPU
		{e84a4071-5dc8-bd4d-f30e-deaca3b95c17}.Debug|Any CPU.ActiveCfg = Debug|Any CPU
		{e84a4071-5dc8-bd4d-f30e-deaca3b95c17}.Debug|Any CPU.Build.0 = Debug|Any CPU
		{5769990f-cc40-7caa-10e6-26417b765b3f}.Debug|Any CPU.ActiveCfg = Debug|Any CPU
		{5769990f-cc40-7caa-10e6-26417b765b3f}.Debug|Any CPU.Build.0 = Debug|Any CPU
		{8c468960-d647-104f-ff74-15328062c6a4}.Debug|Any CPU.ActiveCfg = Debug|Any CPU
		{8c468960-d647-104f-ff74-15328062c6a4}.Debug|Any CPU.Build.0 = Debug|Any CPU
		{eb249354-f688-1235-d136-33c6cf3f228c}.Debug|Any CPU.ActiveCfg = Debug|Any CPU
		{eb249354-f688-1235-d136-33c6cf3f228c}.Debug|Any CPU.Build.0 = Debug|Any CPU
		{9676f0cd-b40a-325f-3719-847fb373d245}.Debug|Any CPU.ActiveCfg = Debug|Any CPU
		{9676f0cd-b40a-325f-3719-847fb373d245}.Debug|Any CPU.Build.0 = Debug|Any CPU
		{3f436d73-b501-29f0-7fa9-5376d79ddf39}.Debug|Any CPU.ActiveCfg = Debug|Any CPU
		{3f436d73-b501-29f0-7fa9-5376d79ddf39}.Debug|Any CPU.Build.0 = Debug|Any CPU
		{a333adae-b34c-d6fa-88b3-b3b6bab7bdcc}.Debug|Any CPU.ActiveCfg = Debug|Any CPU
		{a333adae-b34c-d6fa-88b3-b3b6bab7bdcc}.Debug|Any CPU.Build.0 = Debug|Any CPU
		{b776dd2e-e6e7-9f4b-5219-e2ed519c76d1}.Debug|Any CPU.ActiveCfg = Debug|Any CPU
		{b776dd2e-e6e7-9f4b-5219-e2ed519c76d1}.Debug|Any CPU.Build.0 = Debug|Any CPU
		{4c184a94-0df7-0a48-d073-a9d21c47a7bf}.Debug|Any CPU.ActiveCfg = Debug|Any CPU
		{4c184a94-0df7-0a48-d073-a9d21c47a7bf}.Debug|Any CPU.Build.0 = Debug|Any CPU
		{1a406e1d-7454-c0ff-495a-711f2632c431}.Debug|Any CPU.ActiveCfg = Debug|Any CPU
		{1a406e1d-7454-c0ff-495a-711f2632c431}.Debug|Any CPU.Build.0 = Debug|Any CPU
		{cb698619-1b01-e125-9c01-55222118bffe}.Debug|Any CPU.ActiveCfg = Debug|Any CPU
		{cb698619-1b01-e125-9c01-55222118bffe}.Debug|Any CPU.Build.0 = Debug|Any CPU
		{2be26d29-5e8c-256d-8d31-80da55177cf5}.Debug|Any CPU.ActiveCfg = Debug|Any CPU
		{2be26d29-5e8c-256d-8d31-80da55177cf5}.Debug|Any CPU.Build.0 = Debug|Any CPU
		{0f85193b-2c88-1da4-653a-ec988af0e78a}.Debug|Any CPU.ActiveCfg = Debug|Any CPU
		{0f85193b-2c88-1da4-653a-ec988af0e78a}.Debug|Any CPU.Build.0 = Debug|Any CPU
		{89e4cc45-cc5e-ed86-fe16-c80710af4b8b}.Debug|Any CPU.ActiveCfg = Debug|Any CPU
		{89e4cc45-cc5e-ed86-fe16-c80710af4b8b}.Debug|Any CPU.Build.0 = Debug|Any CPU
		{3f168a78-4a14-2c58-d5c4-b916bba08455}.Debug|Any CPU.ActiveCfg = Debug|Any CPU
		{3f168a78-4a14-2c58-d5c4-b916bba08455}.Debug|Any CPU.Build.0 = Debug|Any CPU
		{5709c6bc-db56-b5a4-58d4-aff2c9802bd7}.Debug|Any CPU.ActiveCfg = Debug|Any CPU
		{5709c6bc-db56-b5a4-58d4-aff2c9802bd7}.Debug|Any CPU.Build.0 = Debug|Any CPU
		{f7e32048-a909-d26e-7f3d-a5aff60e396d}.Debug|Any CPU.ActiveCfg = Debug|Any CPU
		{f7e32048-a909-d26e-7f3d-a5aff60e396d}.Debug|Any CPU.Build.0 = Debug|Any CPU
		{8f968bc4-6c99-6653-d903-559bd674d6bd}.Debug|Any CPU.ActiveCfg = Debug|Any CPU
		{8f968bc4-6c99-6653-d903-559bd674d6bd}.Debug|Any CPU.Build.0 = Debug|Any CPU
		{61c8d533-261a-a927-e515-6d8326cd9cec}.Debug|Any CPU.ActiveCfg = Debug|Any CPU
		{61c8d533-261a-a927-e515-6d8326cd9cec}.Debug|Any CPU.Build.0 = Debug|Any CPU
		{e21c7928-a7e1-80af-4b48-10ceb2589abb}.Debug|Any CPU.ActiveCfg = Debug|Any CPU
		{e21c7928-a7e1-80af-4b48-10ceb2589abb}.Debug|Any CPU.Build.0 = Debug|Any CPU
		{73cdd5a0-1836-28fe-8425-5fc7ea3d656c}.Debug|Any CPU.ActiveCfg = Debug|Any CPU
		{73cdd5a0-1836-28fe-8425-5fc7ea3d656c}.Debug|Any CPU.Build.0 = Debug|Any CPU
		{9dab8a10-dbc8-a115-b417-325029e6aa28}.Debug|Any CPU.ActiveCfg = Debug|Any CPU
		{9dab8a10-dbc8-a115-b417-325029e6aa28}.Debug|Any CPU.Build.0 = Debug|Any CPU
		{0a65eeca-c4ab-16e6-952c-51d798945701}.Debug|Any CPU.ActiveCfg = Debug|Any CPU
		{0a65eeca-c4ab-16e6-952c-51d798945701}.Debug|Any CPU.Build.0 = Debug|Any CPU
		{5833ec0e-6cf7-94b9-6db0-ec1a3db828b3}.Debug|Any CPU.ActiveCfg = Debug|Any CPU
		{5833ec0e-6cf7-94b9-6db0-ec1a3db828b3}.Debug|Any CPU.Build.0 = Debug|Any CPU
		{1988346a-f34a-78d1-c6c3-31f8094c3b3b}.Debug|Any CPU.ActiveCfg = Debug|Any CPU
		{1988346a-f34a-78d1-c6c3-31f8094c3b3b}.Debug|Any CPU.Build.0 = Debug|Any CPU
		{53264859-afa1-631a-f829-845e78ca3fcd}.Debug|Any CPU.ActiveCfg = Debug|Any CPU
		{53264859-afa1-631a-f829-845e78ca3fcd}.Debug|Any CPU.Build.0 = Debug|Any CPU
		{872620d5-75d6-3b6a-ac04-2bb6dbc15c97}.Debug|Any CPU.ActiveCfg = Debug|Any CPU
		{872620d5-75d6-3b6a-ac04-2bb6dbc15c97}.Debug|Any CPU.Build.0 = Debug|Any CPU
		{24a4f51e-0056-7471-e5d4-9b7705f86a43}.Debug|Any CPU.ActiveCfg = Debug|Any CPU
		{24a4f51e-0056-7471-e5d4-9b7705f86a43}.Debug|Any CPU.Build.0 = Debug|Any CPU
		{db90d914-4e66-a7f3-c7e7-5ee8867d6c42}.Debug|Any CPU.ActiveCfg = Debug|Any CPU
		{db90d914-4e66-a7f3-c7e7-5ee8867d6c42}.Debug|Any CPU.Build.0 = Debug|Any CPU
		{914b15e6-9a24-4139-3cf0-3a2cffbdd92c}.Debug|Any CPU.ActiveCfg = Debug|Any CPU
		{914b15e6-9a24-4139-3cf0-3a2cffbdd92c}.Debug|Any CPU.Build.0 = Debug|Any CPU
		{146098c9-7c98-7868-4514-a0482d3ef9a5}.Debug|Any CPU.ActiveCfg = Debug|Any CPU
		{146098c9-7c98-7868-4514-a0482d3ef9a5}.Debug|Any CPU.Build.0 = Debug|Any CPU
		{d08522a3-5fbc-9f9e-6fc8-99336da4bdf3}.Debug|Any CPU.ActiveCfg = Debug|Any CPU
		{d08522a3-5fbc-9f9e-6fc8-99336da4bdf3}.Debug|Any CPU.Build.0 = Debug|Any CPU
		{7bed91fa-7f9e-a70a-a471-e131ae81eac4}.Debug|Any CPU.ActiveCfg = Debug|Any CPU
		{7bed91fa-7f9e-a70a-a471-e131ae81eac4}.Debug|Any CPU.Build.0 = Debug|Any CPU
		{9912ba03-8aa9-2f1e-5422-c454f8611e8d}.Debug|Any CPU.ActiveCfg = Debug|Any CPU
		{9912ba03-8aa9-2f1e-5422-c454f8611e8d}.Debug|Any CPU.Build.0 = Debug|Any CPU
		{7501c03f-b39b-1a7b-9590-87551c181620}.Debug|Any CPU.ActiveCfg = Debug|Any CPU
		{7501c03f-b39b-1a7b-9590-87551c181620}.Debug|Any CPU.Build.0 = Debug|Any CPU
		{283e8582-4d5e-c817-afdf-429cc7d2c3b3}.Debug|Any CPU.ActiveCfg = Debug|Any CPU
		{283e8582-4d5e-c817-afdf-429cc7d2c3b3}.Debug|Any CPU.Build.0 = Debug|Any CPU
		{0a7e5e42-79e9-1835-9e37-699b661a73c4}.Debug|Any CPU.ActiveCfg = Debug|Any CPU
		{0a7e5e42-79e9-1835-9e37-699b661a73c4}.Debug|Any CPU.Build.0 = Debug|Any CPU
		{c87157e6-8e37-2872-c5c4-7f3d8701af46}.Debug|Any CPU.ActiveCfg = Debug|Any CPU
		{c87157e6-8e37-2872-c5c4-7f3d8701af46}.Debug|Any CPU.Build.0 = Debug|Any CPU
		{3f0b3d30-f828-833e-a144-38f6e59fe0f6}.Debug|Any CPU.ActiveCfg = Debug|Any CPU
		{3f0b3d30-f828-833e-a144-38f6e59fe0f6}.Debug|Any CPU.Build.0 = Debug|Any CPU
		{ed119a23-f51f-b427-5eed-cf019114f190}.Debug|Any CPU.ActiveCfg = Debug|Any CPU
		{ed119a23-f51f-b427-5eed-cf019114f190}.Debug|Any CPU.Build.0 = Debug|Any CPU
		{fc05671a-2e68-93d8-0714-2f3e1955be01}.Debug|Any CPU.ActiveCfg = Debug|Any CPU
		{fc05671a-2e68-93d8-0714-2f3e1955be01}.Debug|Any CPU.Build.0 = Debug|Any CPU
		{92b74f35-f5b3-57a0-9d7c-d0cad397c385}.Debug|Any CPU.ActiveCfg = Debug|Any CPU
		{92b74f35-f5b3-57a0-9d7c-d0cad397c385}.Debug|Any CPU.Build.0 = Debug|Any CPU
		{625e8b77-ad7e-88f7-32e1-0440398f95e3}.Debug|Any CPU.ActiveCfg = Debug|Any CPU
		{625e8b77-ad7e-88f7-32e1-0440398f95e3}.Debug|Any CPU.Build.0 = Debug|Any CPU
		{bf58a8e0-1908-2c78-d59e-eb1b7a14ec2b}.Debug|Any CPU.ActiveCfg = Debug|Any CPU
		{bf58a8e0-1908-2c78-d59e-eb1b7a14ec2b}.Debug|Any CPU.Build.0 = Debug|Any CPU
		{c1105418-1943-ad52-cde7-763dda42b1a3}.Debug|Any CPU.ActiveCfg = Debug|Any CPU
		{c1105418-1943-ad52-cde7-763dda42b1a3}.Debug|Any CPU.Build.0 = Debug|Any CPU
		{872d0cd2-b434-d379-820e-ca8cc87f27b6}.Debug|Any CPU.ActiveCfg = Debug|Any CPU
		{872d0cd2-b434-d379-820e-ca8cc87f27b6}.Debug|Any CPU.Build.0 = Debug|Any CPU
		{0782f382-697c-86bc-2877-cfb667f87587}.Debug|Any CPU.ActiveCfg = Debug|Any CPU
		{0782f382-697c-86bc-2877-cfb667f87587}.Debug|Any CPU.Build.0 = Debug|Any CPU
		{cd739fce-308a-84fa-cdd5-9cc68d2d2d9a}.Debug|Any CPU.ActiveCfg = Debug|Any CPU
		{cd739fce-308a-84fa-cdd5-9cc68d2d2d9a}.Debug|Any CPU.Build.0 = Debug|Any CPU
		{32a97b1d-2e35-daa3-473a-5bfd290b3da8}.Debug|Any CPU.ActiveCfg = Debug|Any CPU
		{32a97b1d-2e35-daa3-473a-5bfd290b3da8}.Debug|Any CPU.Build.0 = Debug|Any CPU
		{6b6d9aac-1639-2252-a4cd-69541d3e0ba2}.Debug|Any CPU.ActiveCfg = Debug|Any CPU
		{6b6d9aac-1639-2252-a4cd-69541d3e0ba2}.Debug|Any CPU.Build.0 = Debug|Any CPU
		{c6d2a047-1b21-f08f-9368-d41465ec4f32}.Debug|Any CPU.ActiveCfg = Debug|Any CPU
		{c6d2a047-1b21-f08f-9368-d41465ec4f32}.Debug|Any CPU.Build.0 = Debug|Any CPU
		{a48c17f6-ebb1-e1f2-7583-a9c1c93a161c}.Debug|Any CPU.ActiveCfg = Debug|Any CPU
		{a48c17f6-ebb1-e1f2-7583-a9c1c93a161c}.Debug|Any CPU.Build.0 = Debug|Any CPU
		{4ec4d127-c4f6-97e3-817c-51bd3ea521a2}.Debug|Any CPU.ActiveCfg = Debug|Any CPU
		{4ec4d127-c4f6-97e3-817c-51bd3ea521a2}.Debug|Any CPU.Build.0 = Debug|Any CPU
		{f00ba14d-f292-a149-84a0-86c028e6c038}.Debug|Any CPU.ActiveCfg = Debug|Any CPU
		{f00ba14d-f292-a149-84a0-86c028e6c038}.Debug|Any CPU.Build.0 = Debug|Any CPU
		{0ff76b1f-eb79-5013-0dd7-bd0bceec2d23}.Debug|Any CPU.ActiveCfg = Debug|Any CPU
		{0ff76b1f-eb79-5013-0dd7-bd0bceec2d23}.Debug|Any CPU.Build.0 = Debug|Any CPU
		{0379e5b6-f963-a547-f163-b5521103ca71}.Debug|Any CPU.ActiveCfg = Debug|Any CPU
		{0379e5b6-f963-a547-f163-b5521103ca71}.Debug|Any CPU.Build.0 = Debug|Any CPU
		{e2f008e5-dcbe-4325-27f9-a1b3c1b2a8b8}.Debug|Any CPU.ActiveCfg = Debug|Any CPU
		{e2f008e5-dcbe-4325-27f9-a1b3c1b2a8b8}.Debug|Any CPU.Build.0 = Debug|Any CPU
		{89492eee-0a29-091b-8e3b-ff55dbd9308d}.Debug|Any CPU.ActiveCfg = Debug|Any CPU
		{89492eee-0a29-091b-8e3b-ff55dbd9308d}.Debug|Any CPU.Build.0 = Debug|Any CPU
		{f2f5be82-3446-e7e7-1bab-5fe4bb2d607d}.Debug|Any CPU.ActiveCfg = Debug|Any CPU
		{f2f5be82-3446-e7e7-1bab-5fe4bb2d607d}.Debug|Any CPU.Build.0 = Debug|Any CPU
		{3e2050b9-bbc2-cf31-b21e-c9f3583c2eb5}.Debug|Any CPU.ActiveCfg = Debug|Any CPU
		{3e2050b9-bbc2-cf31-b21e-c9f3583c2eb5}.Debug|Any CPU.Build.0 = Debug|Any CPU
		{3842f89c-21ad-e035-5ab0-d72b87d71d5c}.Debug|Any CPU.ActiveCfg = Debug|Any CPU
		{3842f89c-21ad-e035-5ab0-d72b87d71d5c}.Debug|Any CPU.Build.0 = Debug|Any CPU
		{35c3cbae-41f1-ccb5-ec2e-23096032bc37}.Debug|Any CPU.ActiveCfg = Debug|Any CPU
		{35c3cbae-41f1-ccb5-ec2e-23096032bc37}.Debug|Any CPU.Build.0 = Debug|Any CPU
		{6226a302-8246-c179-93a1-bafd7b77e0bf}.Debug|Any CPU.ActiveCfg = Debug|Any CPU
		{6226a302-8246-c179-93a1-bafd7b77e0bf}.Debug|Any CPU.Build.0 = Debug|Any CPU
		{3cf9ec45-9ef1-8b7b-4bc3-5175ddf76d58}.Debug|Any CPU.ActiveCfg = Debug|Any CPU
		{3cf9ec45-9ef1-8b7b-4bc3-5175ddf76d58}.Debug|Any CPU.Build.0 = Debug|Any CPU
		{7ea325ce-9283-8ad8-becb-331aa1d067f5}.Debug|Any CPU.ActiveCfg = Debug|Any CPU
		{7ea325ce-9283-8ad8-becb-331aa1d067f5}.Debug|Any CPU.Build.0 = Debug|Any CPU
		{b3c9348c-d4cd-0327-53da-f3f3762e578e}.Debug|Any CPU.ActiveCfg = Debug|Any CPU
		{b3c9348c-d4cd-0327-53da-f3f3762e578e}.Debug|Any CPU.Build.0 = Debug|Any CPU
		{919d3587-8c8a-71a1-6f29-74a67d025209}.Debug|Any CPU.ActiveCfg = Debug|Any CPU
		{919d3587-8c8a-71a1-6f29-74a67d025209}.Debug|Any CPU.Build.0 = Debug|Any CPU
		{31f52295-4127-c98b-fb6d-0689b13f72f6}.Debug|Any CPU.ActiveCfg = Debug|Any CPU
		{31f52295-4127-c98b-fb6d-0689b13f72f6}.Debug|Any CPU.Build.0 = Debug|Any CPU
		{131f0723-3353-7eac-a34b-d8391a157983}.Debug|Any CPU.ActiveCfg = Debug|Any CPU
		{131f0723-3353-7eac-a34b-d8391a157983}.Debug|Any CPU.Build.0 = Debug|Any CPU
		{e84154a0-cd60-e1e4-bfab-a77ad8456ee0}.Debug|Any CPU.ActiveCfg = Debug|Any CPU
		{e84154a0-cd60-e1e4-bfab-a77ad8456ee0}.Debug|Any CPU.Build.0 = Debug|Any CPU
		{3e19767f-372b-8687-7d8a-666a3e0139f0}.Debug|Any CPU.ActiveCfg = Debug|Any CPU
		{3e19767f-372b-8687-7d8a-666a3e0139f0}.Debug|Any CPU.Build.0 = Debug|Any CPU
		{83032e1d-e6c8-fd9a-94d9-7c6c0c464d1d}.Debug|Any CPU.ActiveCfg = Debug|Any CPU
		{83032e1d-e6c8-fd9a-94d9-7c6c0c464d1d}.Debug|Any CPU.Build.0 = Debug|Any CPU
		{f7c15efe-697a-62f5-6f22-ff2ef5caab56}.Debug|Any CPU.ActiveCfg = Debug|Any CPU
		{f7c15efe-697a-62f5-6f22-ff2ef5caab56}.Debug|Any CPU.Build.0 = Debug|Any CPU
		{3ba98aab-4a08-b9e6-746d-3c99604134d8}.Debug|Any CPU.ActiveCfg = Debug|Any CPU
		{3ba98aab-4a08-b9e6-746d-3c99604134d8}.Debug|Any CPU.Build.0 = Debug|Any CPU
		{38622ad4-0c9e-9d4e-7bd7-337d54812fb7}.Debug|Any CPU.ActiveCfg = Debug|Any CPU
		{38622ad4-0c9e-9d4e-7bd7-337d54812fb7}.Debug|Any CPU.Build.0 = Debug|Any CPU
		{36ca215c-0798-dfbb-1282-bf341c4becee}.Debug|Any CPU.ActiveCfg = Debug|Any CPU
		{36ca215c-0798-dfbb-1282-bf341c4becee}.Debug|Any CPU.Build.0 = Debug|Any CPU
		{fd79794b-97fd-e6e9-6dfe-48ce51b22892}.Debug|Any CPU.ActiveCfg = Debug|Any CPU
		{fd79794b-97fd-e6e9-6dfe-48ce51b22892}.Debug|Any CPU.Build.0 = Debug|Any CPU
		{9b859062-7dc8-8ff4-278d-2232b6dd74a9}.Debug|Any CPU.ActiveCfg = Debug|Any CPU
		{9b859062-7dc8-8ff4-278d-2232b6dd74a9}.Debug|Any CPU.Build.0 = Debug|Any CPU
		{359ccac8-f9b3-9d5d-4a9b-3849d93cb638}.Debug|Any CPU.ActiveCfg = Debug|Any CPU
		{359ccac8-f9b3-9d5d-4a9b-3849d93cb638}.Debug|Any CPU.Build.0 = Debug|Any CPU
		{3ad14f89-4860-baee-0147-2a9a96a2638e}.Debug|Any CPU.ActiveCfg = Debug|Any CPU
		{3ad14f89-4860-baee-0147-2a9a96a2638e}.Debug|Any CPU.Build.0 = Debug|Any CPU
		{6239cb6a-2b17-7e21-024e-bac70b90c7fd}.Debug|Any CPU.ActiveCfg = Debug|Any CPU
		{6239cb6a-2b17-7e21-024e-bac70b90c7fd}.Debug|Any CPU.Build.0 = Debug|Any CPU
		{0fe73d0e-ed8e-9e7f-c668-c36ebbd288f1}.Debug|Any CPU.ActiveCfg = Debug|Any CPU
		{0fe73d0e-ed8e-9e7f-c668-c36ebbd288f1}.Debug|Any CPU.Build.0 = Debug|Any CPU
		{196494b9-f849-eee5-e822-01dae20b4903}.Debug|Any CPU.ActiveCfg = Debug|Any CPU
		{196494b9-f849-eee5-e822-01dae20b4903}.Debug|Any CPU.Build.0 = Debug|Any CPU
		{1198aee4-7189-937d-c3d8-ccca4b818281}.Debug|Any CPU.ActiveCfg = Debug|Any CPU
		{1198aee4-7189-937d-c3d8-ccca4b818281}.Debug|Any CPU.Build.0 = Debug|Any CPU
		{dd60cd17-29ec-0040-359d-802cf5f07757}.Debug|Any CPU.ActiveCfg = Debug|Any CPU
		{dd60cd17-29ec-0040-359d-802cf5f07757}.Debug|Any CPU.Build.0 = Debug|Any CPU
		{e93a2037-1bcc-2ec1-c0c2-7856b713e9c2}.Debug|Any CPU.ActiveCfg = Debug|Any CPU
		{e93a2037-1bcc-2ec1-c0c2-7856b713e9c2}.Debug|Any CPU.Build.0 = Debug|Any CPU
		{79878ffa-cb80-47da-a48a-01df0e28345d}.Debug|Any CPU.ActiveCfg = Debug|Any CPU
		{79878ffa-cb80-47da-a48a-01df0e28345d}.Debug|Any CPU.Build.0 = Debug|Any CPU
		{af045ee8-7329-8177-82f5-4c6f99de7654}.Debug|Any CPU.ActiveCfg = Debug|Any CPU
		{af045ee8-7329-8177-82f5-4c6f99de7654}.Debug|Any CPU.Build.0 = Debug|Any CPU
		{92dd0364-6819-4b61-98d3-c5bbf87759d9}.Debug|Any CPU.ActiveCfg = Debug|Any CPU
		{92dd0364-6819-4b61-98d3-c5bbf87759d9}.Debug|Any CPU.Build.0 = Debug|Any CPU
		{67224e9d-5d52-54a0-b8dc-e794b2a18c13}.Debug|Any CPU.ActiveCfg = Debug|Any CPU
		{67224e9d-5d52-54a0-b8dc-e794b2a18c13}.Debug|Any CPU.Build.0 = Debug|Any CPU
		{698ccd28-6271-a6e1-19ea-2c7a1d316fc7}.Debug|Any CPU.ActiveCfg = Debug|Any CPU
		{698ccd28-6271-a6e1-19ea-2c7a1d316fc7}.Debug|Any CPU.Build.0 = Debug|Any CPU
		{c1435643-f556-fd6a-0cc0-ee596f133014}.Debug|Any CPU.ActiveCfg = Debug|Any CPU
		{c1435643-f556-fd6a-0cc0-ee596f133014}.Debug|Any CPU.Build.0 = Debug|Any CPU
		{298af359-a188-cc41-d63a-8f7c00541d62}.Debug|Any CPU.ActiveCfg = Debug|Any CPU
		{298af359-a188-cc41-d63a-8f7c00541d62}.Debug|Any CPU.Build.0 = Debug|Any CPU
		{25e13dc4-198e-9282-4cdf-774fbaf6d409}.Debug|Any CPU.ActiveCfg = Debug|Any CPU
		{25e13dc4-198e-9282-4cdf-774fbaf6d409}.Debug|Any CPU.Build.0 = Debug|Any CPU
		{0d494021-5bf7-50e3-fca7-a32d1346a59c}.Debug|Any CPU.ActiveCfg = Debug|Any CPU
		{0d494021-5bf7-50e3-fca7-a32d1346a59c}.Debug|Any CPU.Build.0 = Debug|Any CPU
		{217d0377-3fe8-5431-9a22-2e5a099930cf}.Debug|Any CPU.ActiveCfg = Debug|Any CPU
		{217d0377-3fe8-5431-9a22-2e5a099930cf}.Debug|Any CPU.Build.0 = Debug|Any CPU
		{1649db99-6cab-3edb-dc3a-e7b3a80569d2}.Debug|Any CPU.ActiveCfg = Debug|Any CPU
		{1649db99-6cab-3edb-dc3a-e7b3a80569d2}.Debug|Any CPU.Build.0 = Debug|Any CPU
		{d3aa75d5-dca9-b9a6-7d3d-4693ffbc2932}.Debug|Any CPU.ActiveCfg = Debug|Any CPU
		{d3aa75d5-dca9-b9a6-7d3d-4693ffbc2932}.Debug|Any CPU.Build.0 = Debug|Any CPU
		{3a00dc26-ac6e-b4b1-e868-cb154995359a}.Debug|Any CPU.ActiveCfg = Debug|Any CPU
		{3a00dc26-ac6e-b4b1-e868-cb154995359a}.Debug|Any CPU.Build.0 = Debug|Any CPU
		{f1b81a57-7656-677a-2257-de1cb74de3c2}.Debug|Any CPU.ActiveCfg = Debug|Any CPU
		{f1b81a57-7656-677a-2257-de1cb74de3c2}.Debug|Any CPU.Build.0 = Debug|Any CPU
		{ea9197ce-e9d7-8531-5a6d-e011227e9215}.Debug|Any CPU.ActiveCfg = Debug|Any CPU
		{ea9197ce-e9d7-8531-5a6d-e011227e9215}.Debug|Any CPU.Build.0 = Debug|Any CPU
		{141ee981-c5a3-7d5d-8455-52f5ee969ca8}.Debug|Any CPU.ActiveCfg = Debug|Any CPU
		{141ee981-c5a3-7d5d-8455-52f5ee969ca8}.Debug|Any CPU.Build.0 = Debug|Any CPU
		{5276fb5c-ead8-4229-8645-5f4e643dc257}.Debug|Any CPU.ActiveCfg = Debug|Any CPU
		{5276fb5c-ead8-4229-8645-5f4e643dc257}.Debug|Any CPU.Build.0 = Debug|Any CPU
		{3643e201-4594-e52e-e6dd-bc70896e0506}.Debug|Any CPU.ActiveCfg = Debug|Any CPU
		{3643e201-4594-e52e-e6dd-bc70896e0506}.Debug|Any CPU.Build.0 = Debug|Any CPU
		{0adac1a9-ab00-7a04-ab14-6a971af244aa}.Debug|Any CPU.ActiveCfg = Debug|Any CPU
		{0adac1a9-ab00-7a04-ab14-6a971af244aa}.Debug|Any CPU.Build.0 = Debug|Any CPU
		{dc4f4eae-a7c7-445b-a87d-ee245b37cad6}.Debug|Any CPU.ActiveCfg = Debug|Any CPU
		{dc4f4eae-a7c7-445b-a87d-ee245b37cad6}.Debug|Any CPU.Build.0 = Debug|Any CPU
		{f8976646-995e-8056-4306-c0b3ddee4984}.Debug|Any CPU.ActiveCfg = Debug|Any CPU
		{f8976646-995e-8056-4306-c0b3ddee4984}.Debug|Any CPU.Build.0 = Debug|Any CPU
		{d83aa302-f37e-1e1a-f391-320ac583d1e4}.Debug|Any CPU.ActiveCfg = Debug|Any CPU
		{d83aa302-f37e-1e1a-f391-320ac583d1e4}.Debug|Any CPU.Build.0 = Debug|Any CPU
		{776457fc-0892-2ae1-b0e2-6a5e87072384}.Debug|Any CPU.ActiveCfg = Debug|Any CPU
		{776457fc-0892-2ae1-b0e2-6a5e87072384}.Debug|Any CPU.Build.0 = Debug|Any CPU
		{c130f25c-75c2-5e4e-676d-69f642a2893a}.Debug|Any CPU.ActiveCfg = Debug|Any CPU
		{c130f25c-75c2-5e4e-676d-69f642a2893a}.Debug|Any CPU.Build.0 = Debug|Any CPU
		{e0810f42-d0cc-cead-135f-c9ec70e8d454}.Debug|Any CPU.ActiveCfg = Debug|Any CPU
		{e0810f42-d0cc-cead-135f-c9ec70e8d454}.Debug|Any CPU.Build.0 = Debug|Any CPU
		{e2907c13-a5b8-0258-11cf-20230e2584ae}.Debug|Any CPU.ActiveCfg = Debug|Any CPU
		{e2907c13-a5b8-0258-11cf-20230e2584ae}.Debug|Any CPU.Build.0 = Debug|Any CPU
		{3c145189-d08c-d5ce-8c0f-cc54d2a65e7e}.Debug|Any CPU.ActiveCfg = Debug|Any CPU
		{3c145189-d08c-d5ce-8c0f-cc54d2a65e7e}.Debug|Any CPU.Build.0 = Debug|Any CPU
		{0f386af9-b7df-c64c-63f6-77eeb78b9b30}.Debug|Any CPU.ActiveCfg = Debug|Any CPU
		{0f386af9-b7df-c64c-63f6-77eeb78b9b30}.Debug|Any CPU.Build.0 = Debug|Any CPU
		{a340b371-f788-e3b8-5902-d3442ad7a856}.Debug|Any CPU.ActiveCfg = Debug|Any CPU
		{a340b371-f788-e3b8-5902-d3442ad7a856}.Debug|Any CPU.Build.0 = Debug|Any CPU
		{169570a2-5437-c753-aea2-eb8b8fec9122}.Debug|Any CPU.ActiveCfg = Debug|Any CPU
		{169570a2-5437-c753-aea2-eb8b8fec9122}.Debug|Any CPU.Build.0 = Debug|Any CPU
		{1156a06c-0b82-d6f7-2e63-8d66175f0cd4}.Debug|Any CPU.ActiveCfg = Debug|Any CPU
		{1156a06c-0b82-d6f7-2e63-8d66175f0cd4}.Debug|Any CPU.Build.0 = Debug|Any CPU
		{dbf5d1a6-b0be-46e6-07e1-8f4453afbead}.Debug|Any CPU.ActiveCfg = Debug|Any CPU
		{dbf5d1a6-b0be-46e6-07e1-8f4453afbead}.Debug|Any CPU.Build.0 = Debug|Any CPU
		{b87676fe-48af-8609-ac84-730a1b460671}.Debug|Any CPU.ActiveCfg = Debug|Any CPU
		{b87676fe-48af-8609-ac84-730a1b460671}.Debug|Any CPU.Build.0 = Debug|Any CPU
		{f0092b25-300d-2d6f-12bf-f6ceef3ff3a1}.Debug|Any CPU.ActiveCfg = Debug|Any CPU
		{f0092b25-300d-2d6f-12bf-f6ceef3ff3a1}.Debug|Any CPU.Build.0 = Debug|Any CPU
		{12e045ca-34a7-898f-a1b5-c9e85d3fdf67}.Debug|Any CPU.ActiveCfg = Debug|Any CPU
		{12e045ca-34a7-898f-a1b5-c9e85d3fdf67}.Debug|Any CPU.Build.0 = Debug|Any CPU
		{ac2cbd7e-3b9e-fa47-ba79-7d343bf630d4}.Debug|Any CPU.ActiveCfg = Debug|Any CPU
		{ac2cbd7e-3b9e-fa47-ba79-7d343bf630d4}.Debug|Any CPU.Build.0 = Debug|Any CPU
		{0d21e1f2-5487-2b3a-4e86-42214e7d2e8e}.Debug|Any CPU.ActiveCfg = Debug|Any CPU
		{0d21e1f2-5487-2b3a-4e86-42214e7d2e8e}.Debug|Any CPU.Build.0 = Debug|Any CPU
		{c073206b-1a33-4674-f47a-7dc26c0aa22b}.Debug|Any CPU.ActiveCfg = Debug|Any CPU
		{c073206b-1a33-4674-f47a-7dc26c0aa22b}.Debug|Any CPU.Build.0 = Debug|Any CPU
		{0a2a05d1-f148-ffb0-f347-cd82f76c61f1}.Debug|Any CPU.ActiveCfg = Debug|Any CPU
		{0a2a05d1-f148-ffb0-f347-cd82f76c61f1}.Debug|Any CPU.Build.0 = Debug|Any CPU
		{7ab605df-d078-9bae-0e0e-1056391a6881}.Debug|Any CPU.ActiveCfg = Debug|Any CPU
		{7ab605df-d078-9bae-0e0e-1056391a6881}.Debug|Any CPU.Build.0 = Debug|Any CPU
		{d0547d73-32b4-92ba-b2ba-3da70ea61ab1}.Debug|Any CPU.ActiveCfg = Debug|Any CPU
		{d0547d73-32b4-92ba-b2ba-3da70ea61ab1}.Debug|Any CPU.Build.0 = Debug|Any CPU
		{173a76eb-8c1b-6081-8fed-0bac9fda625b}.Debug|Any CPU.ActiveCfg = Debug|Any CPU
		{173a76eb-8c1b-6081-8fed-0bac9fda625b}.Debug|Any CPU.Build.0 = Debug|Any CPU
		{19bd36b7-c7f0-9341-3a5b-7a16cd901f8f}.Debug|Any CPU.ActiveCfg = Debug|Any CPU
		{19bd36b7-c7f0-9341-3a5b-7a16cd901f8f}.Debug|Any CPU.Build.0 = Debug|Any CPU
		{52c9d975-4dfb-fdd6-573e-6a8d6db48602}.Debug|Any CPU.ActiveCfg = Debug|Any CPU
		{52c9d975-4dfb-fdd6-573e-6a8d6db48602}.Debug|Any CPU.Build.0 = Debug|Any CPU
		{3236b624-fa30-b27b-946b-7e44a9c7479c}.Debug|Any CPU.ActiveCfg = Debug|Any CPU
		{3236b624-fa30-b27b-946b-7e44a9c7479c}.Debug|Any CPU.Build.0 = Debug|Any CPU
		{9459c63c-a3ed-e737-edc2-33df72b983d5}.Debug|Any CPU.ActiveCfg = Debug|Any CPU
		{9459c63c-a3ed-e737-edc2-33df72b983d5}.Debug|Any CPU.Build.0 = Debug|Any CPU
		{244268dc-1b0a-4451-5ddd-fe5d80575105}.Debug|Any CPU.ActiveCfg = Debug|Any CPU
		{244268dc-1b0a-4451-5ddd-fe5d80575105}.Debug|Any CPU.Build.0 = Debug|Any CPU
		{d20726b3-a4b1-8fe8-d7db-5a2500556942}.Debug|Any CPU.ActiveCfg = Debug|Any CPU
		{d20726b3-a4b1-8fe8-d7db-5a2500556942}.Debug|Any CPU.Build.0 = Debug|Any CPU
		{034b6de2-ffff-1c98-7403-28036c675c89}.Debug|Any CPU.ActiveCfg = Debug|Any CPU
		{034b6de2-ffff-1c98-7403-28036c675c89}.Debug|Any CPU.Build.0 = Debug|Any CPU
		{347d37e8-a37e-522e-5009-cf2338086176}.Debug|Any CPU.ActiveCfg = Debug|Any CPU
		{347d37e8-a37e-522e-5009-cf2338086176}.Debug|Any CPU.Build.0 = Debug|Any CPU
		{b20d54b2-4c9b-7dc1-8db4-00caa3e0f74a}.Debug|Any CPU.ActiveCfg = Debug|Any CPU
		{b20d54b2-4c9b-7dc1-8db4-00caa3e0f74a}.Debug|Any CPU.Build.0 = Debug|Any CPU
		{b516bb4a-bc98-3218-8796-c511c4f4ed2d}.Debug|Any CPU.ActiveCfg = Debug|Any CPU
		{b516bb4a-bc98-3218-8796-c511c4f4ed2d}.Debug|Any CPU.Build.0 = Debug|Any CPU
		{18b409c8-0f5c-bd66-f1e2-5314ea6042ee}.Debug|Any CPU.ActiveCfg = Debug|Any CPU
		{18b409c8-0f5c-bd66-f1e2-5314ea6042ee}.Debug|Any CPU.Build.0 = Debug|Any CPU
		{ef9e641d-2643-b841-17af-b35d4b501076}.Debug|Any CPU.ActiveCfg = Debug|Any CPU
		{ef9e641d-2643-b841-17af-b35d4b501076}.Debug|Any CPU.Build.0 = Debug|Any CPU
		{35c6bef4-344b-0a29-3644-afb14c454ff7}.Debug|Any CPU.ActiveCfg = Debug|Any CPU
		{35c6bef4-344b-0a29-3644-afb14c454ff7}.Debug|Any CPU.Build.0 = Debug|Any CPU
		{44c18870-43b0-44d1-f063-344f8c536eac}.Debug|Any CPU.ActiveCfg = Debug|Any CPU
		{44c18870-43b0-44d1-f063-344f8c536eac}.Debug|Any CPU.Build.0 = Debug|Any CPU
		{5220e3c5-b80e-4dda-7c2c-b5a4bd6017bc}.Debug|Any CPU.ActiveCfg = Debug|Any CPU
		{5220e3c5-b80e-4dda-7c2c-b5a4bd6017bc}.Debug|Any CPU.Build.0 = Debug|Any CPU
		{1972cb06-984e-ec25-ca41-4793a18ad094}.Debug|Any CPU.ActiveCfg = Debug|Any CPU
		{1972cb06-984e-ec25-ca41-4793a18ad094}.Debug|Any CPU.Build.0 = Debug|Any CPU
		{59466df8-f38a-76c7-b306-94f33c432cce}.Debug|Any CPU.ActiveCfg = Debug|Any CPU
		{59466df8-f38a-76c7-b306-94f33c432cce}.Debug|Any CPU.Build.0 = Debug|Any CPU
		{6ae6bd47-ec78-2efd-7951-e5176e2e768c}.Debug|Any CPU.ActiveCfg = Debug|Any CPU
		{6ae6bd47-ec78-2efd-7951-e5176e2e768c}.Debug|Any CPU.Build.0 = Debug|Any CPU
		{80d91033-20d0-628b-32b2-5aa949a29e33}.Debug|Any CPU.ActiveCfg = Debug|Any CPU
		{80d91033-20d0-628b-32b2-5aa949a29e33}.Debug|Any CPU.Build.0 = Debug|Any CPU
	EndGlobalSection
	GlobalSection(SolutionProperties) = preSolution
		HideSolutionNode = FALSE
	EndGlobalSection
EndGlobal
