
Microsoft Visual Studio Solution File, Format Version 11.00
# Visual Studio 2010
Project("{FAE04EC0-301F-11D3-BF4B-00C04F79EFBC}") = "Unity.Timeline", "Unity.Timeline.csproj", "{bd0b0dde-5771-ecda-f837-a1a8690913f1}"
EndProject
Project("{FAE04EC0-301F-11D3-BF4B-00C04F79EFBC}") = "Unity.InputSystem", "Unity.InputSystem.csproj", "{1591b84f-0810-eca7-3985-ec24519a0d67}"
EndProject
Project("{FAE04EC0-301F-11D3-BF4B-00C04F79EFBC}") = "Unity.ShaderGraph.Editor", "Unity.ShaderGraph.Editor.csproj", "{4632fb4c-7902-c1df-70d0-11cd3a639650}"
EndProject
Project("{FAE04EC0-301F-11D3-BF4B-00C04F79EFBC}") = "CFXREditor", "CFXREditor.csproj", "{8d681511-f7e5-48be-419c-337a8d405939}"
EndProject
Project("{FAE04EC0-301F-11D3-BF4B-00C04F79EFBC}") = "Unity.VisualScripting.Flow", "Unity.VisualScripting.Flow.csproj", "{1cdd1f38-de7c-b74a-5319-169fe3e62c78}"
EndProject
Project("{FAE04EC0-301F-11D3-BF4B-00C04F79EFBC}") = "Unity.RenderPipelines.Universal.Runtime", "Unity.RenderPipelines.Universal.Runtime.csproj", "{697c497d-6b37-6a24-fde2-8565b8d2627e}"
EndProject
Project("{FAE04EC0-301F-11D3-BF4B-00C04F79EFBC}") = "UnityEditor.UI", "UnityEditor.UI.csproj", "{2d1f65a0-c043-97c9-9335-7df6024a9c2a}"
EndProject
Project("{FAE04EC0-301F-11D3-BF4B-00C04F79EFBC}") = "Unity.Timeline.Editor", "Unity.Timeline.Editor.csproj", "{b6bff03b-70b3-5f06-fd37-b9e06bffa3f0}"
EndProject
Project("{FAE04EC0-301F-11D3-BF4B-00C04F79EFBC}") = "Unity.PlasticSCM.Editor", "Unity.PlasticSCM.Editor.csproj", "{5559e5ba-31cc-22c9-f18e-3668c72d472c}"
EndProject
Project("{FAE04EC0-301F-11D3-BF4B-00C04F79EFBC}") = "Unity.RenderPipelines.Core.Runtime", "Unity.RenderPipelines.Core.Runtime.csproj", "{9398718c-f134-3ab4-acf5-e56d10617988}"
EndProject
Project("{FAE04EC0-301F-11D3-BF4B-00C04F79EFBC}") = "Unity.Mathematics", "Unity.Mathematics.csproj", "{0cdd6ff4-d03f-88cb-07fc-d0a59bf34854}"
EndProject
Project("{FAE04EC0-301F-11D3-BF4B-00C04F79EFBC}") = "Unity.RenderPipelines.Core.Editor", "Unity.RenderPipelines.Core.Editor.csproj", "{157eea36-dcc6-ffde-dce5-a5fe23e781a8}"
EndProject
Project("{FAE04EC0-301F-11D3-BF4B-00C04F79EFBC}") = "Unity.VisualScripting.Core.Editor", "Unity.VisualScripting.Core.Editor.csproj", "{516b892c-5b65-9725-2f06-1943771f1f9f}"
EndProject
Project("{FAE04EC0-301F-11D3-BF4B-00C04F79EFBC}") = "UnityEditor.TestRunner", "UnityEditor.TestRunner.csproj", "{091fe34b-7862-a3b9-7ca2-a90f4fabce85}"
EndProject
Project("{FAE04EC0-301F-11D3-BF4B-00C04F79EFBC}") = "Unity.RenderPipelines.Universal.Editor", "Unity.RenderPipelines.Universal.Editor.csproj", "{c5a58c06-4452-d29a-6f8a-5206adbb85e3}"
EndProject
Project("{FAE04EC0-301F-11D3-BF4B-00C04F79EFBC}") = "Unity.TextMeshPro.Editor", "Unity.TextMeshPro.Editor.csproj", "{53e8adba-50e7-0382-2c6b-3bf2803d5098}"
EndProject
Project("{FAE04EC0-301F-11D3-BF4B-00C04F79EFBC}") = "Unity.VisualScripting.Flow.Editor", "Unity.VisualScripting.Flow.Editor.csproj", "{374873df-e487-a421-b83f-39ec1ffd539e}"
EndProject
Project("{FAE04EC0-301F-11D3-BF4B-00C04F79EFBC}") = "UnityEngine.TestRunner", "UnityEngine.TestRunner.csproj", "{66f85d57-7d60-90ce-a545-b8dc7fdf49e6}"
EndProject
Project("{FAE04EC0-301F-11D3-BF4B-00C04F79EFBC}") = "Unity.VisualScripting.Core", "Unity.VisualScripting.Core.csproj", "{84496926-8ef7-3d2a-5005-32d5753fdd86}"
EndProject
Project("{FAE04EC0-301F-11D3-BF4B-00C04F79EFBC}") = "Unity.Searcher.Editor", "Unity.Searcher.Editor.csproj", "{ad824299-7b4b-b6a5-cff6-c9cab9b9b7f9}"
EndProject
Project("{FAE04EC0-301F-11D3-BF4B-00C04F79EFBC}") = "Unity.Burst", "Unity.Burst.csproj", "{93fdc5da-1e7a-7dae-e0f4-59d5fe0bd006}"
EndProject
Project("{FAE04EC0-301F-11D3-BF4B-00C04F79EFBC}") = "Fusion.Unity.Editor", "Fusion.Unity.Editor.csproj", "{49c307d2-ac19-0f95-2ad1-fa14a72e5f12}"
EndProject
Project("{FAE04EC0-301F-11D3-BF4B-00C04F79EFBC}") = "Cinemachine", "Cinemachine.csproj", "{a1b8446a-96bb-90bc-0ebc-e86498288a22}"
EndProject
Project("{FAE04EC0-301F-11D3-BF4B-00C04F79EFBC}") = "Unity.VisualStudio.Editor", "Unity.VisualStudio.Editor.csproj", "{83d82710-0e91-2038-555a-ae91e09036f2}"
EndProject
Project("{FAE04EC0-301F-11D3-BF4B-00C04F79EFBC}") = "Assembly-CSharp", "Assembly-CSharp.csproj", "{c3fc915a-e795-4e40-5285-421616b4a984}"
EndProject
Project("{FAE04EC0-301F-11D3-BF4B-00C04F79EFBC}") = "PPv2URPConverters", "PPv2URPConverters.csproj", "{0b10a5c6-17cd-a8bc-a041-fe37ac7dab3f}"
EndProject
Project("{FAE04EC0-301F-11D3-BF4B-00C04F79EFBC}") = "Unity.TestTools.CodeCoverage.Editor.OpenCover.Model", "Unity.TestTools.CodeCoverage.Editor.OpenCover.Model.csproj", "{f25c2a1a-c6c4-8f81-ff47-5b851175ac95}"
EndProject
Project("{FAE04EC0-301F-11D3-BF4B-00C04F79EFBC}") = "Unity.Rider.Editor", "Unity.Rider.Editor.csproj", "{0a8e3d5b-8c5a-907e-7d2f-3ac393b23f53}"
EndProject
Project("{FAE04EC0-301F-11D3-BF4B-00C04F79EFBC}") = "Fusion.Unity", "Fusion.Unity.csproj", "{97e4a477-c146-82ef-f4ea-7bca373f62ec}"
EndProject
Project("{FAE04EC0-301F-11D3-BF4B-00C04F79EFBC}") = "ParrelSync", "ParrelSync.csproj", "{8c5a030b-a6ed-e7f1-50ca-3694dc80fe92}"
EndProject
Project("{FAE04EC0-301F-11D3-BF4B-00C04F79EFBC}") = "Unity.VisualScripting.State.Editor", "Unity.VisualScripting.State.Editor.csproj", "{57ce8f3b-65bf-a4cb-5f5a-6ebb82ae317f}"
EndProject
Project("{FAE04EC0-301F-11D3-BF4B-00C04F79EFBC}") = "com.unity.cinemachine.editor", "com.unity.cinemachine.editor.csproj", "{24e9f9fa-60dd-c7cf-2ef9-7c4e1dc02da4}"
EndProject
Project("{FAE04EC0-301F-11D3-BF4B-00C04F79EFBC}") = "UnityEngine.UI", "UnityEngine.UI.csproj", "{e0a3a242-faf8-d8cd-7a7e-9f7f34e4b907}"
EndProject
Project("{FAE04EC0-301F-11D3-BF4B-00C04F79EFBC}") = "Unity.TestTools.CodeCoverage.Editor", "Unity.TestTools.CodeCoverage.Editor.csproj", "{12f1f272-6b7a-3a16-c949-99688016af6f}"
EndProject
Project("{FAE04EC0-301F-11D3-BF4B-00C04F79EFBC}") = "Unity.Burst.CodeGen", "Unity.Burst.CodeGen.csproj", "{51a1d03f-f072-8aa2-1e02-f8c604210355}"
EndProject
Project("{FAE04EC0-301F-11D3-BF4B-00C04F79EFBC}") = "Unity.Postprocessing.Runtime", "Unity.Postprocessing.Runtime.csproj", "{804718bd-476a-feec-1af1-0e653459d155}"
EndProject
Project("{FAE04EC0-301F-11D3-BF4B-00C04F79EFBC}") = "Unity.RenderPipeline.Universal.ShaderLibrary", "Unity.RenderPipeline.Universal.ShaderLibrary.csproj", "{8b29a12f-aab6-0126-261f-0320646dff9c}"
EndProject
Project("{FAE04EC0-301F-11D3-BF4B-00C04F79EFBC}") = "Unity.Postprocessing.Editor", "Unity.Postprocessing.Editor.csproj", "{012f5c61-bd96-2f2f-bd62-db32ad0d294b}"
EndProject
Project("{FAE04EC0-301F-11D3-BF4B-00C04F79EFBC}") = "Unity.VisualScripting.State", "Unity.VisualScripting.State.csproj", "{4914fc2b-fae2-f03f-abd8-f8b85a085f3c}"
EndProject
Project("{FAE04EC0-301F-11D3-BF4B-00C04F79EFBC}") = "Unity.TextMeshPro", "Unity.TextMeshPro.csproj", "{6df27f9f-6321-fff0-a064-1da23e417fcf}"
EndProject
Project("{FAE04EC0-301F-11D3-BF4B-00C04F79EFBC}") = "Unity.Performance.Profile-Analyzer.Editor", "Unity.Performance.Profile-Analyzer.Editor.csproj", "{30b6cde7-c5e4-236b-657c-3541a0eb2a7e}"
EndProject
Project("{FAE04EC0-301F-11D3-BF4B-00C04F79EFBC}") = "Fusion.Addons.Physics", "Fusion.Addons.Physics.csproj", "{364c53bb-e711-1cf0-c78f-048e1a94f8bf}"
EndProject
Project("{FAE04EC0-301F-11D3-BF4B-00C04F79EFBC}") = "Unity.VisualScripting.SettingsProvider.Editor", "Unity.VisualScripting.SettingsProvider.Editor.csproj", "{8d57bc58-2911-f6e8-76bd-8e691214cd55}"
EndProject
Project("{FAE04EC0-301F-11D3-BF4B-00C04F79EFBC}") = "Unity.VSCode.Editor", "Unity.VSCode.Editor.csproj", "{01bce27a-e673-0873-4523-30dafe6796d0}"
EndProject
Project("{FAE04EC0-301F-11D3-BF4B-00C04F79EFBC}") = "Unity.Burst.Editor", "Unity.Burst.Editor.csproj", "{43c2155c-98a0-2c7f-34c7-23ba19912605}"
EndProject
Project("{FAE04EC0-301F-11D3-BF4B-00C04F79EFBC}") = "Unity.TestTools.CodeCoverage.Editor.OpenCover.Mono.Reflection", "Unity.TestTools.CodeCoverage.Editor.OpenCover.Mono.Reflection.csproj", "{60bc6cbe-3a34-0dcc-5409-bfe8b1011330}"
EndProject
Project("{FAE04EC0-301F-11D3-BF4B-00C04F79EFBC}") = "Unity.Sysroot.Linux_x86_64", "Unity.Sysroot.Linux_x86_64.csproj", "{0297b600-ab56-b603-41c6-74d5ad808dbc}"
EndProject
Project("{FAE04EC0-301F-11D3-BF4B-00C04F79EFBC}") = "Assembly-CSharp-firstpass", "Assembly-CSharp-firstpass.csproj", "{5c946be4-81a5-9427-366b-29d18a66f589}"
EndProject
Project("{FAE04EC0-301F-11D3-BF4B-00C04F79EFBC}") = "CFXRRuntime", "CFXRRuntime.csproj", "{25c47d94-dac0-7db6-4e24-d18bd261faca}"
EndProject
Project("{FAE04EC0-301F-11D3-BF4B-00C04F79EFBC}") = "Unity.Settings.Editor", "Unity.Settings.Editor.csproj", "{11138bc7-40ec-26d3-db83-d1d127c36f17}"
EndProject
Project("{FAE04EC0-301F-11D3-BF4B-00C04F79EFBC}") = "CFXRDemo", "CFXRDemo.csproj", "{f9434ac5-48ee-26ea-718d-685479d8adcc}"
EndProject
Project("{FAE04EC0-301F-11D3-BF4B-00C04F79EFBC}") = "Unity.InputSystem.ForUI", "Unity.InputSystem.ForUI.csproj", "{377643d2-3297-0f0d-3d05-215eda839bc2}"
EndProject
Project("{FAE04EC0-301F-11D3-BF4B-00C04F79EFBC}") = "Unity.Mathematics.Editor", "Unity.Mathematics.Editor.csproj", "{248ac8e9-165b-ded4-97f6-c9af24971b5e}"
EndProject
Project("{FAE04EC0-301F-11D3-BF4B-00C04F79EFBC}") = "Unity.InputSystem.TestFramework", "Unity.InputSystem.TestFramework.csproj", "{9c738492-2484-8da0-ef4d-692496e722be}"
EndProject
Project("{FAE04EC0-301F-11D3-BF4B-00C04F79EFBC}") = "Unity.SysrootPackage.Editor", "Unity.SysrootPackage.Editor.csproj", "{2f7022b3-e073-cf74-9cf4-36f5041a1c87}"
EndProject
Project("{FAE04EC0-301F-11D3-BF4B-00C04F79EFBC}") = "Unity.ShaderGraph.Utilities", "Unity.ShaderGraph.Utilities.csproj", "{d35770fc-a295-0559-394f-c9a64be917e3}"
EndProject
Project("{FAE04EC0-301F-11D3-BF4B-00C04F79EFBC}") = "Unity.VisualScripting.Shared.Editor", "Unity.VisualScripting.Shared.Editor.csproj", "{3062c835-5939-6b51-e326-6f50a819dfc6}"
EndProject
Project("{FAE04EC0-301F-11D3-BF4B-00C04F79EFBC}") = "KinoBloom.Runtime", "KinoBloom.Runtime.csproj", "{055dc041-d4d1-54b4-49de-ca5c9307b1b4}"
EndProject
Project("{FAE04EC0-301F-11D3-BF4B-00C04F79EFBC}") = "Unity.Toolchain.Win-x86_64-Linux-x86_64", "Unity.Toolchain.Win-x86_64-Linux-x86_64.csproj", "{f535fa00-a737-27eb-8481-f62dbc265462}"
EndProject
Project("{FAE04EC0-301F-11D3-BF4B-00C04F79EFBC}") = "Unity.EditorCoroutines.Editor", "Unity.EditorCoroutines.Editor.csproj", "{ab602837-bcac-e2a8-2f82-4b7d281a947d}"
EndProject
Project("{FAE04EC0-301F-11D3-BF4B-00C04F79EFBC}") = "ToonyColorsPro.Demo.Editor", "ToonyColorsPro.Demo.Editor.csproj", "{ac39db16-de13-872d-4e87-5d6cae4ca408}"
EndProject
Project("{FAE04EC0-301F-11D3-BF4B-00C04F79EFBC}") = "CFXR.WelcomeScreen", "CFXR.WelcomeScreen.csproj", "{c8a02673-0a53-07da-d01e-0c57021d1cb9}"
EndProject
Project("{FAE04EC0-301F-11D3-BF4B-00C04F79EFBC}") = "Unity.Fusion.CodeGen", "Unity.Fusion.CodeGen.csproj", "{da2e7364-981e-23db-3573-9bf80704fb0b}"
EndProject
Project("{FAE04EC0-301F-11D3-BF4B-00C04F79EFBC}") = "Unity.RenderPipelines.Universal.Config.Runtime", "Unity.RenderPipelines.Universal.Config.Runtime.csproj", "{55df5b9c-9afa-11a3-469f-cab1b206a044}"
EndProject
Project("{FAE04EC0-301F-11D3-BF4B-00C04F79EFBC}") = "Unity.CollabProxy.Editor", "Unity.CollabProxy.Editor.csproj", "{b14ade61-cb3a-3f8a-9e51-b1d3be2343de}"
EndProject
Project("{FAE04EC0-301F-11D3-BF4B-00C04F79EFBC}") = "Unity.RenderPipelines.ShaderGraph.ShaderGraphLibrary", "Unity.RenderPipelines.ShaderGraph.ShaderGraphLibrary.csproj", "{aa60e7c5-9c99-8cd4-7e22-68476997312a}"
EndProject
Project("{FAE04EC0-301F-11D3-BF4B-00C04F79EFBC}") = "Unity.RenderPipelines.Core.ShaderLibrary", "Unity.RenderPipelines.Core.ShaderLibrary.csproj", "{df961cad-a186-6297-b892-678e45e88840}"
EndProject
Project("{FAE04EC0-301F-11D3-BF4B-00C04F79EFBC}") = "Fusion.Addons.Physics.Editor", "Fusion.Addons.Physics.Editor.csproj", "{2ed5f8ec-58ef-b3fe-0151-a4cbea2c094e}"
EndProject
Project("{FAE04EC0-301F-11D3-BF4B-00C04F79EFBC}") = "AimingRig", "AimingRig.csproj", "{8b044301-4920-b97a-fae5-e367232bef6a}"
EndProject
Project("{FAE04EC0-301F-11D3-BF4B-00C04F79EFBC}") = "Unity.RenderPipelines.Universal.Shaders", "Unity.RenderPipelines.Universal.Shaders.csproj", "{07a6cbcd-1fc1-15bc-857e-de1887864013}"
EndProject
Project("{FAE04EC0-301F-11D3-BF4B-00C04F79EFBC}") = "Unity.Timeline", "Unity.Timeline.Player.csproj", "{9894aea2-4903-b498-da5d-4c54d9982b3f}"
EndProject
Project("{FAE04EC0-301F-11D3-BF4B-00C04F79EFBC}") = "Unity.InputSystem", "Unity.InputSystem.Player.csproj", "{a3fd2633-5541-b051-6e21-d8b31d488447}"
EndProject
Project("{FAE04EC0-301F-11D3-BF4B-00C04F79EFBC}") = "Unity.VisualScripting.Flow", "Unity.VisualScripting.Flow.Player.csproj", "{c51983e6-80b8-9808-690f-b129d60a7803}"
EndProject
Project("{FAE04EC0-301F-11D3-BF4B-00C04F79EFBC}") = "Unity.RenderPipelines.Universal.Runtime", "Unity.RenderPipelines.Universal.Runtime.Player.csproj", "{be098080-b368-86a5-300f-5c41a2bf1270}"
EndProject
Project("{FAE04EC0-301F-11D3-BF4B-00C04F79EFBC}") = "Unity.RenderPipelines.Core.Runtime", "Unity.RenderPipelines.Core.Runtime.Player.csproj", "{463f17aa-a5c5-8ad2-5468-362da4464a18}"
EndProject
Project("{FAE04EC0-301F-11D3-BF4B-00C04F79EFBC}") = "Unity.Mathematics", "Unity.Mathematics.Player.csproj", "{e56129f9-802f-3d61-8231-0d51de82271a}"
EndProject
Project("{FAE04EC0-301F-11D3-BF4B-00C04F79EFBC}") = "UnityEngine.TestRunner", "UnityEngine.TestRunner.Player.csproj", "{3abaeb77-111a-1f59-6531-ffb38132a8fc}"
EndProject
Project("{FAE04EC0-301F-11D3-BF4B-00C04F79EFBC}") = "Unity.VisualScripting.Core", "Unity.VisualScripting.Core.Player.csproj", "{d4852abb-1875-bca7-116e-3a16b5c2eafc}"
EndProject
Project("{FAE04EC0-301F-11D3-BF4B-00C04F79EFBC}") = "Unity.Burst", "Unity.Burst.Player.csproj", "{a4ef8577-6397-7da9-5678-fb48f669c953}"
EndProject
Project("{FAE04EC0-301F-11D3-BF4B-00C04F79EFBC}") = "Cinemachine", "Cinemachine.Player.csproj", "{4de8784c-2956-1fa2-8a49-dbf798a0b394}"
EndProject
Project("{FAE04EC0-301F-11D3-BF4B-00C04F79EFBC}") = "Assembly-CSharp", "Assembly-CSharp.Player.csproj", "{86812287-0766-e0c7-f3ba-466c06128291}"
EndProject
Project("{FAE04EC0-301F-11D3-BF4B-00C04F79EFBC}") = "Fusion.Unity", "Fusion.Unity.Player.csproj", "{2324e6d3-58ea-c6bc-53c7-859ffb58fd4f}"
EndProject
Project("{FAE04EC0-301F-11D3-BF4B-00C04F79EFBC}") = "UnityEngine.UI", "UnityEngine.UI.Player.csproj", "{0a4d84d9-25aa-9b3a-2f00-74ea992fdc42}"
EndProject
Project("{FAE04EC0-301F-11D3-BF4B-00C04F79EFBC}") = "Unity.Postprocessing.Runtime", "Unity.Postprocessing.Runtime.Player.csproj", "{1d86104e-3bd1-7874-9aff-4ffd3f9828fd}"
EndProject
Project("{FAE04EC0-301F-11D3-BF4B-00C04F79EFBC}") = "Unity.RenderPipeline.Universal.ShaderLibrary", "Unity.RenderPipeline.Universal.ShaderLibrary.Player.csproj", "{07a0e177-1681-ea94-23ca-e921b706db99}"
EndProject
Project("{FAE04EC0-301F-11D3-BF4B-00C04F79EFBC}") = "Unity.VisualScripting.State", "Unity.VisualScripting.State.Player.csproj", "{7bf8b235-2435-188a-ad1b-5285046d861c}"
EndProject
Project("{FAE04EC0-301F-11D3-BF4B-00C04F79EFBC}") = "Unity.TextMeshPro", "Unity.TextMeshPro.Player.csproj", "{66f1bae4-3f6e-f1fb-cb5b-afa396114cea}"
EndProject
Project("{FAE04EC0-301F-11D3-BF4B-00C04F79EFBC}") = "Fusion.Addons.Physics", "Fusion.Addons.Physics.Player.csproj", "{4d3fb685-541b-4017-360d-7ed59357c82a}"
EndProject
Project("{FAE04EC0-301F-11D3-BF4B-00C04F79EFBC}") = "Assembly-CSharp-firstpass", "Assembly-CSharp-firstpass.Player.csproj", "{846ed751-879d-4de3-b63d-26482f1adbb1}"
EndProject
Project("{FAE04EC0-301F-11D3-BF4B-00C04F79EFBC}") = "CFXRRuntime", "CFXRRuntime.Player.csproj", "{f1901e3a-fd39-27b2-dddd-f3e2ee09ebe5}"
EndProject
Project("{FAE04EC0-301F-11D3-BF4B-00C04F79EFBC}") = "CFXRDemo", "CFXRDemo.Player.csproj", "{3b966e0a-3a8b-84ee-8e51-94c20fe58af2}"
EndProject
Project("{FAE04EC0-301F-11D3-BF4B-00C04F79EFBC}") = "Unity.InputSystem.ForUI", "Unity.InputSystem.ForUI.Player.csproj", "{6bb64c05-6d38-b2c9-f9e5-657fed91b19d}"
EndProject
Project("{FAE04EC0-301F-11D3-BF4B-00C04F79EFBC}") = "Unity.InputSystem.TestFramework", "Unity.InputSystem.TestFramework.Player.csproj", "{3a69707b-b990-12d7-451a-22621343cb4f}"
EndProject
Project("{FAE04EC0-301F-11D3-BF4B-00C04F79EFBC}") = "KinoBloom.Runtime", "KinoBloom.Runtime.Player.csproj", "{caa88fb6-fe62-1644-4c4c-0c5fcbee0537}"
EndProject
Project("{FAE04EC0-301F-11D3-BF4B-00C04F79EFBC}") = "Unity.RenderPipelines.Universal.Config.Runtime", "Unity.RenderPipelines.Universal.Config.Runtime.Player.csproj", "{27b0ba43-2b10-4352-92db-4ab106bc5be1}"
EndProject
Project("{FAE04EC0-301F-11D3-BF4B-00C04F79EFBC}") = "Unity.RenderPipelines.ShaderGraph.ShaderGraphLibrary", "Unity.RenderPipelines.ShaderGraph.ShaderGraphLibrary.Player.csproj", "{0a2d505d-0161-bbcb-9f42-eb9ea5f1070b}"
EndProject
Project("{FAE04EC0-301F-11D3-BF4B-00C04F79EFBC}") = "Unity.RenderPipelines.Core.ShaderLibrary", "Unity.RenderPipelines.Core.ShaderLibrary.Player.csproj", "{b40481cc-e7c5-7b4a-aa8b-2f801e4956a6}"
EndProject
Project("{FAE04EC0-301F-11D3-BF4B-00C04F79EFBC}") = "AimingRig", "AimingRig.Player.csproj", "{65c4fa60-0c13-398e-a397-fcd5db1b8c06}"
EndProject
Project("{FAE04EC0-301F-11D3-BF4B-00C04F79EFBC}") = "Unity.RenderPipelines.Universal.Shaders", "Unity.RenderPipelines.Universal.Shaders.Player.csproj", "{23513af3-a160-543f-ddd3-72f87affabf3}"
EndProject
Project("{FAE04EC0-301F-11D3-BF4B-00C04F79EFBC}") = "Assembly-CSharp-Editor-firstpass", "Assembly-CSharp-Editor-firstpass.csproj", "{437d666a-239a-a815-4c78-14262fdcba45}"
EndProject
Project("{FAE04EC0-301F-11D3-BF4B-00C04F79EFBC}") = "Assembly-CSharp-Editor", "Assembly-CSharp-Editor.csproj", "{bdc7225a-0d2a-83f3-ab72-5fa58dd763ab}"
EndProject
Project("{FAE04EC0-301F-11D3-BF4B-00C04F79EFBC}") = "UnityEngine.UI.Tests", "UnityEngine.UI.Tests.csproj", "{2cc834e0-576e-e9c5-1b6d-451184280695}"
EndProject
Project("{FAE04EC0-301F-11D3-BF4B-00C04F79EFBC}") = "UnityEditor.UI.EditorTests", "UnityEditor.UI.EditorTests.csproj", "{7e28f4cc-89fc-41d6-8bb7-cde5bae241d6}"
EndProject
Project("{FAE04EC0-301F-11D3-BF4B-00C04F79EFBC}") = "Unity.Mathematics.Tests", "Unity.Mathematics.Tests.csproj", "{7ce0e080-f62c-8f32-1347-1cc9ea5708e9}"
EndProject
Project("{FAE04EC0-301F-11D3-BF4B-00C04F79EFBC}") = "PhotonWebSocket", "PhotonWebSocket.csproj", "{9e062390-7180-7348-1724-88e740bf8f2a}"
EndProject
Project("{FAE04EC0-301F-11D3-BF4B-00C04F79EFBC}") = "Unity.TextMeshPro.Tests", "Unity.TextMeshPro.Tests.csproj", "{3f5a8668-972c-be51-977e-79e72d5c4a87}"
EndProject
Project("{FAE04EC0-301F-11D3-BF4B-00C04F79EFBC}") = "Unity.RenderPipelines.Core.Editor.Tests", "Unity.RenderPipelines.Core.Editor.Tests.csproj", "{d74b7e0c-4c64-d744-fe7a-8f6b80878afb}"
EndProject
Project("{FAE04EC0-301F-11D3-BF4B-00C04F79EFBC}") = "Unity.RenderPipelines.Universal.Config.Editor.Tests", "Unity.RenderPipelines.Universal.Config.Editor.Tests.csproj", "{9fa8f304-f9b4-c32e-ecf8-c394fe4ba3d0}"
EndProject
Project("{FAE04EC0-301F-11D3-BF4B-00C04F79EFBC}") = "Unity.RenderPipelines.Core.Runtime.Tests", "Unity.RenderPipelines.Core.Runtime.Tests.csproj", "{2837fd7d-cef9-5e9c-9968-f9ff37ad9410}"
EndProject
Project("{FAE04EC0-301F-11D3-BF4B-00C04F79EFBC}") = "Unity.Burst.Tests.UnitTests", "Unity.Burst.Tests.UnitTests.csproj", "{794689ec-2a43-4c71-a209-f4a500a590da}"
EndProject
Project("{FAE04EC0-301F-11D3-BF4B-00C04F79EFBC}") = "Unity.Burst.Editor.Tests", "Unity.Burst.Editor.Tests.csproj", "{f0a5386b-50d4-8024-b21e-20cc9bb930b3}"
EndProject
Project("{FAE04EC0-301F-11D3-BF4B-00C04F79EFBC}") = "Unity.Toolchain.Win-x86_64-Linux-x86_64.EditorTests", "Unity.Toolchain.Win-x86_64-Linux-x86_64.EditorTests.csproj", "{9ce22b12-c561-39df-a585-f397c4d7584e}"
EndProject
Project("{FAE04EC0-301F-11D3-BF4B-00C04F79EFBC}") = "Unity.Searcher.EditorTests", "Unity.Searcher.EditorTests.csproj", "{b61082b3-7b0e-ae85-937a-f7a471e1c0d4}"
EndProject
Project("{FAE04EC0-301F-11D3-BF4B-00C04F79EFBC}") = "Unity.RenderPipelines.Universal.Runtime.Tests", "Unity.RenderPipelines.Universal.Runtime.Tests.csproj", "{16bfb178-ef05-1b34-8088-e185695bcd19}"
EndProject
Project("{FAE04EC0-301F-11D3-BF4B-00C04F79EFBC}") = "Unity.Postprocessing.Editor.Tests", "Unity.Postprocessing.Editor.Tests.csproj", "{33e41d5a-0db2-ac86-4bd4-2dd475c3852e}"
EndProject
Project("{FAE04EC0-301F-11D3-BF4B-00C04F79EFBC}") = "DocCodeExamples", "DocCodeExamples.csproj", "{149a1019-27be-7bd2-10da-809ab5defe48}"
EndProject
Project("{FAE04EC0-301F-11D3-BF4B-00C04F79EFBC}") = "Unity.RenderPipelines.Universal.Editor.Tests", "Unity.RenderPipelines.Universal.Editor.Tests.csproj", "{d8870f52-c3a7-b543-17a3-f35d26a74c71}"
EndProject
Project("{FAE04EC0-301F-11D3-BF4B-00C04F79EFBC}") = "Unity.ShaderGraph.Editor.Tests", "Unity.ShaderGraph.Editor.Tests.csproj", "{8fe7834e-5eeb-3933-47a3-57130e3e7cb7}"
EndProject
Project("{FAE04EC0-301F-11D3-BF4B-00C04F79EFBC}") = "Unity.Sysroot.Linux_x86_64.EditorTests", "Unity.Sysroot.Linux_x86_64.EditorTests.csproj", "{ed43ed7e-5b88-5107-67c8-09e2460e474d}"
EndProject
Project("{FAE04EC0-301F-11D3-BF4B-00C04F79EFBC}") = "Unity.Postprocessing.Runtime.Tests", "Unity.Postprocessing.Runtime.Tests.csproj", "{55246faf-543e-e126-5ace-f6311839242c}"
EndProject
Project("{FAE04EC0-301F-11D3-BF4B-00C04F79EFBC}") = "Unity.Nuget.Mono-Cecil", "Unity.Nuget.Mono-Cecil.csproj", "{bccc9913-9b4d-4b04-94aa-38f64805e891}"
EndProject
Project("{FAE04EC0-301F-11D3-BF4B-00C04F79EFBC}") = "Unity.TestTools.CodeCoverage.Editor.Compatibility", "Unity.TestTools.CodeCoverage.Editor.Compatibility.csproj", "{eb758bb9-f81a-874b-2308-12d5ed1e9094}"
EndProject
Project("{FAE04EC0-301F-11D3-BF4B-00C04F79EFBC}") = "Unity.TextMeshPro.Editor.Tests", "Unity.TextMeshPro.Editor.Tests.csproj", "{08d61d3a-00e8-1ec0-ad0a-e2934398e233}"
EndProject
Project("{FAE04EC0-301F-11D3-BF4B-00C04F79EFBC}") = "Unity.InputSystem.IntegrationTests", "Unity.InputSystem.IntegrationTests.csproj", "{ba0984f5-91aa-a9a1-2125-4a11ddbad0b5}"
EndProject
Project("{FAE04EC0-301F-11D3-BF4B-00C04F79EFBC}") = "Unity.Settings.Tests", "Unity.Settings.Tests.csproj", "{cf932fb2-8109-d1dd-ff73-9fa5950556f8}"
EndProject
Project("{FAE04EC0-301F-11D3-BF4B-00C04F79EFBC}") = "Cinemachine.Editor.Tests", "Cinemachine.Editor.Tests.csproj", "{6a19f6c9-2091-a85e-9bca-b8f48cb6ea23}"
EndProject
Project("{FAE04EC0-301F-11D3-BF4B-00C04F79EFBC}") = "Unity.Performance.Profile-Analyzer.EditorTests", "Unity.Performance.Profile-Analyzer.EditorTests.csproj", "{7ee906b3-1b04-2ca1-e1cd-95682b053af4}"
EndProject
Project("{FAE04EC0-301F-11D3-BF4B-00C04F79EFBC}") = "SeparateAssembly", "SeparateAssembly.csproj", "{a46aa96c-163f-cf4f-aef6-3b423df7d82e}"
EndProject
Project("{FAE04EC0-301F-11D3-BF4B-00C04F79EFBC}") = "Unity.Sysroot.EditorTests", "Unity.Sysroot.EditorTests.csproj", "{0f20d5c2-c517-26df-153d-0bad479a126b}"
EndProject
Project("{FAE04EC0-301F-11D3-BF4B-00C04F79EFBC}") = "Cinemachine.Runtime.Tests", "Cinemachine.Runtime.Tests.csproj", "{da11af09-af55-f492-1cca-f2db311f51eb}"
EndProject
Project("{FAE04EC0-301F-11D3-BF4B-00C04F79EFBC}") = "OverloadedFunctionPointers", "OverloadedFunctionPointers.csproj", "{8e39f789-797b-2b47-ba4a-65f4c85a3fb7}"
EndProject
Global
	GlobalSection(SolutionConfigurationPlatforms) = preSolution
		Debug|Any CPU = Debug|Any CPU
	EndGlobalSection
	GlobalSection(ProjectConfigurationPlatforms) = postSolution
		{bd0b0dde-5771-ecda-f837-a1a8690913f1}.Debug|Any CPU.ActiveCfg = Debug|Any CPU
		{bd0b0dde-5771-ecda-f837-a1a8690913f1}.Debug|Any CPU.Build.0 = Debug|Any CPU
		{1591b84f-0810-eca7-3985-ec24519a0d67}.Debug|Any CPU.ActiveCfg = Debug|Any CPU
		{1591b84f-0810-eca7-3985-ec24519a0d67}.Debug|Any CPU.Build.0 = Debug|Any CPU
		{4632fb4c-7902-c1df-70d0-11cd3a639650}.Debug|Any CPU.ActiveCfg = Debug|Any CPU
		{4632fb4c-7902-c1df-70d0-11cd3a639650}.Debug|Any CPU.Build.0 = Debug|Any CPU
		{8d681511-f7e5-48be-419c-337a8d405939}.Debug|Any CPU.ActiveCfg = Debug|Any CPU
		{8d681511-f7e5-48be-419c-337a8d405939}.Debug|Any CPU.Build.0 = Debug|Any CPU
		{1cdd1f38-de7c-b74a-5319-169fe3e62c78}.Debug|Any CPU.ActiveCfg = Debug|Any CPU
		{1cdd1f38-de7c-b74a-5319-169fe3e62c78}.Debug|Any CPU.Build.0 = Debug|Any CPU
		{697c497d-6b37-6a24-fde2-8565b8d2627e}.Debug|Any CPU.ActiveCfg = Debug|Any CPU
		{697c497d-6b37-6a24-fde2-8565b8d2627e}.Debug|Any CPU.Build.0 = Debug|Any CPU
		{2d1f65a0-c043-97c9-9335-7df6024a9c2a}.Debug|Any CPU.ActiveCfg = Debug|Any CPU
		{2d1f65a0-c043-97c9-9335-7df6024a9c2a}.Debug|Any CPU.Build.0 = Debug|Any CPU
		{b6bff03b-70b3-5f06-fd37-b9e06bffa3f0}.Debug|Any CPU.ActiveCfg = Debug|Any CPU
		{b6bff03b-70b3-5f06-fd37-b9e06bffa3f0}.Debug|Any CPU.Build.0 = Debug|Any CPU
		{5559e5ba-31cc-22c9-f18e-3668c72d472c}.Debug|Any CPU.ActiveCfg = Debug|Any CPU
		{5559e5ba-31cc-22c9-f18e-3668c72d472c}.Debug|Any CPU.Build.0 = Debug|Any CPU
		{9398718c-f134-3ab4-acf5-e56d10617988}.Debug|Any CPU.ActiveCfg = Debug|Any CPU
		{9398718c-f134-3ab4-acf5-e56d10617988}.Debug|Any CPU.Build.0 = Debug|Any CPU
		{0cdd6ff4-d03f-88cb-07fc-d0a59bf34854}.Debug|Any CPU.ActiveCfg = Debug|Any CPU
		{0cdd6ff4-d03f-88cb-07fc-d0a59bf34854}.Debug|Any CPU.Build.0 = Debug|Any CPU
		{157eea36-dcc6-ffde-dce5-a5fe23e781a8}.Debug|Any CPU.ActiveCfg = Debug|Any CPU
		{157eea36-dcc6-ffde-dce5-a5fe23e781a8}.Debug|Any CPU.Build.0 = Debug|Any CPU
		{516b892c-5b65-9725-2f06-1943771f1f9f}.Debug|Any CPU.ActiveCfg = Debug|Any CPU
		{516b892c-5b65-9725-2f06-1943771f1f9f}.Debug|Any CPU.Build.0 = Debug|Any CPU
		{091fe34b-7862-a3b9-7ca2-a90f4fabce85}.Debug|Any CPU.ActiveCfg = Debug|Any CPU
		{091fe34b-7862-a3b9-7ca2-a90f4fabce85}.Debug|Any CPU.Build.0 = Debug|Any CPU
		{c5a58c06-4452-d29a-6f8a-5206adbb85e3}.Debug|Any CPU.ActiveCfg = Debug|Any CPU
		{c5a58c06-4452-d29a-6f8a-5206adbb85e3}.Debug|Any CPU.Build.0 = Debug|Any CPU
		{53e8adba-50e7-0382-2c6b-3bf2803d5098}.Debug|Any CPU.ActiveCfg = Debug|Any CPU
		{53e8adba-50e7-0382-2c6b-3bf2803d5098}.Debug|Any CPU.Build.0 = Debug|Any CPU
		{374873df-e487-a421-b83f-39ec1ffd539e}.Debug|Any CPU.ActiveCfg = Debug|Any CPU
		{374873df-e487-a421-b83f-39ec1ffd539e}.Debug|Any CPU.Build.0 = Debug|Any CPU
		{66f85d57-7d60-90ce-a545-b8dc7fdf49e6}.Debug|Any CPU.ActiveCfg = Debug|Any CPU
		{66f85d57-7d60-90ce-a545-b8dc7fdf49e6}.Debug|Any CPU.Build.0 = Debug|Any CPU
		{84496926-8ef7-3d2a-5005-32d5753fdd86}.Debug|Any CPU.ActiveCfg = Debug|Any CPU
		{84496926-8ef7-3d2a-5005-32d5753fdd86}.Debug|Any CPU.Build.0 = Debug|Any CPU
		{ad824299-7b4b-b6a5-cff6-c9cab9b9b7f9}.Debug|Any CPU.ActiveCfg = Debug|Any CPU
		{ad824299-7b4b-b6a5-cff6-c9cab9b9b7f9}.Debug|Any CPU.Build.0 = Debug|Any CPU
		{93fdc5da-1e7a-7dae-e0f4-59d5fe0bd006}.Debug|Any CPU.ActiveCfg = Debug|Any CPU
		{93fdc5da-1e7a-7dae-e0f4-59d5fe0bd006}.Debug|Any CPU.Build.0 = Debug|Any CPU
		{49c307d2-ac19-0f95-2ad1-fa14a72e5f12}.Debug|Any CPU.ActiveCfg = Debug|Any CPU
		{49c307d2-ac19-0f95-2ad1-fa14a72e5f12}.Debug|Any CPU.Build.0 = Debug|Any CPU
		{a1b8446a-96bb-90bc-0ebc-e86498288a22}.Debug|Any CPU.ActiveCfg = Debug|Any CPU
		{a1b8446a-96bb-90bc-0ebc-e86498288a22}.Debug|Any CPU.Build.0 = Debug|Any CPU
		{83d82710-0e91-2038-555a-ae91e09036f2}.Debug|Any CPU.ActiveCfg = Debug|Any CPU
		{83d82710-0e91-2038-555a-ae91e09036f2}.Debug|Any CPU.Build.0 = Debug|Any CPU
		{c3fc915a-e795-4e40-5285-421616b4a984}.Debug|Any CPU.ActiveCfg = Debug|Any CPU
		{c3fc915a-e795-4e40-5285-421616b4a984}.Debug|Any CPU.Build.0 = Debug|Any CPU
		{0b10a5c6-17cd-a8bc-a041-fe37ac7dab3f}.Debug|Any CPU.ActiveCfg = Debug|Any CPU
		{0b10a5c6-17cd-a8bc-a041-fe37ac7dab3f}.Debug|Any CPU.Build.0 = Debug|Any CPU
		{f25c2a1a-c6c4-8f81-ff47-5b851175ac95}.Debug|Any CPU.ActiveCfg = Debug|Any CPU
		{f25c2a1a-c6c4-8f81-ff47-5b851175ac95}.Debug|Any CPU.Build.0 = Debug|Any CPU
		{0a8e3d5b-8c5a-907e-7d2f-3ac393b23f53}.Debug|Any CPU.ActiveCfg = Debug|Any CPU
		{0a8e3d5b-8c5a-907e-7d2f-3ac393b23f53}.Debug|Any CPU.Build.0 = Debug|Any CPU
		{97e4a477-c146-82ef-f4ea-7bca373f62ec}.Debug|Any CPU.ActiveCfg = Debug|Any CPU
		{97e4a477-c146-82ef-f4ea-7bca373f62ec}.Debug|Any CPU.Build.0 = Debug|Any CPU
		{8c5a030b-a6ed-e7f1-50ca-3694dc80fe92}.Debug|Any CPU.ActiveCfg = Debug|Any CPU
		{8c5a030b-a6ed-e7f1-50ca-3694dc80fe92}.Debug|Any CPU.Build.0 = Debug|Any CPU
		{57ce8f3b-65bf-a4cb-5f5a-6ebb82ae317f}.Debug|Any CPU.ActiveCfg = Debug|Any CPU
		{57ce8f3b-65bf-a4cb-5f5a-6ebb82ae317f}.Debug|Any CPU.Build.0 = Debug|Any CPU
		{24e9f9fa-60dd-c7cf-2ef9-7c4e1dc02da4}.Debug|Any CPU.ActiveCfg = Debug|Any CPU
		{24e9f9fa-60dd-c7cf-2ef9-7c4e1dc02da4}.Debug|Any CPU.Build.0 = Debug|Any CPU
		{e0a3a242-faf8-d8cd-7a7e-9f7f34e4b907}.Debug|Any CPU.ActiveCfg = Debug|Any CPU
		{e0a3a242-faf8-d8cd-7a7e-9f7f34e4b907}.Debug|Any CPU.Build.0 = Debug|Any CPU
		{12f1f272-6b7a-3a16-c949-99688016af6f}.Debug|Any CPU.ActiveCfg = Debug|Any CPU
		{12f1f272-6b7a-3a16-c949-99688016af6f}.Debug|Any CPU.Build.0 = Debug|Any CPU
		{51a1d03f-f072-8aa2-1e02-f8c604210355}.Debug|Any CPU.ActiveCfg = Debug|Any CPU
		{51a1d03f-f072-8aa2-1e02-f8c604210355}.Debug|Any CPU.Build.0 = Debug|Any CPU
		{804718bd-476a-feec-1af1-0e653459d155}.Debug|Any CPU.ActiveCfg = Debug|Any CPU
		{804718bd-476a-feec-1af1-0e653459d155}.Debug|Any CPU.Build.0 = Debug|Any CPU
		{8b29a12f-aab6-0126-261f-0320646dff9c}.Debug|Any CPU.ActiveCfg = Debug|Any CPU
		{8b29a12f-aab6-0126-261f-0320646dff9c}.Debug|Any CPU.Build.0 = Debug|Any CPU
		{012f5c61-bd96-2f2f-bd62-db32ad0d294b}.Debug|Any CPU.ActiveCfg = Debug|Any CPU
		{012f5c61-bd96-2f2f-bd62-db32ad0d294b}.Debug|Any CPU.Build.0 = Debug|Any CPU
		{4914fc2b-fae2-f03f-abd8-f8b85a085f3c}.Debug|Any CPU.ActiveCfg = Debug|Any CPU
		{4914fc2b-fae2-f03f-abd8-f8b85a085f3c}.Debug|Any CPU.Build.0 = Debug|Any CPU
		{6df27f9f-6321-fff0-a064-1da23e417fcf}.Debug|Any CPU.ActiveCfg = Debug|Any CPU
		{6df27f9f-6321-fff0-a064-1da23e417fcf}.Debug|Any CPU.Build.0 = Debug|Any CPU
		{30b6cde7-c5e4-236b-657c-3541a0eb2a7e}.Debug|Any CPU.ActiveCfg = Debug|Any CPU
		{30b6cde7-c5e4-236b-657c-3541a0eb2a7e}.Debug|Any CPU.Build.0 = Debug|Any CPU
		{364c53bb-e711-1cf0-c78f-048e1a94f8bf}.Debug|Any CPU.ActiveCfg = Debug|Any CPU
		{364c53bb-e711-1cf0-c78f-048e1a94f8bf}.Debug|Any CPU.Build.0 = Debug|Any CPU
		{8d57bc58-2911-f6e8-76bd-8e691214cd55}.Debug|Any CPU.ActiveCfg = Debug|Any CPU
		{8d57bc58-2911-f6e8-76bd-8e691214cd55}.Debug|Any CPU.Build.0 = Debug|Any CPU
		{01bce27a-e673-0873-4523-30dafe6796d0}.Debug|Any CPU.ActiveCfg = Debug|Any CPU
		{01bce27a-e673-0873-4523-30dafe6796d0}.Debug|Any CPU.Build.0 = Debug|Any CPU
		{43c2155c-98a0-2c7f-34c7-23ba19912605}.Debug|Any CPU.ActiveCfg = Debug|Any CPU
		{43c2155c-98a0-2c7f-34c7-23ba19912605}.Debug|Any CPU.Build.0 = Debug|Any CPU
		{60bc6cbe-3a34-0dcc-5409-bfe8b1011330}.Debug|Any CPU.ActiveCfg = Debug|Any CPU
		{60bc6cbe-3a34-0dcc-5409-bfe8b1011330}.Debug|Any CPU.Build.0 = Debug|Any CPU
		{0297b600-ab56-b603-41c6-74d5ad808dbc}.Debug|Any CPU.ActiveCfg = Debug|Any CPU
		{0297b600-ab56-b603-41c6-74d5ad808dbc}.Debug|Any CPU.Build.0 = Debug|Any CPU
		{5c946be4-81a5-9427-366b-29d18a66f589}.Debug|Any CPU.ActiveCfg = Debug|Any CPU
		{5c946be4-81a5-9427-366b-29d18a66f589}.Debug|Any CPU.Build.0 = Debug|Any CPU
		{25c47d94-dac0-7db6-4e24-d18bd261faca}.Debug|Any CPU.ActiveCfg = Debug|Any CPU
		{25c47d94-dac0-7db6-4e24-d18bd261faca}.Debug|Any CPU.Build.0 = Debug|Any CPU
		{11138bc7-40ec-26d3-db83-d1d127c36f17}.Debug|Any CPU.ActiveCfg = Debug|Any CPU
		{11138bc7-40ec-26d3-db83-d1d127c36f17}.Debug|Any CPU.Build.0 = Debug|Any CPU
		{f9434ac5-48ee-26ea-718d-685479d8adcc}.Debug|Any CPU.ActiveCfg = Debug|Any CPU
		{f9434ac5-48ee-26ea-718d-685479d8adcc}.Debug|Any CPU.Build.0 = Debug|Any CPU
		{377643d2-3297-0f0d-3d05-215eda839bc2}.Debug|Any CPU.ActiveCfg = Debug|Any CPU
		{377643d2-3297-0f0d-3d05-215eda839bc2}.Debug|Any CPU.Build.0 = Debug|Any CPU
		{248ac8e9-165b-ded4-97f6-c9af24971b5e}.Debug|Any CPU.ActiveCfg = Debug|Any CPU
		{248ac8e9-165b-ded4-97f6-c9af24971b5e}.Debug|Any CPU.Build.0 = Debug|Any CPU
		{9c738492-2484-8da0-ef4d-692496e722be}.Debug|Any CPU.ActiveCfg = Debug|Any CPU
		{9c738492-2484-8da0-ef4d-692496e722be}.Debug|Any CPU.Build.0 = Debug|Any CPU
		{2f7022b3-e073-cf74-9cf4-36f5041a1c87}.Debug|Any CPU.ActiveCfg = Debug|Any CPU
		{2f7022b3-e073-cf74-9cf4-36f5041a1c87}.Debug|Any CPU.Build.0 = Debug|Any CPU
		{d35770fc-a295-0559-394f-c9a64be917e3}.Debug|Any CPU.ActiveCfg = Debug|Any CPU
		{d35770fc-a295-0559-394f-c9a64be917e3}.Debug|Any CPU.Build.0 = Debug|Any CPU
		{3062c835-5939-6b51-e326-6f50a819dfc6}.Debug|Any CPU.ActiveCfg = Debug|Any CPU
		{3062c835-5939-6b51-e326-6f50a819dfc6}.Debug|Any CPU.Build.0 = Debug|Any CPU
		{055dc041-d4d1-54b4-49de-ca5c9307b1b4}.Debug|Any CPU.ActiveCfg = Debug|Any CPU
		{055dc041-d4d1-54b4-49de-ca5c9307b1b4}.Debug|Any CPU.Build.0 = Debug|Any CPU
		{f535fa00-a737-27eb-8481-f62dbc265462}.Debug|Any CPU.ActiveCfg = Debug|Any CPU
		{f535fa00-a737-27eb-8481-f62dbc265462}.Debug|Any CPU.Build.0 = Debug|Any CPU
		{ab602837-bcac-e2a8-2f82-4b7d281a947d}.Debug|Any CPU.ActiveCfg = Debug|Any CPU
		{ab602837-bcac-e2a8-2f82-4b7d281a947d}.Debug|Any CPU.Build.0 = Debug|Any CPU
		{ac39db16-de13-872d-4e87-5d6cae4ca408}.Debug|Any CPU.ActiveCfg = Debug|Any CPU
		{ac39db16-de13-872d-4e87-5d6cae4ca408}.Debug|Any CPU.Build.0 = Debug|Any CPU
		{c8a02673-0a53-07da-d01e-0c57021d1cb9}.Debug|Any CPU.ActiveCfg = Debug|Any CPU
		{c8a02673-0a53-07da-d01e-0c57021d1cb9}.Debug|Any CPU.Build.0 = Debug|Any CPU
		{da2e7364-981e-23db-3573-9bf80704fb0b}.Debug|Any CPU.ActiveCfg = Debug|Any CPU
		{da2e7364-981e-23db-3573-9bf80704fb0b}.Debug|Any CPU.Build.0 = Debug|Any CPU
		{55df5b9c-9afa-11a3-469f-cab1b206a044}.Debug|Any CPU.ActiveCfg = Debug|Any CPU
		{55df5b9c-9afa-11a3-469f-cab1b206a044}.Debug|Any CPU.Build.0 = Debug|Any CPU
		{b14ade61-cb3a-3f8a-9e51-b1d3be2343de}.Debug|Any CPU.ActiveCfg = Debug|Any CPU
		{b14ade61-cb3a-3f8a-9e51-b1d3be2343de}.Debug|Any CPU.Build.0 = Debug|Any CPU
		{aa60e7c5-9c99-8cd4-7e22-68476997312a}.Debug|Any CPU.ActiveCfg = Debug|Any CPU
		{aa60e7c5-9c99-8cd4-7e22-68476997312a}.Debug|Any CPU.Build.0 = Debug|Any CPU
		{df961cad-a186-6297-b892-678e45e88840}.Debug|Any CPU.ActiveCfg = Debug|Any CPU
		{df961cad-a186-6297-b892-678e45e88840}.Debug|Any CPU.Build.0 = Debug|Any CPU
		{2ed5f8ec-58ef-b3fe-0151-a4cbea2c094e}.Debug|Any CPU.ActiveCfg = Debug|Any CPU
		{2ed5f8ec-58ef-b3fe-0151-a4cbea2c094e}.Debug|Any CPU.Build.0 = Debug|Any CPU
		{8b044301-4920-b97a-fae5-e367232bef6a}.Debug|Any CPU.ActiveCfg = Debug|Any CPU
		{8b044301-4920-b97a-fae5-e367232bef6a}.Debug|Any CPU.Build.0 = Debug|Any CPU
		{07a6cbcd-1fc1-15bc-857e-de1887864013}.Debug|Any CPU.ActiveCfg = Debug|Any CPU
		{07a6cbcd-1fc1-15bc-857e-de1887864013}.Debug|Any CPU.Build.0 = Debug|Any CPU
		{9894aea2-4903-b498-da5d-4c54d9982b3f}.Debug|Any CPU.ActiveCfg = Debug|Any CPU
		{9894aea2-4903-b498-da5d-4c54d9982b3f}.Debug|Any CPU.Build.0 = Debug|Any CPU
		{a3fd2633-5541-b051-6e21-d8b31d488447}.Debug|Any CPU.ActiveCfg = Debug|Any CPU
		{a3fd2633-5541-b051-6e21-d8b31d488447}.Debug|Any CPU.Build.0 = Debug|Any CPU
		{c51983e6-80b8-9808-690f-b129d60a7803}.Debug|Any CPU.ActiveCfg = Debug|Any CPU
		{c51983e6-80b8-9808-690f-b129d60a7803}.Debug|Any CPU.Build.0 = Debug|Any CPU
		{be098080-b368-86a5-300f-5c41a2bf1270}.Debug|Any CPU.ActiveCfg = Debug|Any CPU
		{be098080-b368-86a5-300f-5c41a2bf1270}.Debug|Any CPU.Build.0 = Debug|Any CPU
		{463f17aa-a5c5-8ad2-5468-362da4464a18}.Debug|Any CPU.ActiveCfg = Debug|Any CPU
		{463f17aa-a5c5-8ad2-5468-362da4464a18}.Debug|Any CPU.Build.0 = Debug|Any CPU
		{e56129f9-802f-3d61-8231-0d51de82271a}.Debug|Any CPU.ActiveCfg = Debug|Any CPU
		{e56129f9-802f-3d61-8231-0d51de82271a}.Debug|Any CPU.Build.0 = Debug|Any CPU
		{3abaeb77-111a-1f59-6531-ffb38132a8fc}.Debug|Any CPU.ActiveCfg = Debug|Any CPU
		{3abaeb77-111a-1f59-6531-ffb38132a8fc}.Debug|Any CPU.Build.0 = Debug|Any CPU
		{d4852abb-1875-bca7-116e-3a16b5c2eafc}.Debug|Any CPU.ActiveCfg = Debug|Any CPU
		{d4852abb-1875-bca7-116e-3a16b5c2eafc}.Debug|Any CPU.Build.0 = Debug|Any CPU
		{a4ef8577-6397-7da9-5678-fb48f669c953}.Debug|Any CPU.ActiveCfg = Debug|Any CPU
		{a4ef8577-6397-7da9-5678-fb48f669c953}.Debug|Any CPU.Build.0 = Debug|Any CPU
		{4de8784c-2956-1fa2-8a49-dbf798a0b394}.Debug|Any CPU.ActiveCfg = Debug|Any CPU
		{4de8784c-2956-1fa2-8a49-dbf798a0b394}.Debug|Any CPU.Build.0 = Debug|Any CPU
		{86812287-0766-e0c7-f3ba-466c06128291}.Debug|Any CPU.ActiveCfg = Debug|Any CPU
		{86812287-0766-e0c7-f3ba-466c06128291}.Debug|Any CPU.Build.0 = Debug|Any CPU
		{2324e6d3-58ea-c6bc-53c7-859ffb58fd4f}.Debug|Any CPU.ActiveCfg = Debug|Any CPU
		{2324e6d3-58ea-c6bc-53c7-859ffb58fd4f}.Debug|Any CPU.Build.0 = Debug|Any CPU
		{0a4d84d9-25aa-9b3a-2f00-74ea992fdc42}.Debug|Any CPU.ActiveCfg = Debug|Any CPU
		{0a4d84d9-25aa-9b3a-2f00-74ea992fdc42}.Debug|Any CPU.Build.0 = Debug|Any CPU
		{1d86104e-3bd1-7874-9aff-4ffd3f9828fd}.Debug|Any CPU.ActiveCfg = Debug|Any CPU
		{1d86104e-3bd1-7874-9aff-4ffd3f9828fd}.Debug|Any CPU.Build.0 = Debug|Any CPU
		{07a0e177-1681-ea94-23ca-e921b706db99}.Debug|Any CPU.ActiveCfg = Debug|Any CPU
		{07a0e177-1681-ea94-23ca-e921b706db99}.Debug|Any CPU.Build.0 = Debug|Any CPU
		{7bf8b235-2435-188a-ad1b-5285046d861c}.Debug|Any CPU.ActiveCfg = Debug|Any CPU
		{7bf8b235-2435-188a-ad1b-5285046d861c}.Debug|Any CPU.Build.0 = Debug|Any CPU
		{66f1bae4-3f6e-f1fb-cb5b-afa396114cea}.Debug|Any CPU.ActiveCfg = Debug|Any CPU
		{66f1bae4-3f6e-f1fb-cb5b-afa396114cea}.Debug|Any CPU.Build.0 = Debug|Any CPU
		{4d3fb685-541b-4017-360d-7ed59357c82a}.Debug|Any CPU.ActiveCfg = Debug|Any CPU
		{4d3fb685-541b-4017-360d-7ed59357c82a}.Debug|Any CPU.Build.0 = Debug|Any CPU
		{846ed751-879d-4de3-b63d-26482f1adbb1}.Debug|Any CPU.ActiveCfg = Debug|Any CPU
		{846ed751-879d-4de3-b63d-26482f1adbb1}.Debug|Any CPU.Build.0 = Debug|Any CPU
		{f1901e3a-fd39-27b2-dddd-f3e2ee09ebe5}.Debug|Any CPU.ActiveCfg = Debug|Any CPU
		{f1901e3a-fd39-27b2-dddd-f3e2ee09ebe5}.Debug|Any CPU.Build.0 = Debug|Any CPU
		{3b966e0a-3a8b-84ee-8e51-94c20fe58af2}.Debug|Any CPU.ActiveCfg = Debug|Any CPU
		{3b966e0a-3a8b-84ee-8e51-94c20fe58af2}.Debug|Any CPU.Build.0 = Debug|Any CPU
		{6bb64c05-6d38-b2c9-f9e5-657fed91b19d}.Debug|Any CPU.ActiveCfg = Debug|Any CPU
		{6bb64c05-6d38-b2c9-f9e5-657fed91b19d}.Debug|Any CPU.Build.0 = Debug|Any CPU
		{3a69707b-b990-12d7-451a-22621343cb4f}.Debug|Any CPU.ActiveCfg = Debug|Any CPU
		{3a69707b-b990-12d7-451a-22621343cb4f}.Debug|Any CPU.Build.0 = Debug|Any CPU
		{caa88fb6-fe62-1644-4c4c-0c5fcbee0537}.Debug|Any CPU.ActiveCfg = Debug|Any CPU
		{caa88fb6-fe62-1644-4c4c-0c5fcbee0537}.Debug|Any CPU.Build.0 = Debug|Any CPU
		{27b0ba43-2b10-4352-92db-4ab106bc5be1}.Debug|Any CPU.ActiveCfg = Debug|Any CPU
		{27b0ba43-2b10-4352-92db-4ab106bc5be1}.Debug|Any CPU.Build.0 = Debug|Any CPU
		{0a2d505d-0161-bbcb-9f42-eb9ea5f1070b}.Debug|Any CPU.ActiveCfg = Debug|Any CPU
		{0a2d505d-0161-bbcb-9f42-eb9ea5f1070b}.Debug|Any CPU.Build.0 = Debug|Any CPU
		{b40481cc-e7c5-7b4a-aa8b-2f801e4956a6}.Debug|Any CPU.ActiveCfg = Debug|Any CPU
		{b40481cc-e7c5-7b4a-aa8b-2f801e4956a6}.Debug|Any CPU.Build.0 = Debug|Any CPU
		{65c4fa60-0c13-398e-a397-fcd5db1b8c06}.Debug|Any CPU.ActiveCfg = Debug|Any CPU
		{65c4fa60-0c13-398e-a397-fcd5db1b8c06}.Debug|Any CPU.Build.0 = Debug|Any CPU
		{23513af3-a160-543f-ddd3-72f87affabf3}.Debug|Any CPU.ActiveCfg = Debug|Any CPU
		{23513af3-a160-543f-ddd3-72f87affabf3}.Debug|Any CPU.Build.0 = Debug|Any CPU
		{437d666a-239a-a815-4c78-14262fdcba45}.Debug|Any CPU.ActiveCfg = Debug|Any CPU
		{437d666a-239a-a815-4c78-14262fdcba45}.Debug|Any CPU.Build.0 = Debug|Any CPU
		{bdc7225a-0d2a-83f3-ab72-5fa58dd763ab}.Debug|Any CPU.ActiveCfg = Debug|Any CPU
		{bdc7225a-0d2a-83f3-ab72-5fa58dd763ab}.Debug|Any CPU.Build.0 = Debug|Any CPU
		{2cc834e0-576e-e9c5-1b6d-451184280695}.Debug|Any CPU.ActiveCfg = Debug|Any CPU
		{2cc834e0-576e-e9c5-1b6d-451184280695}.Debug|Any CPU.Build.0 = Debug|Any CPU
		{7e28f4cc-89fc-41d6-8bb7-cde5bae241d6}.Debug|Any CPU.ActiveCfg = Debug|Any CPU
		{7e28f4cc-89fc-41d6-8bb7-cde5bae241d6}.Debug|Any CPU.Build.0 = Debug|Any CPU
		{7ce0e080-f62c-8f32-1347-1cc9ea5708e9}.Debug|Any CPU.ActiveCfg = Debug|Any CPU
		{7ce0e080-f62c-8f32-1347-1cc9ea5708e9}.Debug|Any CPU.Build.0 = Debug|Any CPU
		{9e062390-7180-7348-1724-88e740bf8f2a}.Debug|Any CPU.ActiveCfg = Debug|Any CPU
		{9e062390-7180-7348-1724-88e740bf8f2a}.Debug|Any CPU.Build.0 = Debug|Any CPU
		{3f5a8668-972c-be51-977e-79e72d5c4a87}.Debug|Any CPU.ActiveCfg = Debug|Any CPU
		{3f5a8668-972c-be51-977e-79e72d5c4a87}.Debug|Any CPU.Build.0 = Debug|Any CPU
		{d74b7e0c-4c64-d744-fe7a-8f6b80878afb}.Debug|Any CPU.ActiveCfg = Debug|Any CPU
		{d74b7e0c-4c64-d744-fe7a-8f6b80878afb}.Debug|Any CPU.Build.0 = Debug|Any CPU
		{9fa8f304-f9b4-c32e-ecf8-c394fe4ba3d0}.Debug|Any CPU.ActiveCfg = Debug|Any CPU
		{9fa8f304-f9b4-c32e-ecf8-c394fe4ba3d0}.Debug|Any CPU.Build.0 = Debug|Any CPU
		{2837fd7d-cef9-5e9c-9968-f9ff37ad9410}.Debug|Any CPU.ActiveCfg = Debug|Any CPU
		{2837fd7d-cef9-5e9c-9968-f9ff37ad9410}.Debug|Any CPU.Build.0 = Debug|Any CPU
		{794689ec-2a43-4c71-a209-f4a500a590da}.Debug|Any CPU.ActiveCfg = Debug|Any CPU
		{794689ec-2a43-4c71-a209-f4a500a590da}.Debug|Any CPU.Build.0 = Debug|Any CPU
		{f0a5386b-50d4-8024-b21e-20cc9bb930b3}.Debug|Any CPU.ActiveCfg = Debug|Any CPU
		{f0a5386b-50d4-8024-b21e-20cc9bb930b3}.Debug|Any CPU.Build.0 = Debug|Any CPU
		{9ce22b12-c561-39df-a585-f397c4d7584e}.Debug|Any CPU.ActiveCfg = Debug|Any CPU
		{9ce22b12-c561-39df-a585-f397c4d7584e}.Debug|Any CPU.Build.0 = Debug|Any CPU
		{b61082b3-7b0e-ae85-937a-f7a471e1c0d4}.Debug|Any CPU.ActiveCfg = Debug|Any CPU
		{b61082b3-7b0e-ae85-937a-f7a471e1c0d4}.Debug|Any CPU.Build.0 = Debug|Any CPU
		{16bfb178-ef05-1b34-8088-e185695bcd19}.Debug|Any CPU.ActiveCfg = Debug|Any CPU
		{16bfb178-ef05-1b34-8088-e185695bcd19}.Debug|Any CPU.Build.0 = Debug|Any CPU
		{33e41d5a-0db2-ac86-4bd4-2dd475c3852e}.Debug|Any CPU.ActiveCfg = Debug|Any CPU
		{33e41d5a-0db2-ac86-4bd4-2dd475c3852e}.Debug|Any CPU.Build.0 = Debug|Any CPU
		{149a1019-27be-7bd2-10da-809ab5defe48}.Debug|Any CPU.ActiveCfg = Debug|Any CPU
		{149a1019-27be-7bd2-10da-809ab5defe48}.Debug|Any CPU.Build.0 = Debug|Any CPU
		{d8870f52-c3a7-b543-17a3-f35d26a74c71}.Debug|Any CPU.ActiveCfg = Debug|Any CPU
		{d8870f52-c3a7-b543-17a3-f35d26a74c71}.Debug|Any CPU.Build.0 = Debug|Any CPU
		{8fe7834e-5eeb-3933-47a3-57130e3e7cb7}.Debug|Any CPU.ActiveCfg = Debug|Any CPU
		{8fe7834e-5eeb-3933-47a3-57130e3e7cb7}.Debug|Any CPU.Build.0 = Debug|Any CPU
		{ed43ed7e-5b88-5107-67c8-09e2460e474d}.Debug|Any CPU.ActiveCfg = Debug|Any CPU
		{ed43ed7e-5b88-5107-67c8-09e2460e474d}.Debug|Any CPU.Build.0 = Debug|Any CPU
		{55246faf-543e-e126-5ace-f6311839242c}.Debug|Any CPU.ActiveCfg = Debug|Any CPU
		{55246faf-543e-e126-5ace-f6311839242c}.Debug|Any CPU.Build.0 = Debug|Any CPU
		{bccc9913-9b4d-4b04-94aa-38f64805e891}.Debug|Any CPU.ActiveCfg = Debug|Any CPU
		{bccc9913-9b4d-4b04-94aa-38f64805e891}.Debug|Any CPU.Build.0 = Debug|Any CPU
		{eb758bb9-f81a-874b-2308-12d5ed1e9094}.Debug|Any CPU.ActiveCfg = Debug|Any CPU
		{eb758bb9-f81a-874b-2308-12d5ed1e9094}.Debug|Any CPU.Build.0 = Debug|Any CPU
		{08d61d3a-00e8-1ec0-ad0a-e2934398e233}.Debug|Any CPU.ActiveCfg = Debug|Any CPU
		{08d61d3a-00e8-1ec0-ad0a-e2934398e233}.Debug|Any CPU.Build.0 = Debug|Any CPU
		{ba0984f5-91aa-a9a1-2125-4a11ddbad0b5}.Debug|Any CPU.ActiveCfg = Debug|Any CPU
		{ba0984f5-91aa-a9a1-2125-4a11ddbad0b5}.Debug|Any CPU.Build.0 = Debug|Any CPU
		{cf932fb2-8109-d1dd-ff73-9fa5950556f8}.Debug|Any CPU.ActiveCfg = Debug|Any CPU
		{cf932fb2-8109-d1dd-ff73-9fa5950556f8}.Debug|Any CPU.Build.0 = Debug|Any CPU
		{6a19f6c9-2091-a85e-9bca-b8f48cb6ea23}.Debug|Any CPU.ActiveCfg = Debug|Any CPU
		{6a19f6c9-2091-a85e-9bca-b8f48cb6ea23}.Debug|Any CPU.Build.0 = Debug|Any CPU
		{7ee906b3-1b04-2ca1-e1cd-95682b053af4}.Debug|Any CPU.ActiveCfg = Debug|Any CPU
		{7ee906b3-1b04-2ca1-e1cd-95682b053af4}.Debug|Any CPU.Build.0 = Debug|Any CPU
		{a46aa96c-163f-cf4f-aef6-3b423df7d82e}.Debug|Any CPU.ActiveCfg = Debug|Any CPU
		{a46aa96c-163f-cf4f-aef6-3b423df7d82e}.Debug|Any CPU.Build.0 = Debug|Any CPU
		{0f20d5c2-c517-26df-153d-0bad479a126b}.Debug|Any CPU.ActiveCfg = Debug|Any CPU
		{0f20d5c2-c517-26df-153d-0bad479a126b}.Debug|Any CPU.Build.0 = Debug|Any CPU
		{da11af09-af55-f492-1cca-f2db311f51eb}.Debug|Any CPU.ActiveCfg = Debug|Any CPU
		{da11af09-af55-f492-1cca-f2db311f51eb}.Debug|Any CPU.Build.0 = Debug|Any CPU
		{8e39f789-797b-2b47-ba4a-65f4c85a3fb7}.Debug|Any CPU.ActiveCfg = Debug|Any CPU
		{8e39f789-797b-2b47-ba4a-65f4c85a3fb7}.Debug|Any CPU.Build.0 = Debug|Any CPU
	EndGlobalSection
	GlobalSection(SolutionProperties) = preSolution
		HideSolutionNode = FALSE
	EndGlobalSection
EndGlobal
